// !$*UTF8*$!
{
	archiveVersion = 1;
	classes = {
	};
	objectVersion = 46;
	objects = {

/* Begin PBXBuildFile section */
		017A143F1F13109E004E9EE6 /* AppDelegate.swift in Sources */ = {isa = PBXBuildFile; fileRef = 017A143E1F13109E004E9EE6 /* AppDelegate.swift */; };
		017A14441F13109E004E9EE6 /* Main.storyboard in Resources */ = {isa = PBXBuildFile; fileRef = 017A14421F13109E004E9EE6 /* Main.storyboard */; };
		017A14461F13109E004E9EE6 /* Assets.xcassets in Resources */ = {isa = PBXBuildFile; fileRef = 017A14451F13109E004E9EE6 /* Assets.xcassets */; };
		017A14491F13109E004E9EE6 /* LaunchScreen.storyboard in Resources */ = {isa = PBXBuildFile; fileRef = 017A14471F13109E004E9EE6 /* LaunchScreen.storyboard */; };
		017A14541F13109E004E9EE6 /* filediffTests.swift in Sources */ = {isa = PBXBuildFile; fileRef = 017A14531F13109E004E9EE6 /* filediffTests.swift */; };
		017A145F1F13109E004E9EE6 /* filediffUITests.swift in Sources */ = {isa = PBXBuildFile; fileRef = 017A145E1F13109E004E9EE6 /* filediffUITests.swift */; };
		017A14721F131165004E9EE6 /* GitHubService.swift in Sources */ = {isa = PBXBuildFile; fileRef = 017A14711F131165004E9EE6 /* GitHubService.swift */; };
		017A14741F13118C004E9EE6 /* PRListViewController.swift in Sources */ = {isa = PBXBuildFile; fileRef = 017A14731F13118C004E9EE6 /* PRListViewController.swift */; };
		01C598311F14391E00B93E48 /* PRDetailsViewController.swift in Sources */ = {isa = PBXBuildFile; fileRef = 01C598301F14391E00B93E48 /* PRDetailsViewController.swift */; };
		01C598351F14476C00B93E48 /* PRDiffViewController.swift in Sources */ = {isa = PBXBuildFile; fileRef = 01C598341F14476C00B93E48 /* PRDiffViewController.swift */; };
		01C598371F14487100B93E48 /* PRTableViewCell.swift in Sources */ = {isa = PBXBuildFile; fileRef = 01C598361F14487100B93E48 /* PRTableViewCell.swift */; };
		01C5983B1F14506700B93E48 /* SyncPRsOperation.swift in Sources */ = {isa = PBXBuildFile; fileRef = 01C5983A1F14506700B93E48 /* SyncPRsOperation.swift */; };
		01C598401F15685D00B93E48 /* Repository.swift in Sources */ = {isa = PBXBuildFile; fileRef = 01C5983F1F15685D00B93E48 /* Repository.swift */; };
		01C598421F15690B00B93E48 /* PRRepository.swift in Sources */ = {isa = PBXBuildFile; fileRef = 01C598411F15690B00B93E48 /* PRRepository.swift */; };
		01C598441F15697000B93E48 /* RealmGitHubPR.swift in Sources */ = {isa = PBXBuildFile; fileRef = 01C598431F15697000B93E48 /* RealmGitHubPR.swift */; };
		01C598461F156A3900B93E48 /* RealmGitHubUser.swift in Sources */ = {isa = PBXBuildFile; fileRef = 01C598451F156A3900B93E48 /* RealmGitHubUser.swift */; };
		01C598481F156D8C00B93E48 /* GitHubObject.swift in Sources */ = {isa = PBXBuildFile; fileRef = 01C598471F156D8C00B93E48 /* GitHubObject.swift */; };
		01C5984B1F15727100B93E48 /* BaseOperation.swift in Sources */ = {isa = PBXBuildFile; fileRef = 01C5984A1F15727100B93E48 /* BaseOperation.swift */; };
		01C5984E1F1576FB00B93E48 /* ArrayExtensions.swift in Sources */ = {isa = PBXBuildFile; fileRef = 01C5984D1F1576FB00B93E48 /* ArrayExtensions.swift */; };
		01C598541F15944000B93E48 /* UIViewControllerExtensions.swift in Sources */ = {isa = PBXBuildFile; fileRef = 01C598531F15944000B93E48 /* UIViewControllerExtensions.swift */; };
		01C598571F159B9200B93E48 /* PRListDataSource.swift in Sources */ = {isa = PBXBuildFile; fileRef = 01C598561F159B9200B93E48 /* PRListDataSource.swift */; };
		01C598591F159E3F00B93E48 /* UITableViewCellExtensions.swift in Sources */ = {isa = PBXBuildFile; fileRef = 01C598581F159E3F00B93E48 /* UITableViewCellExtensions.swift */; };
		01C5985B1F15BCA600B93E48 /* SyncPRDetailsOperation.swift in Sources */ = {isa = PBXBuildFile; fileRef = 01C5985A1F15BCA600B93E48 /* SyncPRDetailsOperation.swift */; };
		01C5985D1F16E40C00B93E48 /* PRDiffDataSource.swift in Sources */ = {isa = PBXBuildFile; fileRef = 01C5985C1F16E40C00B93E48 /* PRDiffDataSource.swift */; };
		01C5985F1F16E44E00B93E48 /* GitHubFile.swift in Sources */ = {isa = PBXBuildFile; fileRef = 01C5985E1F16E44E00B93E48 /* GitHubFile.swift */; };
		01C598611F16E4B600B93E48 /* FileDiffTableViewCell.swift in Sources */ = {isa = PBXBuildFile; fileRef = 01C598601F16E4B600B93E48 /* FileDiffTableViewCell.swift */; };
		01C598631F16F12E00B93E48 /* SyncPRDiffOperation.swift in Sources */ = {isa = PBXBuildFile; fileRef = 01C598621F16F12E00B93E48 /* SyncPRDiffOperation.swift */; };
		84CCDF7D2DA8B65F9442B0BA /* Pods_filediffTests.framework in Frameworks */ = {isa = PBXBuildFile; fileRef = D76138EE9A39238E978DFD38 /* Pods_filediffTests.framework */; };
		BBBF6A501F277D75007ABCCB /* FileDiffQueue.swift in Sources */ = {isa = PBXBuildFile; fileRef = BBBF6A4F1F277D75007ABCCB /* FileDiffQueue.swift */; };
		BBBF6A521F2783DF007ABCCB /* GitHubParserOperation.swift in Sources */ = {isa = PBXBuildFile; fileRef = BBBF6A511F2783DF007ABCCB /* GitHubParserOperation.swift */; };
		BBDFDC2C1F26410600982B02 /* GitHubParser.swift in Sources */ = {isa = PBXBuildFile; fileRef = BBDFDC2B1F26410600982B02 /* GitHubParser.swift */; };
		BBEED5C01F17EC850025661E /* UIStackViewExtensions.swift in Sources */ = {isa = PBXBuildFile; fileRef = BBEED5BF1F17EC850025661E /* UIStackViewExtensions.swift */; };
		BBEED5C21F1813AE0025661E /* StringExtensions.swift in Sources */ = {isa = PBXBuildFile; fileRef = BBEED5C11F1813AE0025661E /* StringExtensions.swift */; };
		BBEED5C51F19239E0025661E /* AppUtility.swift in Sources */ = {isa = PBXBuildFile; fileRef = BBEED5C41F19239E0025661E /* AppUtility.swift */; };
		C0C91F8B2CA8DA53E454B5B3 /* Pods_filediffUITests.framework in Frameworks */ = {isa = PBXBuildFile; fileRef = 43E66F6C4C78A44F9DB1275D /* Pods_filediffUITests.framework */; };
		E7FD34D5E88734164278922E /* Pods_filediff.framework in Frameworks */ = {isa = PBXBuildFile; fileRef = 0F79219821AD9FBD5AAC8F65 /* Pods_filediff.framework */; };
/* End PBXBuildFile section */

/* Begin PBXContainerItemProxy section */
		017A14501F13109E004E9EE6 /* PBXContainerItemProxy */ = {
			isa = PBXContainerItemProxy;
			containerPortal = 017A14331F13109D004E9EE6 /* Project object */;
			proxyType = 1;
			remoteGlobalIDString = 017A143A1F13109D004E9EE6;
			remoteInfo = filediff;
		};
		017A145B1F13109E004E9EE6 /* PBXContainerItemProxy */ = {
			isa = PBXContainerItemProxy;
			containerPortal = 017A14331F13109D004E9EE6 /* Project object */;
			proxyType = 1;
			remoteGlobalIDString = 017A143A1F13109D004E9EE6;
			remoteInfo = filediff;
		};
/* End PBXContainerItemProxy section */

/* Begin PBXFileReference section */
		017A143B1F13109D004E9EE6 /* filediff.app */ = {isa = PBXFileReference; explicitFileType = wrapper.application; includeInIndex = 0; path = filediff.app; sourceTree = BUILT_PRODUCTS_DIR; };
		017A143E1F13109E004E9EE6 /* AppDelegate.swift */ = {isa = PBXFileReference; lastKnownFileType = sourcecode.swift; name = AppDelegate.swift; path = filediff/AppDelegate.swift; sourceTree = "<group>"; };
		017A14431F13109E004E9EE6 /* Base */ = {isa = PBXFileReference; lastKnownFileType = file.storyboard; name = Base; path = Base.lproj/Main.storyboard; sourceTree = "<group>"; };
		017A14451F13109E004E9EE6 /* Assets.xcassets */ = {isa = PBXFileReference; lastKnownFileType = folder.assetcatalog; path = Assets.xcassets; sourceTree = "<group>"; };
		017A14481F13109E004E9EE6 /* Base */ = {isa = PBXFileReference; lastKnownFileType = file.storyboard; name = Base; path = Base.lproj/LaunchScreen.storyboard; sourceTree = "<group>"; };
		017A144A1F13109E004E9EE6 /* Info.plist */ = {isa = PBXFileReference; lastKnownFileType = text.plist.xml; path = Info.plist; sourceTree = "<group>"; };
		017A144F1F13109E004E9EE6 /* filediffTests.xctest */ = {isa = PBXFileReference; explicitFileType = wrapper.cfbundle; includeInIndex = 0; path = filediffTests.xctest; sourceTree = BUILT_PRODUCTS_DIR; };
		017A14531F13109E004E9EE6 /* filediffTests.swift */ = {isa = PBXFileReference; lastKnownFileType = sourcecode.swift; path = filediffTests.swift; sourceTree = "<group>"; };
		017A14551F13109E004E9EE6 /* Info.plist */ = {isa = PBXFileReference; lastKnownFileType = text.plist.xml; path = Info.plist; sourceTree = "<group>"; };
		017A145A1F13109E004E9EE6 /* filediffUITests.xctest */ = {isa = PBXFileReference; explicitFileType = wrapper.cfbundle; includeInIndex = 0; path = filediffUITests.xctest; sourceTree = BUILT_PRODUCTS_DIR; };
		017A145E1F13109E004E9EE6 /* filediffUITests.swift */ = {isa = PBXFileReference; lastKnownFileType = sourcecode.swift; path = filediffUITests.swift; sourceTree = "<group>"; };
		017A14601F13109E004E9EE6 /* Info.plist */ = {isa = PBXFileReference; lastKnownFileType = text.plist.xml; path = Info.plist; sourceTree = "<group>"; };
		017A14711F131165004E9EE6 /* GitHubService.swift */ = {isa = PBXFileReference; fileEncoding = 4; lastKnownFileType = sourcecode.swift; path = GitHubService.swift; sourceTree = "<group>"; };
		017A14731F13118C004E9EE6 /* PRListViewController.swift */ = {isa = PBXFileReference; fileEncoding = 4; lastKnownFileType = sourcecode.swift; path = PRListViewController.swift; sourceTree = "<group>"; };
		01C598301F14391E00B93E48 /* PRDetailsViewController.swift */ = {isa = PBXFileReference; fileEncoding = 4; lastKnownFileType = sourcecode.swift; path = PRDetailsViewController.swift; sourceTree = "<group>"; };
		01C598341F14476C00B93E48 /* PRDiffViewController.swift */ = {isa = PBXFileReference; fileEncoding = 4; lastKnownFileType = sourcecode.swift; path = PRDiffViewController.swift; sourceTree = "<group>"; };
		01C598361F14487100B93E48 /* PRTableViewCell.swift */ = {isa = PBXFileReference; fileEncoding = 4; lastKnownFileType = sourcecode.swift; path = PRTableViewCell.swift; sourceTree = "<group>"; };
		01C5983A1F14506700B93E48 /* SyncPRsOperation.swift */ = {isa = PBXFileReference; fileEncoding = 4; lastKnownFileType = sourcecode.swift; path = SyncPRsOperation.swift; sourceTree = "<group>"; };
		01C5983F1F15685D00B93E48 /* Repository.swift */ = {isa = PBXFileReference; fileEncoding = 4; lastKnownFileType = sourcecode.swift; path = Repository.swift; sourceTree = "<group>"; };
		01C598411F15690B00B93E48 /* PRRepository.swift */ = {isa = PBXFileReference; fileEncoding = 4; lastKnownFileType = sourcecode.swift; path = PRRepository.swift; sourceTree = "<group>"; };
		01C598431F15697000B93E48 /* RealmGitHubPR.swift */ = {isa = PBXFileReference; fileEncoding = 4; lastKnownFileType = sourcecode.swift; path = RealmGitHubPR.swift; sourceTree = "<group>"; };
		01C598451F156A3900B93E48 /* RealmGitHubUser.swift */ = {isa = PBXFileReference; fileEncoding = 4; lastKnownFileType = sourcecode.swift; path = RealmGitHubUser.swift; sourceTree = "<group>"; };
		01C598471F156D8C00B93E48 /* GitHubObject.swift */ = {isa = PBXFileReference; fileEncoding = 4; lastKnownFileType = sourcecode.swift; path = GitHubObject.swift; sourceTree = "<group>"; };
		01C5984A1F15727100B93E48 /* BaseOperation.swift */ = {isa = PBXFileReference; fileEncoding = 4; lastKnownFileType = sourcecode.swift; path = BaseOperation.swift; sourceTree = "<group>"; };
		01C5984D1F1576FB00B93E48 /* ArrayExtensions.swift */ = {isa = PBXFileReference; fileEncoding = 4; lastKnownFileType = sourcecode.swift; path = ArrayExtensions.swift; sourceTree = "<group>"; };
		01C598531F15944000B93E48 /* UIViewControllerExtensions.swift */ = {isa = PBXFileReference; fileEncoding = 4; lastKnownFileType = sourcecode.swift; path = UIViewControllerExtensions.swift; sourceTree = "<group>"; };
		01C598561F159B9200B93E48 /* PRListDataSource.swift */ = {isa = PBXFileReference; fileEncoding = 4; lastKnownFileType = sourcecode.swift; path = PRListDataSource.swift; sourceTree = "<group>"; };
		01C598581F159E3F00B93E48 /* UITableViewCellExtensions.swift */ = {isa = PBXFileReference; fileEncoding = 4; lastKnownFileType = sourcecode.swift; path = UITableViewCellExtensions.swift; sourceTree = "<group>"; };
		01C5985A1F15BCA600B93E48 /* SyncPRDetailsOperation.swift */ = {isa = PBXFileReference; fileEncoding = 4; lastKnownFileType = sourcecode.swift; path = SyncPRDetailsOperation.swift; sourceTree = "<group>"; };
		01C5985C1F16E40C00B93E48 /* PRDiffDataSource.swift */ = {isa = PBXFileReference; fileEncoding = 4; lastKnownFileType = sourcecode.swift; path = PRDiffDataSource.swift; sourceTree = "<group>"; };
		01C5985E1F16E44E00B93E48 /* GitHubFile.swift */ = {isa = PBXFileReference; fileEncoding = 4; lastKnownFileType = sourcecode.swift; path = GitHubFile.swift; sourceTree = "<group>"; };
		01C598601F16E4B600B93E48 /* FileDiffTableViewCell.swift */ = {isa = PBXFileReference; fileEncoding = 4; lastKnownFileType = sourcecode.swift; path = FileDiffTableViewCell.swift; sourceTree = "<group>"; };
		01C598621F16F12E00B93E48 /* SyncPRDiffOperation.swift */ = {isa = PBXFileReference; fileEncoding = 4; lastKnownFileType = sourcecode.swift; path = SyncPRDiffOperation.swift; sourceTree = "<group>"; };
		049130BCFE94FDC34A305DAF /* Pods-filediffTests.debug.xcconfig */ = {isa = PBXFileReference; includeInIndex = 1; lastKnownFileType = text.xcconfig; name = "Pods-filediffTests.debug.xcconfig"; path = "Pods/Target Support Files/Pods-filediffTests/Pods-filediffTests.debug.xcconfig"; sourceTree = "<group>"; };
		0F79219821AD9FBD5AAC8F65 /* Pods_filediff.framework */ = {isa = PBXFileReference; explicitFileType = wrapper.framework; includeInIndex = 0; path = Pods_filediff.framework; sourceTree = BUILT_PRODUCTS_DIR; };
		43E66F6C4C78A44F9DB1275D /* Pods_filediffUITests.framework */ = {isa = PBXFileReference; explicitFileType = wrapper.framework; includeInIndex = 0; path = Pods_filediffUITests.framework; sourceTree = BUILT_PRODUCTS_DIR; };
		62A3F954AE982C1FEBAB2879 /* Pods-filediffUITests.release.xcconfig */ = {isa = PBXFileReference; includeInIndex = 1; lastKnownFileType = text.xcconfig; name = "Pods-filediffUITests.release.xcconfig"; path = "Pods/Target Support Files/Pods-filediffUITests/Pods-filediffUITests.release.xcconfig"; sourceTree = "<group>"; };
		919501C01BCF493D5073DD00 /* Pods-filediff.release.xcconfig */ = {isa = PBXFileReference; includeInIndex = 1; lastKnownFileType = text.xcconfig; name = "Pods-filediff.release.xcconfig"; path = "Pods/Target Support Files/Pods-filediff/Pods-filediff.release.xcconfig"; sourceTree = "<group>"; };
		95B7E9B4290C25065452A654 /* Pods-filediffTests.release.xcconfig */ = {isa = PBXFileReference; includeInIndex = 1; lastKnownFileType = text.xcconfig; name = "Pods-filediffTests.release.xcconfig"; path = "Pods/Target Support Files/Pods-filediffTests/Pods-filediffTests.release.xcconfig"; sourceTree = "<group>"; };
		BBBF6A4F1F277D75007ABCCB /* FileDiffQueue.swift */ = {isa = PBXFileReference; fileEncoding = 4; lastKnownFileType = sourcecode.swift; path = FileDiffQueue.swift; sourceTree = "<group>"; };
		BBBF6A511F2783DF007ABCCB /* GitHubParserOperation.swift */ = {isa = PBXFileReference; fileEncoding = 4; lastKnownFileType = sourcecode.swift; path = GitHubParserOperation.swift; sourceTree = "<group>"; };
		BBDFDC2B1F26410600982B02 /* GitHubParser.swift */ = {isa = PBXFileReference; fileEncoding = 4; lastKnownFileType = sourcecode.swift; path = GitHubParser.swift; sourceTree = "<group>"; };
		BBEED5BF1F17EC850025661E /* UIStackViewExtensions.swift */ = {isa = PBXFileReference; fileEncoding = 4; lastKnownFileType = sourcecode.swift; path = UIStackViewExtensions.swift; sourceTree = "<group>"; };
		BBEED5C11F1813AE0025661E /* StringExtensions.swift */ = {isa = PBXFileReference; fileEncoding = 4; lastKnownFileType = sourcecode.swift; path = StringExtensions.swift; sourceTree = "<group>"; };
		BBEED5C41F19239E0025661E /* AppUtility.swift */ = {isa = PBXFileReference; fileEncoding = 4; lastKnownFileType = sourcecode.swift; path = AppUtility.swift; sourceTree = "<group>"; };
		D08528B728A852EF94BBD054 /* Pods-filediff.debug.xcconfig */ = {isa = PBXFileReference; includeInIndex = 1; lastKnownFileType = text.xcconfig; name = "Pods-filediff.debug.xcconfig"; path = "Pods/Target Support Files/Pods-filediff/Pods-filediff.debug.xcconfig"; sourceTree = "<group>"; };
		D76138EE9A39238E978DFD38 /* Pods_filediffTests.framework */ = {isa = PBXFileReference; explicitFileType = wrapper.framework; includeInIndex = 0; path = Pods_filediffTests.framework; sourceTree = BUILT_PRODUCTS_DIR; };
		EB8CBC308E6E04F20A97227B /* Pods-filediffUITests.debug.xcconfig */ = {isa = PBXFileReference; includeInIndex = 1; lastKnownFileType = text.xcconfig; name = "Pods-filediffUITests.debug.xcconfig"; path = "Pods/Target Support Files/Pods-filediffUITests/Pods-filediffUITests.debug.xcconfig"; sourceTree = "<group>"; };
/* End PBXFileReference section */

/* Begin PBXFrameworksBuildPhase section */
		017A14381F13109D004E9EE6 /* Frameworks */ = {
			isa = PBXFrameworksBuildPhase;
			buildActionMask = 2147483647;
			files = (
				E7FD34D5E88734164278922E /* Pods_filediff.framework in Frameworks */,
			);
			runOnlyForDeploymentPostprocessing = 0;
		};
		017A144C1F13109E004E9EE6 /* Frameworks */ = {
			isa = PBXFrameworksBuildPhase;
			buildActionMask = 2147483647;
			files = (
				84CCDF7D2DA8B65F9442B0BA /* Pods_filediffTests.framework in Frameworks */,
			);
			runOnlyForDeploymentPostprocessing = 0;
		};
		017A14571F13109E004E9EE6 /* Frameworks */ = {
			isa = PBXFrameworksBuildPhase;
			buildActionMask = 2147483647;
			files = (
				C0C91F8B2CA8DA53E454B5B3 /* Pods_filediffUITests.framework in Frameworks */,
			);
			runOnlyForDeploymentPostprocessing = 0;
		};
/* End PBXFrameworksBuildPhase section */

/* Begin PBXGroup section */
		017A14321F13109D004E9EE6 = {
			isa = PBXGroup;
			children = (
				017A143D1F13109D004E9EE6 /* filediff */,
				017A143E1F13109E004E9EE6 /* AppDelegate.swift */,
				017A14521F13109E004E9EE6 /* filediffTests */,
				017A145D1F13109E004E9EE6 /* filediffUITests */,
				017A143C1F13109D004E9EE6 /* Products */,
				B7EC659CB96EA2EE215A3B86 /* Pods */,
				0AD2340C8D9BCBAD998588A9 /* Frameworks */,
			);
			sourceTree = "<group>";
		};
		017A143C1F13109D004E9EE6 /* Products */ = {
			isa = PBXGroup;
			children = (
				017A143B1F13109D004E9EE6 /* filediff.app */,
				017A144F1F13109E004E9EE6 /* filediffTests.xctest */,
				017A145A1F13109E004E9EE6 /* filediffUITests.xctest */,
			);
			name = Products;
			sourceTree = "<group>";
		};
		017A143D1F13109D004E9EE6 /* filediff */ = {
			isa = PBXGroup;
			children = (
				017A146D1F1310EF004E9EE6 /* Controllers */,
				01C5984C1F1576E000B93E48 /* Extensions */,
				017A146E1F1310F7004E9EE6 /* Models */,
				01C5983C1F1567F000B93E48 /* Persistence */,
				01C598491F156FD900B93E48 /* Resources */,
				BBEED5C31F19238C0025661E /* Utils */,
				017A14701F131130004E9EE6 /* Views */,
			);
			path = filediff;
			sourceTree = "<group>";
		};
		017A14521F13109E004E9EE6 /* filediffTests */ = {
			isa = PBXGroup;
			children = (
				017A14531F13109E004E9EE6 /* filediffTests.swift */,
				017A14551F13109E004E9EE6 /* Info.plist */,
			);
			path = filediffTests;
			sourceTree = "<group>";
		};
		017A145D1F13109E004E9EE6 /* filediffUITests */ = {
			isa = PBXGroup;
			children = (
				017A145E1F13109E004E9EE6 /* filediffUITests.swift */,
				017A14601F13109E004E9EE6 /* Info.plist */,
			);
			path = filediffUITests;
			sourceTree = "<group>";
		};
		017A146C1F1310E3004E9EE6 /* Services */ = {
			isa = PBXGroup;
			children = (
				017A14711F131165004E9EE6 /* GitHubService.swift */,
			);
			name = Services;
			sourceTree = "<group>";
		};
		017A146D1F1310EF004E9EE6 /* Controllers */ = {
			isa = PBXGroup;
			children = (
				01C598301F14391E00B93E48 /* PRDetailsViewController.swift */,
				01C598341F14476C00B93E48 /* PRDiffViewController.swift */,
				017A14731F13118C004E9EE6 /* PRListViewController.swift */,
			);
			name = Controllers;
			sourceTree = "<group>";
		};
		017A146E1F1310F7004E9EE6 /* Models */ = {
			isa = PBXGroup;
			children = (
				01C5985E1F16E44E00B93E48 /* GitHubFile.swift */,
				01C598471F156D8C00B93E48 /* GitHubObject.swift */,
				01C598431F15697000B93E48 /* RealmGitHubPR.swift */,
				01C598451F156A3900B93E48 /* RealmGitHubUser.swift */,
			);
			name = Models;
			sourceTree = "<group>";
		};
		017A146F1F131100004E9EE6 /* Operations */ = {
			isa = PBXGroup;
			children = (
				01C5984A1F15727100B93E48 /* BaseOperation.swift */,
				BBBF6A511F2783DF007ABCCB /* GitHubParserOperation.swift */,
				01C5985A1F15BCA600B93E48 /* SyncPRDetailsOperation.swift */,
				01C598621F16F12E00B93E48 /* SyncPRDiffOperation.swift */,
				01C5983A1F14506700B93E48 /* SyncPRsOperation.swift */,
			);
			name = Operations;
			sourceTree = "<group>";
		};
		017A14701F131130004E9EE6 /* Views */ = {
			isa = PBXGroup;
			children = (
				017A14751F1311B1004E9EE6 /* Cells */,
			);
			name = Views;
			sourceTree = "<group>";
		};
		017A14751F1311B1004E9EE6 /* Cells */ = {
			isa = PBXGroup;
			children = (
				01C598601F16E4B600B93E48 /* FileDiffTableViewCell.swift */,
				01C598361F14487100B93E48 /* PRTableViewCell.swift */,
			);
			name = Cells;
			sourceTree = "<group>";
		};
		01C5983C1F1567F000B93E48 /* Persistence */ = {
			isa = PBXGroup;
			children = (
				01C598551F159B8200B93E48 /* DataSource */,
				017A146F1F131100004E9EE6 /* Operations */,
				BBBF6A4E1F277CA6007ABCCB /* Queues */,
				01C5983D1F15680B00B93E48 /* Repositories */,
				017A146C1F1310E3004E9EE6 /* Services */,
			);
			name = Persistence;
			sourceTree = "<group>";
		};
		01C5983D1F15680B00B93E48 /* Repositories */ = {
			isa = PBXGroup;
			children = (
				01C598411F15690B00B93E48 /* PRRepository.swift */,
				01C5983F1F15685D00B93E48 /* Repository.swift */,
			);
			name = Repositories;
			sourceTree = "<group>";
		};
		01C598491F156FD900B93E48 /* Resources */ = {
			isa = PBXGroup;
			children = (
				017A14451F13109E004E9EE6 /* Assets.xcassets */,
				017A144A1F13109E004E9EE6 /* Info.plist */,
				017A14471F13109E004E9EE6 /* LaunchScreen.storyboard */,
				017A14421F13109E004E9EE6 /* Main.storyboard */,
			);
			name = Resources;
			sourceTree = "<group>";
		};
		01C5984C1F1576E000B93E48 /* Extensions */ = {
			isa = PBXGroup;
			children = (
				01C5984D1F1576FB00B93E48 /* ArrayExtensions.swift */,
				BBEED5C11F1813AE0025661E /* StringExtensions.swift */,
				BBEED5BF1F17EC850025661E /* UIStackViewExtensions.swift */,
				01C598581F159E3F00B93E48 /* UITableViewCellExtensions.swift */,
				01C598531F15944000B93E48 /* UIViewControllerExtensions.swift */,
			);
			name = Extensions;
			sourceTree = "<group>";
		};
		01C598551F159B8200B93E48 /* DataSource */ = {
			isa = PBXGroup;
			children = (
				01C5985C1F16E40C00B93E48 /* PRDiffDataSource.swift */,
				01C598561F159B9200B93E48 /* PRListDataSource.swift */,
			);
			name = DataSource;
			sourceTree = "<group>";
		};
		0AD2340C8D9BCBAD998588A9 /* Frameworks */ = {
			isa = PBXGroup;
			children = (
				0F79219821AD9FBD5AAC8F65 /* Pods_filediff.framework */,
				D76138EE9A39238E978DFD38 /* Pods_filediffTests.framework */,
				43E66F6C4C78A44F9DB1275D /* Pods_filediffUITests.framework */,
			);
			name = Frameworks;
			sourceTree = "<group>";
		};
		B7EC659CB96EA2EE215A3B86 /* Pods */ = {
			isa = PBXGroup;
			children = (
				D08528B728A852EF94BBD054 /* Pods-filediff.debug.xcconfig */,
				919501C01BCF493D5073DD00 /* Pods-filediff.release.xcconfig */,
				049130BCFE94FDC34A305DAF /* Pods-filediffTests.debug.xcconfig */,
				95B7E9B4290C25065452A654 /* Pods-filediffTests.release.xcconfig */,
				EB8CBC308E6E04F20A97227B /* Pods-filediffUITests.debug.xcconfig */,
				62A3F954AE982C1FEBAB2879 /* Pods-filediffUITests.release.xcconfig */,
			);
			name = Pods;
			sourceTree = "<group>";
		};
		BBBF6A4E1F277CA6007ABCCB /* Queues */ = {
			isa = PBXGroup;
			children = (
				BBBF6A4F1F277D75007ABCCB /* FileDiffQueue.swift */,
			);
			name = Queues;
			sourceTree = "<group>";
		};
		BBEED5C31F19238C0025661E /* Utils */ = {
			isa = PBXGroup;
			children = (
				BBEED5C41F19239E0025661E /* AppUtility.swift */,
				BBDFDC2B1F26410600982B02 /* GitHubParser.swift */,
			);
			name = Utils;
			sourceTree = "<group>";
		};
/* End PBXGroup section */

/* Begin PBXNativeTarget section */
		017A143A1F13109D004E9EE6 /* filediff */ = {
			isa = PBXNativeTarget;
			buildConfigurationList = 017A14631F13109E004E9EE6 /* Build configuration list for PBXNativeTarget "filediff" */;
			buildPhases = (
				2464F696ED3B32E4AF0D6AA2 /* [CP] Check Pods Manifest.lock */,
				017A14371F13109D004E9EE6 /* Sources */,
				017A14381F13109D004E9EE6 /* Frameworks */,
				017A14391F13109D004E9EE6 /* Resources */,
				2ADFEC56BDA53650AFF08C54 /* [CP] Embed Pods Frameworks */,
				EB92C398EF767D9861BBEB11 /* [CP] Copy Pods Resources */,
			);
			buildRules = (
			);
			dependencies = (
			);
			name = filediff;
			productName = filediff;
			productReference = 017A143B1F13109D004E9EE6 /* filediff.app */;
			productType = "com.apple.product-type.application";
		};
		017A144E1F13109E004E9EE6 /* filediffTests */ = {
			isa = PBXNativeTarget;
			buildConfigurationList = 017A14661F13109E004E9EE6 /* Build configuration list for PBXNativeTarget "filediffTests" */;
			buildPhases = (
				E244744E5F6675B0CD518F81 /* [CP] Check Pods Manifest.lock */,
				017A144B1F13109E004E9EE6 /* Sources */,
				017A144C1F13109E004E9EE6 /* Frameworks */,
				017A144D1F13109E004E9EE6 /* Resources */,
				08FE52410E533F7B66C32C8E /* [CP] Embed Pods Frameworks */,
				041AD4521C5CDFCEA3188567 /* [CP] Copy Pods Resources */,
			);
			buildRules = (
			);
			dependencies = (
				017A14511F13109E004E9EE6 /* PBXTargetDependency */,
			);
			name = filediffTests;
			productName = filediffTests;
			productReference = 017A144F1F13109E004E9EE6 /* filediffTests.xctest */;
			productType = "com.apple.product-type.bundle.unit-test";
		};
		017A14591F13109E004E9EE6 /* filediffUITests */ = {
			isa = PBXNativeTarget;
			buildConfigurationList = 017A14691F13109E004E9EE6 /* Build configuration list for PBXNativeTarget "filediffUITests" */;
			buildPhases = (
				187ACFAFB6C93D67DAA2969D /* [CP] Check Pods Manifest.lock */,
				017A14561F13109E004E9EE6 /* Sources */,
				017A14571F13109E004E9EE6 /* Frameworks */,
				017A14581F13109E004E9EE6 /* Resources */,
				B73897CBA865616BE9035485 /* [CP] Embed Pods Frameworks */,
				1019EE57A06BC03862E5D4A4 /* [CP] Copy Pods Resources */,
			);
			buildRules = (
			);
			dependencies = (
				017A145C1F13109E004E9EE6 /* PBXTargetDependency */,
			);
			name = filediffUITests;
			productName = filediffUITests;
			productReference = 017A145A1F13109E004E9EE6 /* filediffUITests.xctest */;
			productType = "com.apple.product-type.bundle.ui-testing";
		};
/* End PBXNativeTarget section */

/* Begin PBXProject section */
		017A14331F13109D004E9EE6 /* Project object */ = {
			isa = PBXProject;
			attributes = {
				LastSwiftUpdateCheck = 0830;
				LastUpgradeCheck = 0830;
				ORGANIZATIONNAME = "Michael Ferro";
				TargetAttributes = {
					017A143A1F13109D004E9EE6 = {
						CreatedOnToolsVersion = 8.3.1;
						DevelopmentTeam = 5AXT2S9SA9;
						ProvisioningStyle = Automatic;
					};
					017A144E1F13109E004E9EE6 = {
						CreatedOnToolsVersion = 8.3.1;
						DevelopmentTeam = D3D8DSFWDT;
						ProvisioningStyle = Automatic;
						TestTargetID = 017A143A1F13109D004E9EE6;
					};
					017A14591F13109E004E9EE6 = {
						CreatedOnToolsVersion = 8.3.1;
						DevelopmentTeam = D3D8DSFWDT;
						ProvisioningStyle = Automatic;
						TestTargetID = 017A143A1F13109D004E9EE6;
					};
				};
			};
			buildConfigurationList = 017A14361F13109D004E9EE6 /* Build configuration list for PBXProject "filediff" */;
			compatibilityVersion = "Xcode 3.2";
			developmentRegion = English;
			hasScannedForEncodings = 0;
			knownRegions = (
				en,
				Base,
			);
			mainGroup = 017A14321F13109D004E9EE6;
			productRefGroup = 017A143C1F13109D004E9EE6 /* Products */;
			projectDirPath = "";
			projectRoot = "";
			targets = (
				017A143A1F13109D004E9EE6 /* filediff */,
				017A144E1F13109E004E9EE6 /* filediffTests */,
				017A14591F13109E004E9EE6 /* filediffUITests */,
			);
		};
/* End PBXProject section */

/* Begin PBXResourcesBuildPhase section */
		017A14391F13109D004E9EE6 /* Resources */ = {
			isa = PBXResourcesBuildPhase;
			buildActionMask = 2147483647;
			files = (
				017A14491F13109E004E9EE6 /* LaunchScreen.storyboard in Resources */,
				017A14461F13109E004E9EE6 /* Assets.xcassets in Resources */,
				017A14441F13109E004E9EE6 /* Main.storyboard in Resources */,
			);
			runOnlyForDeploymentPostprocessing = 0;
		};
		017A144D1F13109E004E9EE6 /* Resources */ = {
			isa = PBXResourcesBuildPhase;
			buildActionMask = 2147483647;
			files = (
			);
			runOnlyForDeploymentPostprocessing = 0;
		};
		017A14581F13109E004E9EE6 /* Resources */ = {
			isa = PBXResourcesBuildPhase;
			buildActionMask = 2147483647;
			files = (
			);
			runOnlyForDeploymentPostprocessing = 0;
		};
/* End PBXResourcesBuildPhase section */

/* Begin PBXShellScriptBuildPhase section */
		041AD4521C5CDFCEA3188567 /* [CP] Copy Pods Resources */ = {
			isa = PBXShellScriptBuildPhase;
			buildActionMask = 2147483647;
			files = (
			);
			inputPaths = (
			);
			name = "[CP] Copy Pods Resources";
			outputPaths = (
			);
			runOnlyForDeploymentPostprocessing = 0;
			shellPath = /bin/sh;
			shellScript = "\"${SRCROOT}/Pods/Target Support Files/Pods-filediffTests/Pods-filediffTests-resources.sh\"\n";
			showEnvVarsInLog = 0;
		};
		08FE52410E533F7B66C32C8E /* [CP] Embed Pods Frameworks */ = {
			isa = PBXShellScriptBuildPhase;
			buildActionMask = 2147483647;
			files = (
			);
			inputPaths = (
			);
			name = "[CP] Embed Pods Frameworks";
			outputPaths = (
			);
			runOnlyForDeploymentPostprocessing = 0;
			shellPath = /bin/sh;
			shellScript = "\"${SRCROOT}/Pods/Target Support Files/Pods-filediffTests/Pods-filediffTests-frameworks.sh\"\n";
			showEnvVarsInLog = 0;
		};
		1019EE57A06BC03862E5D4A4 /* [CP] Copy Pods Resources */ = {
			isa = PBXShellScriptBuildPhase;
			buildActionMask = 2147483647;
			files = (
			);
			inputPaths = (
			);
			name = "[CP] Copy Pods Resources";
			outputPaths = (
			);
			runOnlyForDeploymentPostprocessing = 0;
			shellPath = /bin/sh;
			shellScript = "\"${SRCROOT}/Pods/Target Support Files/Pods-filediffUITests/Pods-filediffUITests-resources.sh\"\n";
			showEnvVarsInLog = 0;
		};
		187ACFAFB6C93D67DAA2969D /* [CP] Check Pods Manifest.lock */ = {
			isa = PBXShellScriptBuildPhase;
			buildActionMask = 2147483647;
			files = (
			);
			inputPaths = (
			);
			name = "[CP] Check Pods Manifest.lock";
			outputPaths = (
			);
			runOnlyForDeploymentPostprocessing = 0;
			shellPath = /bin/sh;
			shellScript = "diff \"${PODS_ROOT}/../Podfile.lock\" \"${PODS_ROOT}/Manifest.lock\" > /dev/null\nif [ $? != 0 ] ; then\n    # print error to STDERR\n    echo \"error: The sandbox is not in sync with the Podfile.lock. Run 'pod install' or update your CocoaPods installation.\" >&2\n    exit 1\nfi\n";
			showEnvVarsInLog = 0;
		};
		2464F696ED3B32E4AF0D6AA2 /* [CP] Check Pods Manifest.lock */ = {
			isa = PBXShellScriptBuildPhase;
			buildActionMask = 2147483647;
			files = (
			);
			inputPaths = (
			);
			name = "[CP] Check Pods Manifest.lock";
			outputPaths = (
			);
			runOnlyForDeploymentPostprocessing = 0;
			shellPath = /bin/sh;
			shellScript = "diff \"${PODS_ROOT}/../Podfile.lock\" \"${PODS_ROOT}/Manifest.lock\" > /dev/null\nif [ $? != 0 ] ; then\n    # print error to STDERR\n    echo \"error: The sandbox is not in sync with the Podfile.lock. Run 'pod install' or update your CocoaPods installation.\" >&2\n    exit 1\nfi\n";
			showEnvVarsInLog = 0;
		};
		2ADFEC56BDA53650AFF08C54 /* [CP] Embed Pods Frameworks */ = {
			isa = PBXShellScriptBuildPhase;
			buildActionMask = 2147483647;
			files = (
			);
			inputPaths = (
			);
			name = "[CP] Embed Pods Frameworks";
			outputPaths = (
			);
			runOnlyForDeploymentPostprocessing = 0;
			shellPath = /bin/sh;
			shellScript = "\"${SRCROOT}/Pods/Target Support Files/Pods-filediff/Pods-filediff-frameworks.sh\"\n";
			showEnvVarsInLog = 0;
		};
		B73897CBA865616BE9035485 /* [CP] Embed Pods Frameworks */ = {
			isa = PBXShellScriptBuildPhase;
			buildActionMask = 2147483647;
			files = (
			);
			inputPaths = (
			);
			name = "[CP] Embed Pods Frameworks";
			outputPaths = (
			);
			runOnlyForDeploymentPostprocessing = 0;
			shellPath = /bin/sh;
			shellScript = "\"${SRCROOT}/Pods/Target Support Files/Pods-filediffUITests/Pods-filediffUITests-frameworks.sh\"\n";
			showEnvVarsInLog = 0;
		};
		E244744E5F6675B0CD518F81 /* [CP] Check Pods Manifest.lock */ = {
			isa = PBXShellScriptBuildPhase;
			buildActionMask = 2147483647;
			files = (
			);
			inputPaths = (
			);
			name = "[CP] Check Pods Manifest.lock";
			outputPaths = (
			);
			runOnlyForDeploymentPostprocessing = 0;
			shellPath = /bin/sh;
			shellScript = "diff \"${PODS_ROOT}/../Podfile.lock\" \"${PODS_ROOT}/Manifest.lock\" > /dev/null\nif [ $? != 0 ] ; then\n    # print error to STDERR\n    echo \"error: The sandbox is not in sync with the Podfile.lock. Run 'pod install' or update your CocoaPods installation.\" >&2\n    exit 1\nfi\n";
			showEnvVarsInLog = 0;
		};
		EB92C398EF767D9861BBEB11 /* [CP] Copy Pods Resources */ = {
			isa = PBXShellScriptBuildPhase;
			buildActionMask = 2147483647;
			files = (
			);
			inputPaths = (
			);
			name = "[CP] Copy Pods Resources";
			outputPaths = (
			);
			runOnlyForDeploymentPostprocessing = 0;
			shellPath = /bin/sh;
			shellScript = "\"${SRCROOT}/Pods/Target Support Files/Pods-filediff/Pods-filediff-resources.sh\"\n";
			showEnvVarsInLog = 0;
		};
/* End PBXShellScriptBuildPhase section */

/* Begin PBXSourcesBuildPhase section */
		017A14371F13109D004E9EE6 /* Sources */ = {
			isa = PBXSourcesBuildPhase;
			buildActionMask = 2147483647;
			files = (
				BBEED5C21F1813AE0025661E /* StringExtensions.swift in Sources */,
				01C598541F15944000B93E48 /* UIViewControllerExtensions.swift in Sources */,
				BBEED5C51F19239E0025661E /* AppUtility.swift in Sources */,
				BBBF6A521F2783DF007ABCCB /* GitHubParserOperation.swift in Sources */,
				BBBF6A501F277D75007ABCCB /* FileDiffQueue.swift in Sources */,
				01C598351F14476C00B93E48 /* PRDiffViewController.swift in Sources */,
				01C598421F15690B00B93E48 /* PRRepository.swift in Sources */,
				01C598311F14391E00B93E48 /* PRDetailsViewController.swift in Sources */,
				017A14721F131165004E9EE6 /* GitHubService.swift in Sources */,
				BBEED5C01F17EC850025661E /* UIStackViewExtensions.swift in Sources */,
				01C5983B1F14506700B93E48 /* SyncPRsOperation.swift in Sources */,
				01C598371F14487100B93E48 /* PRTableViewCell.swift in Sources */,
				017A14741F13118C004E9EE6 /* PRListViewController.swift in Sources */,
				017A143F1F13109E004E9EE6 /* AppDelegate.swift in Sources */,
				01C598481F156D8C00B93E48 /* GitHubObject.swift in Sources */,
				BBDFDC2C1F26410600982B02 /* GitHubParser.swift in Sources */,
				01C5985F1F16E44E00B93E48 /* GitHubFile.swift in Sources */,
				01C598571F159B9200B93E48 /* PRListDataSource.swift in Sources */,
				01C598591F159E3F00B93E48 /* UITableViewCellExtensions.swift in Sources */,
				01C598631F16F12E00B93E48 /* SyncPRDiffOperation.swift in Sources */,
				01C5984E1F1576FB00B93E48 /* ArrayExtensions.swift in Sources */,
				01C5985D1F16E40C00B93E48 /* PRDiffDataSource.swift in Sources */,
				01C5984B1F15727100B93E48 /* BaseOperation.swift in Sources */,
				01C598461F156A3900B93E48 /* RealmGitHubUser.swift in Sources */,
				01C598441F15697000B93E48 /* RealmGitHubPR.swift in Sources */,
				01C598401F15685D00B93E48 /* Repository.swift in Sources */,
				01C5985B1F15BCA600B93E48 /* SyncPRDetailsOperation.swift in Sources */,
				01C598611F16E4B600B93E48 /* FileDiffTableViewCell.swift in Sources */,
			);
			runOnlyForDeploymentPostprocessing = 0;
		};
		017A144B1F13109E004E9EE6 /* Sources */ = {
			isa = PBXSourcesBuildPhase;
			buildActionMask = 2147483647;
			files = (
				017A14541F13109E004E9EE6 /* filediffTests.swift in Sources */,
			);
			runOnlyForDeploymentPostprocessing = 0;
		};
		017A14561F13109E004E9EE6 /* Sources */ = {
			isa = PBXSourcesBuildPhase;
			buildActionMask = 2147483647;
			files = (
				017A145F1F13109E004E9EE6 /* filediffUITests.swift in Sources */,
			);
			runOnlyForDeploymentPostprocessing = 0;
		};
/* End PBXSourcesBuildPhase section */

/* Begin PBXTargetDependency section */
		017A14511F13109E004E9EE6 /* PBXTargetDependency */ = {
			isa = PBXTargetDependency;
			target = 017A143A1F13109D004E9EE6 /* filediff */;
			targetProxy = 017A14501F13109E004E9EE6 /* PBXContainerItemProxy */;
		};
		017A145C1F13109E004E9EE6 /* PBXTargetDependency */ = {
			isa = PBXTargetDependency;
			target = 017A143A1F13109D004E9EE6 /* filediff */;
			targetProxy = 017A145B1F13109E004E9EE6 /* PBXContainerItemProxy */;
		};
/* End PBXTargetDependency section */

/* Begin PBXVariantGroup section */
		017A14421F13109E004E9EE6 /* Main.storyboard */ = {
			isa = PBXVariantGroup;
			children = (
				017A14431F13109E004E9EE6 /* Base */,
			);
			name = Main.storyboard;
			sourceTree = "<group>";
		};
		017A14471F13109E004E9EE6 /* LaunchScreen.storyboard */ = {
			isa = PBXVariantGroup;
			children = (
				017A14481F13109E004E9EE6 /* Base */,
			);
			name = LaunchScreen.storyboard;
			sourceTree = "<group>";
		};
/* End PBXVariantGroup section */

/* Begin XCBuildConfiguration section */
		017A14611F13109E004E9EE6 /* Debug */ = {
			isa = XCBuildConfiguration;
			buildSettings = {
				ALWAYS_SEARCH_USER_PATHS = NO;
				CLANG_ANALYZER_NONNULL = YES;
				CLANG_ANALYZER_NUMBER_OBJECT_CONVERSION = YES_AGGRESSIVE;
				CLANG_CXX_LANGUAGE_STANDARD = "gnu++0x";
				CLANG_CXX_LIBRARY = "libc++";
				CLANG_ENABLE_MODULES = YES;
				CLANG_ENABLE_OBJC_ARC = YES;
				CLANG_WARN_BOOL_CONVERSION = YES;
				CLANG_WARN_CONSTANT_CONVERSION = YES;
				CLANG_WARN_DIRECT_OBJC_ISA_USAGE = YES_ERROR;
				CLANG_WARN_DOCUMENTATION_COMMENTS = YES;
				CLANG_WARN_EMPTY_BODY = YES;
				CLANG_WARN_ENUM_CONVERSION = YES;
				CLANG_WARN_INFINITE_RECURSION = YES;
				CLANG_WARN_INT_CONVERSION = YES;
				CLANG_WARN_OBJC_ROOT_CLASS = YES_ERROR;
				CLANG_WARN_SUSPICIOUS_MOVE = YES;
				CLANG_WARN_UNREACHABLE_CODE = YES;
				CLANG_WARN__DUPLICATE_METHOD_MATCH = YES;
				"CODE_SIGN_IDENTITY[sdk=iphoneos*]" = "iPhone Developer";
				COPY_PHASE_STRIP = NO;
				DEBUG_INFORMATION_FORMAT = dwarf;
				ENABLE_STRICT_OBJC_MSGSEND = YES;
				ENABLE_TESTABILITY = YES;
				GCC_C_LANGUAGE_STANDARD = gnu99;
				GCC_DYNAMIC_NO_PIC = NO;
				GCC_NO_COMMON_BLOCKS = YES;
				GCC_OPTIMIZATION_LEVEL = 0;
				GCC_PREPROCESSOR_DEFINITIONS = (
					"DEBUG=1",
					"$(inherited)",
				);
				GCC_WARN_64_TO_32_BIT_CONVERSION = YES;
				GCC_WARN_ABOUT_RETURN_TYPE = YES_ERROR;
				GCC_WARN_UNDECLARED_SELECTOR = YES;
				GCC_WARN_UNINITIALIZED_AUTOS = YES_AGGRESSIVE;
				GCC_WARN_UNUSED_FUNCTION = YES;
				GCC_WARN_UNUSED_VARIABLE = YES;
				IPHONEOS_DEPLOYMENT_TARGET = 10.3;
				MTL_ENABLE_DEBUG_INFO = YES;
				ONLY_ACTIVE_ARCH = YES;
				SDKROOT = iphoneos;
				SWIFT_ACTIVE_COMPILATION_CONDITIONS = DEBUG;
				SWIFT_OPTIMIZATION_LEVEL = "-Onone";
				TARGETED_DEVICE_FAMILY = "1,2";
			};
			name = Debug;
		};
		017A14621F13109E004E9EE6 /* Release */ = {
			isa = XCBuildConfiguration;
			buildSettings = {
				ALWAYS_SEARCH_USER_PATHS = NO;
				CLANG_ANALYZER_NONNULL = YES;
				CLANG_ANALYZER_NUMBER_OBJECT_CONVERSION = YES_AGGRESSIVE;
				CLANG_CXX_LANGUAGE_STANDARD = "gnu++0x";
				CLANG_CXX_LIBRARY = "libc++";
				CLANG_ENABLE_MODULES = YES;
				CLANG_ENABLE_OBJC_ARC = YES;
				CLANG_WARN_BOOL_CONVERSION = YES;
				CLANG_WARN_CONSTANT_CONVERSION = YES;
				CLANG_WARN_DIRECT_OBJC_ISA_USAGE = YES_ERROR;
				CLANG_WARN_DOCUMENTATION_COMMENTS = YES;
				CLANG_WARN_EMPTY_BODY = YES;
				CLANG_WARN_ENUM_CONVERSION = YES;
				CLANG_WARN_INFINITE_RECURSION = YES;
				CLANG_WARN_INT_CONVERSION = YES;
				CLANG_WARN_OBJC_ROOT_CLASS = YES_ERROR;
				CLANG_WARN_SUSPICIOUS_MOVE = YES;
				CLANG_WARN_UNREACHABLE_CODE = YES;
				CLANG_WARN__DUPLICATE_METHOD_MATCH = YES;
				"CODE_SIGN_IDENTITY[sdk=iphoneos*]" = "iPhone Developer";
				COPY_PHASE_STRIP = NO;
				DEBUG_INFORMATION_FORMAT = "dwarf-with-dsym";
				ENABLE_NS_ASSERTIONS = NO;
				ENABLE_STRICT_OBJC_MSGSEND = YES;
				GCC_C_LANGUAGE_STANDARD = gnu99;
				GCC_NO_COMMON_BLOCKS = YES;
				GCC_WARN_64_TO_32_BIT_CONVERSION = YES;
				GCC_WARN_ABOUT_RETURN_TYPE = YES_ERROR;
				GCC_WARN_UNDECLARED_SELECTOR = YES;
				GCC_WARN_UNINITIALIZED_AUTOS = YES_AGGRESSIVE;
				GCC_WARN_UNUSED_FUNCTION = YES;
				GCC_WARN_UNUSED_VARIABLE = YES;
				IPHONEOS_DEPLOYMENT_TARGET = 10.3;
				MTL_ENABLE_DEBUG_INFO = NO;
				SDKROOT = iphoneos;
				SWIFT_OPTIMIZATION_LEVEL = "-Owholemodule";
				TARGETED_DEVICE_FAMILY = "1,2";
				VALIDATE_PRODUCT = YES;
			};
			name = Release;
		};
		017A14641F13109E004E9EE6 /* Debug */ = {
			isa = XCBuildConfiguration;
			baseConfigurationReference = D08528B728A852EF94BBD054 /* Pods-filediff.debug.xcconfig */;
			buildSettings = {
				ASSETCATALOG_COMPILER_APPICON_NAME = AppIcon;
				DEVELOPMENT_TEAM = 5AXT2S9SA9;
				INFOPLIST_FILE = filediff/Info.plist;
				LD_RUNPATH_SEARCH_PATHS = "$(inherited) @executable_path/Frameworks";
				PRODUCT_BUNDLE_IDENTIFIER = com.procore.challenge.filediff;
				PRODUCT_NAME = "$(TARGET_NAME)";
				SWIFT_VERSION = 3.0;
			};
			name = Debug;
		};
		017A14651F13109E004E9EE6 /* Release */ = {
			isa = XCBuildConfiguration;
			baseConfigurationReference = 919501C01BCF493D5073DD00 /* Pods-filediff.release.xcconfig */;
			buildSettings = {
				ASSETCATALOG_COMPILER_APPICON_NAME = AppIcon;
				DEVELOPMENT_TEAM = 5AXT2S9SA9;
				INFOPLIST_FILE = filediff/Info.plist;
				LD_RUNPATH_SEARCH_PATHS = "$(inherited) @executable_path/Frameworks";
				PRODUCT_BUNDLE_IDENTIFIER = com.procore.challenge.filediff;
				PRODUCT_NAME = "$(TARGET_NAME)";
				SWIFT_VERSION = 3.0;
			};
			name = Release;
		};
		017A14671F13109E004E9EE6 /* Debug */ = {
			isa = XCBuildConfiguration;
			baseConfigurationReference = 049130BCFE94FDC34A305DAF /* Pods-filediffTests.debug.xcconfig */;
			buildSettings = {
				ALWAYS_EMBED_SWIFT_STANDARD_LIBRARIES = YES;
				BUNDLE_LOADER = "$(TEST_HOST)";
				DEVELOPMENT_TEAM = D3D8DSFWDT;
				INFOPLIST_FILE = filediffTests/Info.plist;
				LD_RUNPATH_SEARCH_PATHS = "$(inherited) @executable_path/Frameworks @loader_path/Frameworks";
				PRODUCT_BUNDLE_IDENTIFIER = com.procore.challenge.filediffTests;
				PRODUCT_NAME = "$(TARGET_NAME)";
				SWIFT_VERSION = 3.0;
				TEST_HOST = "$(BUILT_PRODUCTS_DIR)/filediff.app/filediff";
			};
			name = Debug;
		};
		017A14681F13109E004E9EE6 /* Release */ = {
			isa = XCBuildConfiguration;
			baseConfigurationReference = 95B7E9B4290C25065452A654 /* Pods-filediffTests.release.xcconfig */;
			buildSettings = {
				ALWAYS_EMBED_SWIFT_STANDARD_LIBRARIES = YES;
				BUNDLE_LOADER = "$(TEST_HOST)";
				DEVELOPMENT_TEAM = D3D8DSFWDT;
				INFOPLIST_FILE = filediffTests/Info.plist;
				LD_RUNPATH_SEARCH_PATHS = "$(inherited) @executable_path/Frameworks @loader_path/Frameworks";
				PRODUCT_BUNDLE_IDENTIFIER = com.procore.challenge.filediffTests;
				PRODUCT_NAME = "$(TARGET_NAME)";
				SWIFT_VERSION = 3.0;
				TEST_HOST = "$(BUILT_PRODUCTS_DIR)/filediff.app/filediff";
			};
			name = Release;
		};
		017A146A1F13109E004E9EE6 /* Debug */ = {
			isa = XCBuildConfiguration;
			baseConfigurationReference = EB8CBC308E6E04F20A97227B /* Pods-filediffUITests.debug.xcconfig */;
			buildSettings = {
				ALWAYS_EMBED_SWIFT_STANDARD_LIBRARIES = YES;
				DEVELOPMENT_TEAM = D3D8DSFWDT;
				INFOPLIST_FILE = filediffUITests/Info.plist;
				LD_RUNPATH_SEARCH_PATHS = "$(inherited) @executable_path/Frameworks @loader_path/Frameworks";
				PRODUCT_BUNDLE_IDENTIFIER = com.procore.challenge.filediffUITests;
				PRODUCT_NAME = "$(TARGET_NAME)";
				SWIFT_VERSION = 3.0;
				TEST_TARGET_NAME = filediff;
			};
			name = Debug;
		};
		017A146B1F13109E004E9EE6 /* Release */ = {
			isa = XCBuildConfiguration;
			baseConfigurationReference = 62A3F954AE982C1FEBAB2879 /* Pods-filediffUITests.release.xcconfig */;
			buildSettings = {
				ALWAYS_EMBED_SWIFT_STANDARD_LIBRARIES = YES;
				DEVELOPMENT_TEAM = D3D8DSFWDT;
				INFOPLIST_FILE = filediffUITests/Info.plist;
				LD_RUNPATH_SEARCH_PATHS = "$(inherited) @executable_path/Frameworks @loader_path/Frameworks";
				PRODUCT_BUNDLE_IDENTIFIER = com.procore.challenge.filediffUITests;
				PRODUCT_NAME = "$(TARGET_NAME)";
				SWIFT_VERSION = 3.0;
				TEST_TARGET_NAME = filediff;
			};
			name = Release;
		};
/* End XCBuildConfiguration section */

/* Begin XCConfigurationList section */
		017A14361F13109D004E9EE6 /* Build configuration list for PBXProject "filediff" */ = {
			isa = XCConfigurationList;
			buildConfigurations = (
				017A14611F13109E004E9EE6 /* Debug */,
				017A14621F13109E004E9EE6 /* Release */,
			);
			defaultConfigurationIsVisible = 0;
			defaultConfigurationName = Release;
		};
		017A14631F13109E004E9EE6 /* Build configuration list for PBXNativeTarget "filediff" */ = {
			isa = XCConfigurationList;
			buildConfigurations = (
				017A14641F13109E004E9EE6 /* Debug */,
				017A14651F13109E004E9EE6 /* Release */,
			);
			defaultConfigurationIsVisible = 0;
			defaultConfigurationName = Release;
		};
		017A14661F13109E004E9EE6 /* Build configuration list for PBXNativeTarget "filediffTests" */ = {
			isa = XCConfigurationList;
			buildConfigurations = (
				017A14671F13109E004E9EE6 /* Debug */,
				017A14681F13109E004E9EE6 /* Release */,
			);
			defaultConfigurationIsVisible = 0;
			defaultConfigurationName = Release;
		};
		017A14691F13109E004E9EE6 /* Build configuration list for PBXNativeTarget "filediffUITests" */ = {
			isa = XCConfigurationList;
			buildConfigurations = (
				017A146A1F13109E004E9EE6 /* Debug */,
				017A146B1F13109E004E9EE6 /* Release */,
			);
			defaultConfigurationIsVisible = 0;
			defaultConfigurationName = Release;
		};
/* End XCConfigurationList section */
	};
	rootObject = 017A14331F13109D004E9EE6 /* Project object */;
}
