// !$*UTF8*$!
{
	archiveVersion = 1;
	classes = {
	};
	objectVersion = 54;
	objects = {

/* Begin PBXBuildFile section */
		017A143F1F13109E004E9EE6 /* AppDelegate.swift in Sources */ = {isa = PBXBuildFile; fileRef = 017A143E1F13109E004E9EE6 /* AppDelegate.swift */; };
		017A14461F13109E004E9EE6 /* Assets.xcassets in Resources */ = {isa = PBXBuildFile; fileRef = 017A14451F13109E004E9EE6 /* Assets.xcassets */; };
		017A14491F13109E004E9EE6 /* LaunchScreen.storyboard in Resources */ = {isa = PBXBuildFile; fileRef = 017A14471F13109E004E9EE6 /* LaunchScreen.storyboard */; };
		017A145F1F13109E004E9EE6 /* PRDiffUITests.swift in Sources */ = {isa = PBXBuildFile; fileRef = 017A145E1F13109E004E9EE6 /* PRDiffUITests.swift */; };
		7436329B2CD03DE800DF07E6 /* RepoView.swift in Sources */ = {isa = PBXBuildFile; fileRef = 7436329A2CD03DE800DF07E6 /* RepoView.swift */; };
		743632A32CD059C200DF07E6 /* GitHubRepoRepository.swift in Sources */ = {isa = PBXBuildFile; fileRef = 743632A22CD059C100DF07E6 /* GitHubRepoRepository.swift */; };
		743632A52CD05B4900DF07E6 /* GitHubPRRepository.swift in Sources */ = {isa = PBXBuildFile; fileRef = 743632A42CD05B4100DF07E6 /* GitHubPRRepository.swift */; };
		743632AA2CD0698800DF07E6 /* GitHubPRRepositoryImpl.swift in Sources */ = {isa = PBXBuildFile; fileRef = 743632A92CD0698600DF07E6 /* GitHubPRRepositoryImpl.swift */; };
		743632AC2CD069D500DF07E6 /* GitHubRepoRepositoryImpl.swift in Sources */ = {isa = PBXBuildFile; fileRef = 743632AB2CD069D100DF07E6 /* GitHubRepoRepositoryImpl.swift */; };
		743632AE2CD06AA400DF07E6 /* GitHubRemoteDataSource.swift in Sources */ = {isa = PBXBuildFile; fileRef = 743632AD2CD06AA200DF07E6 /* GitHubRemoteDataSource.swift */; };
		745877CF24574C2B00E6E078 /* SceneDelegate.swift in Sources */ = {isa = PBXBuildFile; fileRef = 745877CE24574C2B00E6E078 /* SceneDelegate.swift */; };
		745877D124578C9200E6E078 /* PRListViewModel.swift in Sources */ = {isa = PBXBuildFile; fileRef = 745877D024578C9200E6E078 /* PRListViewModel.swift */; };
		745877D72457920E00E6E078 /* PRDiffViewModel.swift in Sources */ = {isa = PBXBuildFile; fileRef = 745877D62457920E00E6E078 /* PRDiffViewModel.swift */; };
		745877DB2457933A00E6E078 /* Coordinator.swift in Sources */ = {isa = PBXBuildFile; fileRef = 745877DA2457933A00E6E078 /* Coordinator.swift */; };
		745877DD2457935600E6E078 /* MainCoordinator.swift in Sources */ = {isa = PBXBuildFile; fileRef = 745877DC2457935600E6E078 /* MainCoordinator.swift */; };
		745CCA422432519700183977 /* UIStackView+Extensions.swift in Sources */ = {isa = PBXBuildFile; fileRef = 745CCA3D2432519700183977 /* UIStackView+Extensions.swift */; };
		745CCA432432519700183977 /* String+Extensions.swift in Sources */ = {isa = PBXBuildFile; fileRef = 745CCA3E2432519700183977 /* String+Extensions.swift */; };
		745CCA452432519700183977 /* UIViewController+Extensions.swift in Sources */ = {isa = PBXBuildFile; fileRef = 745CCA402432519700183977 /* UIViewController+Extensions.swift */; };
		745CCA522432520800183977 /* FileDiffQueue.swift in Sources */ = {isa = PBXBuildFile; fileRef = 745CCA4B2432520800183977 /* FileDiffQueue.swift */; };
		745CCA542432520800183977 /* HTTPRequest.swift in Sources */ = {isa = PBXBuildFile; fileRef = 745CCA4E2432520800183977 /* HTTPRequest.swift */; };
		745CCA552432520800183977 /* HttpClient.swift in Sources */ = {isa = PBXBuildFile; fileRef = 745CCA4F2432520800183977 /* HttpClient.swift */; };
		745CCA5A2432532700183977 /* PRDiffDataSource.swift in Sources */ = {isa = PBXBuildFile; fileRef = 745CCA582432532700183977 /* PRDiffDataSource.swift */; };
		745CCA612432534900183977 /* GitHubParserOperation.swift in Sources */ = {isa = PBXBuildFile; fileRef = 745CCA5C2432534900183977 /* GitHubParserOperation.swift */; };
		745CCA622432534900183977 /* SyncPRDiffOperation.swift in Sources */ = {isa = PBXBuildFile; fileRef = 745CCA5D2432534900183977 /* SyncPRDiffOperation.swift */; };
		745CCA632432534900183977 /* BaseOperation.swift in Sources */ = {isa = PBXBuildFile; fileRef = 745CCA5E2432534900183977 /* BaseOperation.swift */; };
		745CCA6D2432538200183977 /* FileDiffTableViewCell.swift in Sources */ = {isa = PBXBuildFile; fileRef = 745CCA682432538200183977 /* FileDiffTableViewCell.swift */; };
		745CCA702432538200183977 /* GitHubParser.swift in Sources */ = {isa = PBXBuildFile; fileRef = 745CCA6C2432538200183977 /* GitHubParser.swift */; };
		745CCA7A2432542300183977 /* PRDiffViewController.swift in Sources */ = {isa = PBXBuildFile; fileRef = 745CCA722432542300183977 /* PRDiffViewController.swift */; };
		745CCAB32432628100183977 /* Datastore.swift in Sources */ = {isa = PBXBuildFile; fileRef = 745CCAB22432628100183977 /* Datastore.swift */; };
		745CCAB5243262AB00183977 /* DatastoreCoreData.swift in Sources */ = {isa = PBXBuildFile; fileRef = 745CCAB4243262AB00183977 /* DatastoreCoreData.swift */; };
		745CCAB82432652600183977 /* GitHubPRResponse.swift in Sources */ = {isa = PBXBuildFile; fileRef = 745CCAB72432652600183977 /* GitHubPRResponse.swift */; };
		745CCABA2432673400183977 /* GitHubUserResponse.swift in Sources */ = {isa = PBXBuildFile; fileRef = 745CCAB92432673400183977 /* GitHubUserResponse.swift */; };
		745CCABF243267F100183977 /* GitHubFile.swift in Sources */ = {isa = PBXBuildFile; fileRef = 745CCABD243267F100183977 /* GitHubFile.swift */; };
		745CCAC82432682900183977 /* GitHubPR+CoreDataClass.swift in Sources */ = {isa = PBXBuildFile; fileRef = 745CCAC22432682900183977 /* GitHubPR+CoreDataClass.swift */; };
		745CCAC92432682900183977 /* filediff.xcdatamodeld in Sources */ = {isa = PBXBuildFile; fileRef = 745CCAC32432682900183977 /* filediff.xcdatamodeld */; };
		745CCACA2432682900183977 /* GitHubUser+CoreDataClass.swift in Sources */ = {isa = PBXBuildFile; fileRef = 745CCAC52432682900183977 /* GitHubUser+CoreDataClass.swift */; };
		7467B9912A6FF96B00672C59 /* GitHubRepoResponse.swift in Sources */ = {isa = PBXBuildFile; fileRef = 7467B9902A6FF96B00672C59 /* GitHubRepoResponse.swift */; };
		7467B9932A6FF99B00672C59 /* GitRepoOwnerResponse.swift in Sources */ = {isa = PBXBuildFile; fileRef = 7467B9922A6FF99B00672C59 /* GitRepoOwnerResponse.swift */; };
		7467B9952A6FFB2900672C59 /* GitHubSearchResponse.swift in Sources */ = {isa = PBXBuildFile; fileRef = 7467B9942A6FFB2900672C59 /* GitHubSearchResponse.swift */; };
		7467B9972A6FFC4700672C59 /* RepoSearchViewModel.swift in Sources */ = {isa = PBXBuildFile; fileRef = 7467B9962A6FFC4700672C59 /* RepoSearchViewModel.swift */; };
		7467B9992A6FFDE000672C59 /* GitHubSearch.swift in Sources */ = {isa = PBXBuildFile; fileRef = 7467B9982A6FFDE000672C59 /* GitHubSearch.swift */; };
		7467B99B2A6FFDF400672C59 /* GitHubRepoOwner.swift in Sources */ = {isa = PBXBuildFile; fileRef = 7467B99A2A6FFDF400672C59 /* GitHubRepoOwner.swift */; };
		7467B99D2A6FFE0500672C59 /* GitHubRepo.swift in Sources */ = {isa = PBXBuildFile; fileRef = 7467B99C2A6FFE0500672C59 /* GitHubRepo.swift */; };
		7467B99F2A70002900672C59 /* RepoSearchView.swift in Sources */ = {isa = PBXBuildFile; fileRef = 7467B99E2A70002900672C59 /* RepoSearchView.swift */; };
		7468C0F72CD2F55200FDC12E /* LoadingView.swift in Sources */ = {isa = PBXBuildFile; fileRef = 7468C0F62CD2F54E00FDC12E /* LoadingView.swift */; };
		7468C0FF2CD3075F00FDC12E /* PRDetailsViewModelTests.swift in Sources */ = {isa = PBXBuildFile; fileRef = 7468C0FE2CD3056000FDC12E /* PRDetailsViewModelTests.swift */; };
		7468C1032CD308B400FDC12E /* PRRowViewModelTests.swift in Sources */ = {isa = PBXBuildFile; fileRef = 7468C1022CD308B100FDC12E /* PRRowViewModelTests.swift */; };
		7468C1052CD30DA800FDC12E /* PRListViewModelTests.swift in Sources */ = {isa = PBXBuildFile; fileRef = 7468C1042CD30DA300FDC12E /* PRListViewModelTests.swift */; };
		7468C10A2CD30F3300FDC12E /* GitHubPRRepositoryMock.swift in Sources */ = {isa = PBXBuildFile; fileRef = 7468C1092CD30F3300FDC12E /* GitHubPRRepositoryMock.swift */; };
		7488B25F2CD3F20E009E6A4D /* ViewState.swift in Sources */ = {isa = PBXBuildFile; fileRef = 7488B25E2CD3F20E009E6A4D /* ViewState.swift */; };
		7488B2612CD3F9E7009E6A4D /* ErrorView.swift in Sources */ = {isa = PBXBuildFile; fileRef = 7488B2602CD3F9E7009E6A4D /* ErrorView.swift */; };
		7488B2622CD414EB009E6A4D /* RepoSearchViewModelTests.swift in Sources */ = {isa = PBXBuildFile; fileRef = 7468C0FB2CD3040200FDC12E /* RepoSearchViewModelTests.swift */; };
		7488B2652CD41622009E6A4D /* GitHubRepoRepositoryMock.swift in Sources */ = {isa = PBXBuildFile; fileRef = 7488B2632CD415C3009E6A4D /* GitHubRepoRepositoryMock.swift */; };
		7488B26A2CD423C0009E6A4D /* GitHubRepoRepositoryImplTests.swift in Sources */ = {isa = PBXBuildFile; fileRef = 7488B2682CD423AD009E6A4D /* GitHubRepoRepositoryImplTests.swift */; };
		7488B26E2CD42997009E6A4D /* GitHubPRRepositoryImplTests.swift in Sources */ = {isa = PBXBuildFile; fileRef = 7488B26D2CD42997009E6A4D /* GitHubPRRepositoryImplTests.swift */; };
		7488B2702CD42AF3009E6A4D /* GitHubDataSourceMock.swift in Sources */ = {isa = PBXBuildFile; fileRef = 7488B26F2CD42AF3009E6A4D /* GitHubDataSourceMock.swift */; };
		7488C51B245D9C2600700F63 /* AppCoordinator.swift in Sources */ = {isa = PBXBuildFile; fileRef = 7488C51A245D9C2600700F63 /* AppCoordinator.swift */; };
		7488C51D245D9CF700700F63 /* MasterCoordinator.swift in Sources */ = {isa = PBXBuildFile; fileRef = 7488C51C245D9CF700700F63 /* MasterCoordinator.swift */; };
		748F40EF245B617100B23E52 /* Localizable.strings in Resources */ = {isa = PBXBuildFile; fileRef = 748F40F1245B617100B23E52 /* Localizable.strings */; };
		7499FC9D24365A45002B2AF4 /* StorageContext.swift in Sources */ = {isa = PBXBuildFile; fileRef = 7499FC9C24365A45002B2AF4 /* StorageContext.swift */; };
		7499FC9F24365A6D002B2AF4 /* Storable.swift in Sources */ = {isa = PBXBuildFile; fileRef = 7499FC9E24365A6D002B2AF4 /* Storable.swift */; };
		7499FCA124365AD3002B2AF4 /* ConfigurationType.swift in Sources */ = {isa = PBXBuildFile; fileRef = 7499FCA024365AD3002B2AF4 /* ConfigurationType.swift */; };
		7499FCA324365AF3002B2AF4 /* Sorted.swift in Sources */ = {isa = PBXBuildFile; fileRef = 7499FCA224365AF3002B2AF4 /* Sorted.swift */; };
		7499FCA5243671AD002B2AF4 /* CoreDataStorageContext.swift in Sources */ = {isa = PBXBuildFile; fileRef = 7499FCA4243671AD002B2AF4 /* CoreDataStorageContext.swift */; };
		7499FCA924367306002B2AF4 /* CoreDataStoreCoordinator.swift in Sources */ = {isa = PBXBuildFile; fileRef = 7499FCA824367306002B2AF4 /* CoreDataStoreCoordinator.swift */; };
		7499FCAB243673AC002B2AF4 /* Mappable.swift in Sources */ = {isa = PBXBuildFile; fileRef = 7499FCAA243673AC002B2AF4 /* Mappable.swift */; };
		7499FCAD24367425002B2AF4 /* GitHubPREntity.swift in Sources */ = {isa = PBXBuildFile; fileRef = 7499FCAC24367425002B2AF4 /* GitHubPREntity.swift */; };
		7499FCAF24367431002B2AF4 /* GitHubUserEntity.swift in Sources */ = {isa = PBXBuildFile; fileRef = 7499FCAE24367431002B2AF4 /* GitHubUserEntity.swift */; };
		7499FCB124367453002B2AF4 /* DomainBaseEntity.swift in Sources */ = {isa = PBXBuildFile; fileRef = 7499FCB024367453002B2AF4 /* DomainBaseEntity.swift */; };
		7499FCB324367591002B2AF4 /* LocalDataSource.swift in Sources */ = {isa = PBXBuildFile; fileRef = 7499FCB224367591002B2AF4 /* LocalDataSource.swift */; };
		7499FCBA2436779C002B2AF4 /* GitHubPREntityLocalDataSourceImpl.swift in Sources */ = {isa = PBXBuildFile; fileRef = 7499FCB92436779C002B2AF4 /* GitHubPREntityLocalDataSourceImpl.swift */; };
		7499FCBE24367BB3002B2AF4 /* GitHubPREntityRepository.swift in Sources */ = {isa = PBXBuildFile; fileRef = 7499FCBD24367BB3002B2AF4 /* GitHubPREntityRepository.swift */; };
		749C8C1D24380CDB006C570B /* GitHubPR+CoreDataProperties.swift in Sources */ = {isa = PBXBuildFile; fileRef = 749C8C1B24380CDB006C570B /* GitHubPR+CoreDataProperties.swift */; };
		749C8C1E24380CDB006C570B /* GitHubUser+CoreDataProperties.swift in Sources */ = {isa = PBXBuildFile; fileRef = 749C8C1C24380CDB006C570B /* GitHubUser+CoreDataProperties.swift */; };
		749C8C202438F7CA006C570B /* GitHubUserEntityLocalDataSourceImpl.swift in Sources */ = {isa = PBXBuildFile; fileRef = 749C8C1F2438F7CA006C570B /* GitHubUserEntityLocalDataSourceImpl.swift */; };
		74A6D9AA2A4C5BD9000D6581 /* PRDetailsView.swift in Sources */ = {isa = PBXBuildFile; fileRef = 74A6D9A92A4C5BD9000D6581 /* PRDetailsView.swift */; };
		74A6D9AC2A4C5C5C000D6581 /* PRDetailsViewModel.swift in Sources */ = {isa = PBXBuildFile; fileRef = 74A6D9AB2A4C5C5C000D6581 /* PRDetailsViewModel.swift */; };
		74A6D9AE2A4DAA4D000D6581 /* PRListingView.swift in Sources */ = {isa = PBXBuildFile; fileRef = 74A6D9AD2A4DAA4D000D6581 /* PRListingView.swift */; };
		74B922F9244FBB3600A6DD7A /* GitHubDataSource.swift in Sources */ = {isa = PBXBuildFile; fileRef = 74B922F8244FBB3600A6DD7A /* GitHubDataSource.swift */; };
		74B922FB244FBB5500A6DD7A /* Agent.swift in Sources */ = {isa = PBXBuildFile; fileRef = 74B922FA244FBB5500A6DD7A /* Agent.swift */; };
		74BE5B46245CB45100C9D75C /* DBManager.swift in Sources */ = {isa = PBXBuildFile; fileRef = 74BE5B45245CB44700C9D75C /* DBManager.swift */; };
		74D634512CD1868000107D63 /* GitHubFileDiffType+Extensions.swift in Sources */ = {isa = PBXBuildFile; fileRef = 74D634502CD1868000107D63 /* GitHubFileDiffType+Extensions.swift */; };
		74D6345A2CD1A40100107D63 /* GitHubPullRequest.swift in Sources */ = {isa = PBXBuildFile; fileRef = 74D634592CD1A40100107D63 /* GitHubPullRequest.swift */; };
		74D6345C2CD1C37C00107D63 /* TextFieldObserver.swift in Sources */ = {isa = PBXBuildFile; fileRef = 74D6345B2CD1C37C00107D63 /* TextFieldObserver.swift */; };
		74EA8F0C2459F72400A50A38 /* PRDiffTable.swift in Sources */ = {isa = PBXBuildFile; fileRef = 74EA8F0B2459F72400A50A38 /* PRDiffTable.swift */; };
		74F95C812A68106A00A13BDE /* PRRowViewModel.swift in Sources */ = {isa = PBXBuildFile; fileRef = 74F95C802A68106A00A13BDE /* PRRowViewModel.swift */; };
		74FADB692A49BAB600DDCF35 /* PRRowView.swift in Sources */ = {isa = PBXBuildFile; fileRef = 74FADB682A49BAB600DDCF35 /* PRRowView.swift */; };
/* End PBXBuildFile section */

/* Begin PBXContainerItemProxy section */
		017A14501F13109E004E9EE6 /* PBXContainerItemProxy */ = {
			isa = PBXContainerItemProxy;
			containerPortal = 017A14331F13109D004E9EE6 /* Project object */;
			proxyType = 1;
			remoteGlobalIDString = 017A143A1F13109D004E9EE6;
			remoteInfo = filediff;
		};
		017A145B1F13109E004E9EE6 /* PBXContainerItemProxy */ = {
			isa = PBXContainerItemProxy;
			containerPortal = 017A14331F13109D004E9EE6 /* Project object */;
			proxyType = 1;
			remoteGlobalIDString = 017A143A1F13109D004E9EE6;
			remoteInfo = filediff;
		};
/* End PBXContainerItemProxy section */

/* Begin PBXFileReference section */
		017A143B1F13109D004E9EE6 /* PR Diff Tool.app */ = {isa = PBXFileReference; explicitFileType = wrapper.application; includeInIndex = 0; path = "PR Diff Tool.app"; sourceTree = BUILT_PRODUCTS_DIR; };
		017A143E1F13109E004E9EE6 /* AppDelegate.swift */ = {isa = PBXFileReference; lastKnownFileType = sourcecode.swift; path = AppDelegate.swift; sourceTree = "<group>"; };
		017A14451F13109E004E9EE6 /* Assets.xcassets */ = {isa = PBXFileReference; lastKnownFileType = folder.assetcatalog; path = Assets.xcassets; sourceTree = "<group>"; };
		017A14481F13109E004E9EE6 /* Base */ = {isa = PBXFileReference; lastKnownFileType = file.storyboard; name = Base; path = Base.lproj/LaunchScreen.storyboard; sourceTree = "<group>"; };
		017A144A1F13109E004E9EE6 /* Info.plist */ = {isa = PBXFileReference; lastKnownFileType = text.plist.xml; path = Info.plist; sourceTree = "<group>"; };
		017A144F1F13109E004E9EE6 /* PR Diff ToolTests.xctest */ = {isa = PBXFileReference; explicitFileType = wrapper.cfbundle; includeInIndex = 0; path = "PR Diff ToolTests.xctest"; sourceTree = BUILT_PRODUCTS_DIR; };
		017A14551F13109E004E9EE6 /* Info.plist */ = {isa = PBXFileReference; lastKnownFileType = text.plist.xml; path = Info.plist; sourceTree = "<group>"; };
		017A145A1F13109E004E9EE6 /* PR Diff ToolUITests.xctest */ = {isa = PBXFileReference; explicitFileType = wrapper.cfbundle; includeInIndex = 0; path = "PR Diff ToolUITests.xctest"; sourceTree = BUILT_PRODUCTS_DIR; };
		017A145E1F13109E004E9EE6 /* PRDiffUITests.swift */ = {isa = PBXFileReference; lastKnownFileType = sourcecode.swift; path = PRDiffUITests.swift; sourceTree = "<group>"; };
		017A14601F13109E004E9EE6 /* Info.plist */ = {isa = PBXFileReference; lastKnownFileType = text.plist.xml; path = Info.plist; sourceTree = "<group>"; };
		7436329A2CD03DE800DF07E6 /* RepoView.swift */ = {isa = PBXFileReference; lastKnownFileType = sourcecode.swift; path = RepoView.swift; sourceTree = "<group>"; };
		743632A22CD059C100DF07E6 /* GitHubRepoRepository.swift */ = {isa = PBXFileReference; lastKnownFileType = sourcecode.swift; path = GitHubRepoRepository.swift; sourceTree = "<group>"; };
		743632A42CD05B4100DF07E6 /* GitHubPRRepository.swift */ = {isa = PBXFileReference; lastKnownFileType = sourcecode.swift; path = GitHubPRRepository.swift; sourceTree = "<group>"; };
		743632A92CD0698600DF07E6 /* GitHubPRRepositoryImpl.swift */ = {isa = PBXFileReference; lastKnownFileType = sourcecode.swift; path = GitHubPRRepositoryImpl.swift; sourceTree = "<group>"; };
		743632AB2CD069D100DF07E6 /* GitHubRepoRepositoryImpl.swift */ = {isa = PBXFileReference; lastKnownFileType = sourcecode.swift; path = GitHubRepoRepositoryImpl.swift; sourceTree = "<group>"; };
		743632AD2CD06AA200DF07E6 /* GitHubRemoteDataSource.swift */ = {isa = PBXFileReference; lastKnownFileType = sourcecode.swift; path = GitHubRemoteDataSource.swift; sourceTree = "<group>"; };
		745877CE24574C2B00E6E078 /* SceneDelegate.swift */ = {isa = PBXFileReference; lastKnownFileType = sourcecode.swift; path = SceneDelegate.swift; sourceTree = "<group>"; };
		745877D024578C9200E6E078 /* PRListViewModel.swift */ = {isa = PBXFileReference; lastKnownFileType = sourcecode.swift; path = PRListViewModel.swift; sourceTree = "<group>"; };
		745877D62457920E00E6E078 /* PRDiffViewModel.swift */ = {isa = PBXFileReference; lastKnownFileType = sourcecode.swift; path = PRDiffViewModel.swift; sourceTree = "<group>"; };
		745877DA2457933A00E6E078 /* Coordinator.swift */ = {isa = PBXFileReference; lastKnownFileType = sourcecode.swift; path = Coordinator.swift; sourceTree = "<group>"; };
		745877DC2457935600E6E078 /* MainCoordinator.swift */ = {isa = PBXFileReference; lastKnownFileType = sourcecode.swift; path = MainCoordinator.swift; sourceTree = "<group>"; };
		745CCA3D2432519700183977 /* UIStackView+Extensions.swift */ = {isa = PBXFileReference; fileEncoding = 4; lastKnownFileType = sourcecode.swift; path = "UIStackView+Extensions.swift"; sourceTree = "<group>"; };
		745CCA3E2432519700183977 /* String+Extensions.swift */ = {isa = PBXFileReference; fileEncoding = 4; lastKnownFileType = sourcecode.swift; path = "String+Extensions.swift"; sourceTree = "<group>"; };
		745CCA402432519700183977 /* UIViewController+Extensions.swift */ = {isa = PBXFileReference; fileEncoding = 4; lastKnownFileType = sourcecode.swift; path = "UIViewController+Extensions.swift"; sourceTree = "<group>"; };
		745CCA4B2432520800183977 /* FileDiffQueue.swift */ = {isa = PBXFileReference; fileEncoding = 4; lastKnownFileType = sourcecode.swift; path = FileDiffQueue.swift; sourceTree = "<group>"; };
		745CCA4E2432520800183977 /* HTTPRequest.swift */ = {isa = PBXFileReference; fileEncoding = 4; lastKnownFileType = sourcecode.swift; path = HTTPRequest.swift; sourceTree = "<group>"; };
		745CCA4F2432520800183977 /* HttpClient.swift */ = {isa = PBXFileReference; fileEncoding = 4; lastKnownFileType = sourcecode.swift; path = HttpClient.swift; sourceTree = "<group>"; };
		745CCA582432532700183977 /* PRDiffDataSource.swift */ = {isa = PBXFileReference; fileEncoding = 4; lastKnownFileType = sourcecode.swift; path = PRDiffDataSource.swift; sourceTree = "<group>"; };
		745CCA5C2432534900183977 /* GitHubParserOperation.swift */ = {isa = PBXFileReference; fileEncoding = 4; lastKnownFileType = sourcecode.swift; path = GitHubParserOperation.swift; sourceTree = "<group>"; };
		745CCA5D2432534900183977 /* SyncPRDiffOperation.swift */ = {isa = PBXFileReference; fileEncoding = 4; lastKnownFileType = sourcecode.swift; path = SyncPRDiffOperation.swift; sourceTree = "<group>"; };
		745CCA5E2432534900183977 /* BaseOperation.swift */ = {isa = PBXFileReference; fileEncoding = 4; lastKnownFileType = sourcecode.swift; path = BaseOperation.swift; sourceTree = "<group>"; };
		745CCA682432538200183977 /* FileDiffTableViewCell.swift */ = {isa = PBXFileReference; fileEncoding = 4; lastKnownFileType = sourcecode.swift; path = FileDiffTableViewCell.swift; sourceTree = "<group>"; };
		745CCA6C2432538200183977 /* GitHubParser.swift */ = {isa = PBXFileReference; fileEncoding = 4; lastKnownFileType = sourcecode.swift; path = GitHubParser.swift; sourceTree = "<group>"; };
		745CCA722432542300183977 /* PRDiffViewController.swift */ = {isa = PBXFileReference; fileEncoding = 4; lastKnownFileType = sourcecode.swift; path = PRDiffViewController.swift; sourceTree = "<group>"; };
		745CCAB22432628100183977 /* Datastore.swift */ = {isa = PBXFileReference; lastKnownFileType = sourcecode.swift; path = Datastore.swift; sourceTree = "<group>"; };
		745CCAB4243262AB00183977 /* DatastoreCoreData.swift */ = {isa = PBXFileReference; lastKnownFileType = sourcecode.swift; path = DatastoreCoreData.swift; sourceTree = "<group>"; };
		745CCAB72432652600183977 /* GitHubPRResponse.swift */ = {isa = PBXFileReference; lastKnownFileType = sourcecode.swift; path = GitHubPRResponse.swift; sourceTree = "<group>"; };
		745CCAB92432673400183977 /* GitHubUserResponse.swift */ = {isa = PBXFileReference; lastKnownFileType = sourcecode.swift; path = GitHubUserResponse.swift; sourceTree = "<group>"; };
		745CCABD243267F100183977 /* GitHubFile.swift */ = {isa = PBXFileReference; fileEncoding = 4; lastKnownFileType = sourcecode.swift; path = GitHubFile.swift; sourceTree = "<group>"; };
		745CCAC22432682900183977 /* GitHubPR+CoreDataClass.swift */ = {isa = PBXFileReference; fileEncoding = 4; lastKnownFileType = sourcecode.swift; path = "GitHubPR+CoreDataClass.swift"; sourceTree = "<group>"; };
		745CCAC42432682900183977 /* filediff.xcdatamodel */ = {isa = PBXFileReference; lastKnownFileType = wrapper.xcdatamodel; path = filediff.xcdatamodel; sourceTree = "<group>"; };
		745CCAC52432682900183977 /* GitHubUser+CoreDataClass.swift */ = {isa = PBXFileReference; fileEncoding = 4; lastKnownFileType = sourcecode.swift; path = "GitHubUser+CoreDataClass.swift"; sourceTree = "<group>"; };
		7467B9902A6FF96B00672C59 /* GitHubRepoResponse.swift */ = {isa = PBXFileReference; lastKnownFileType = sourcecode.swift; path = GitHubRepoResponse.swift; sourceTree = "<group>"; };
		7467B9922A6FF99B00672C59 /* GitRepoOwnerResponse.swift */ = {isa = PBXFileReference; lastKnownFileType = sourcecode.swift; path = GitRepoOwnerResponse.swift; sourceTree = "<group>"; };
		7467B9942A6FFB2900672C59 /* GitHubSearchResponse.swift */ = {isa = PBXFileReference; lastKnownFileType = sourcecode.swift; path = GitHubSearchResponse.swift; sourceTree = "<group>"; };
		7467B9962A6FFC4700672C59 /* RepoSearchViewModel.swift */ = {isa = PBXFileReference; lastKnownFileType = sourcecode.swift; path = RepoSearchViewModel.swift; sourceTree = "<group>"; };
		7467B9982A6FFDE000672C59 /* GitHubSearch.swift */ = {isa = PBXFileReference; lastKnownFileType = sourcecode.swift; path = GitHubSearch.swift; sourceTree = "<group>"; };
		7467B99A2A6FFDF400672C59 /* GitHubRepoOwner.swift */ = {isa = PBXFileReference; lastKnownFileType = sourcecode.swift; path = GitHubRepoOwner.swift; sourceTree = "<group>"; };
		7467B99C2A6FFE0500672C59 /* GitHubRepo.swift */ = {isa = PBXFileReference; lastKnownFileType = sourcecode.swift; path = GitHubRepo.swift; sourceTree = "<group>"; };
		7467B99E2A70002900672C59 /* RepoSearchView.swift */ = {isa = PBXFileReference; lastKnownFileType = sourcecode.swift; path = RepoSearchView.swift; sourceTree = "<group>"; };
		7468C0F62CD2F54E00FDC12E /* LoadingView.swift */ = {isa = PBXFileReference; lastKnownFileType = sourcecode.swift; path = LoadingView.swift; sourceTree = "<group>"; };
		7468C0FB2CD3040200FDC12E /* RepoSearchViewModelTests.swift */ = {isa = PBXFileReference; lastKnownFileType = sourcecode.swift; path = RepoSearchViewModelTests.swift; sourceTree = "<group>"; };
		7468C0FE2CD3056000FDC12E /* PRDetailsViewModelTests.swift */ = {isa = PBXFileReference; lastKnownFileType = sourcecode.swift; path = PRDetailsViewModelTests.swift; sourceTree = "<group>"; };
		7468C1022CD308B100FDC12E /* PRRowViewModelTests.swift */ = {isa = PBXFileReference; lastKnownFileType = sourcecode.swift; path = PRRowViewModelTests.swift; sourceTree = "<group>"; };
		7468C1042CD30DA300FDC12E /* PRListViewModelTests.swift */ = {isa = PBXFileReference; lastKnownFileType = sourcecode.swift; path = PRListViewModelTests.swift; sourceTree = "<group>"; };
		7468C1092CD30F3300FDC12E /* GitHubPRRepositoryMock.swift */ = {isa = PBXFileReference; lastKnownFileType = sourcecode.swift; path = GitHubPRRepositoryMock.swift; sourceTree = "<group>"; };
		7488B25E2CD3F20E009E6A4D /* ViewState.swift */ = {isa = PBXFileReference; lastKnownFileType = sourcecode.swift; path = ViewState.swift; sourceTree = "<group>"; };
		7488B2602CD3F9E7009E6A4D /* ErrorView.swift */ = {isa = PBXFileReference; lastKnownFileType = sourcecode.swift; path = ErrorView.swift; sourceTree = "<group>"; };
		7488B2632CD415C3009E6A4D /* GitHubRepoRepositoryMock.swift */ = {isa = PBXFileReference; lastKnownFileType = sourcecode.swift; path = GitHubRepoRepositoryMock.swift; sourceTree = "<group>"; };
		7488B2682CD423AD009E6A4D /* GitHubRepoRepositoryImplTests.swift */ = {isa = PBXFileReference; lastKnownFileType = sourcecode.swift; path = GitHubRepoRepositoryImplTests.swift; sourceTree = "<group>"; };
		7488B26D2CD42997009E6A4D /* GitHubPRRepositoryImplTests.swift */ = {isa = PBXFileReference; lastKnownFileType = sourcecode.swift; path = GitHubPRRepositoryImplTests.swift; sourceTree = "<group>"; };
		7488B26F2CD42AF3009E6A4D /* GitHubDataSourceMock.swift */ = {isa = PBXFileReference; lastKnownFileType = sourcecode.swift; name = GitHubDataSourceMock.swift; path = filediffTests/Data/GitHubDataSourceMock.swift; sourceTree = SOURCE_ROOT; };
		7488C51A245D9C2600700F63 /* AppCoordinator.swift */ = {isa = PBXFileReference; lastKnownFileType = sourcecode.swift; path = AppCoordinator.swift; sourceTree = "<group>"; };
		7488C51C245D9CF700700F63 /* MasterCoordinator.swift */ = {isa = PBXFileReference; lastKnownFileType = sourcecode.swift; path = MasterCoordinator.swift; sourceTree = "<group>"; };
		748F40EA245B610500B23E52 /* es */ = {isa = PBXFileReference; lastKnownFileType = text.plist.strings; name = es; path = es.lproj/LaunchScreen.strings; sourceTree = "<group>"; };
		748F40EC245B611B00B23E52 /* en */ = {isa = PBXFileReference; lastKnownFileType = text.plist.strings; name = en; path = en.lproj/LaunchScreen.strings; sourceTree = "<group>"; };
		748F40F0245B617100B23E52 /* en */ = {isa = PBXFileReference; lastKnownFileType = text.plist.strings; name = en; path = en.lproj/Localizable.strings; sourceTree = "<group>"; };
		748F40F2245B617300B23E52 /* es */ = {isa = PBXFileReference; lastKnownFileType = text.plist.strings; name = es; path = es.lproj/Localizable.strings; sourceTree = "<group>"; };
		7499FC9C24365A45002B2AF4 /* StorageContext.swift */ = {isa = PBXFileReference; lastKnownFileType = sourcecode.swift; path = StorageContext.swift; sourceTree = "<group>"; };
		7499FC9E24365A6D002B2AF4 /* Storable.swift */ = {isa = PBXFileReference; lastKnownFileType = sourcecode.swift; path = Storable.swift; sourceTree = "<group>"; };
		7499FCA024365AD3002B2AF4 /* ConfigurationType.swift */ = {isa = PBXFileReference; lastKnownFileType = sourcecode.swift; path = ConfigurationType.swift; sourceTree = "<group>"; };
		7499FCA224365AF3002B2AF4 /* Sorted.swift */ = {isa = PBXFileReference; lastKnownFileType = sourcecode.swift; path = Sorted.swift; sourceTree = "<group>"; };
		7499FCA4243671AD002B2AF4 /* CoreDataStorageContext.swift */ = {isa = PBXFileReference; lastKnownFileType = sourcecode.swift; path = CoreDataStorageContext.swift; sourceTree = "<group>"; };
		7499FCA824367306002B2AF4 /* CoreDataStoreCoordinator.swift */ = {isa = PBXFileReference; lastKnownFileType = sourcecode.swift; path = CoreDataStoreCoordinator.swift; sourceTree = "<group>"; };
		7499FCAA243673AC002B2AF4 /* Mappable.swift */ = {isa = PBXFileReference; lastKnownFileType = sourcecode.swift; path = Mappable.swift; sourceTree = "<group>"; };
		7499FCAC24367425002B2AF4 /* GitHubPREntity.swift */ = {isa = PBXFileReference; lastKnownFileType = sourcecode.swift; path = GitHubPREntity.swift; sourceTree = "<group>"; };
		7499FCAE24367431002B2AF4 /* GitHubUserEntity.swift */ = {isa = PBXFileReference; lastKnownFileType = sourcecode.swift; path = GitHubUserEntity.swift; sourceTree = "<group>"; };
		7499FCB024367453002B2AF4 /* DomainBaseEntity.swift */ = {isa = PBXFileReference; lastKnownFileType = sourcecode.swift; path = DomainBaseEntity.swift; sourceTree = "<group>"; };
		7499FCB224367591002B2AF4 /* LocalDataSource.swift */ = {isa = PBXFileReference; lastKnownFileType = sourcecode.swift; path = LocalDataSource.swift; sourceTree = "<group>"; };
		7499FCB92436779C002B2AF4 /* GitHubPREntityLocalDataSourceImpl.swift */ = {isa = PBXFileReference; lastKnownFileType = sourcecode.swift; path = GitHubPREntityLocalDataSourceImpl.swift; sourceTree = "<group>"; };
		7499FCBD24367BB3002B2AF4 /* GitHubPREntityRepository.swift */ = {isa = PBXFileReference; lastKnownFileType = sourcecode.swift; path = GitHubPREntityRepository.swift; sourceTree = "<group>"; };
		749C8C1B24380CDB006C570B /* GitHubPR+CoreDataProperties.swift */ = {isa = PBXFileReference; lastKnownFileType = sourcecode.swift; path = "GitHubPR+CoreDataProperties.swift"; sourceTree = "<group>"; };
		749C8C1C24380CDB006C570B /* GitHubUser+CoreDataProperties.swift */ = {isa = PBXFileReference; lastKnownFileType = sourcecode.swift; path = "GitHubUser+CoreDataProperties.swift"; sourceTree = "<group>"; };
		749C8C1F2438F7CA006C570B /* GitHubUserEntityLocalDataSourceImpl.swift */ = {isa = PBXFileReference; lastKnownFileType = sourcecode.swift; path = GitHubUserEntityLocalDataSourceImpl.swift; sourceTree = "<group>"; };
		74A6D9A92A4C5BD9000D6581 /* PRDetailsView.swift */ = {isa = PBXFileReference; lastKnownFileType = sourcecode.swift; path = PRDetailsView.swift; sourceTree = "<group>"; };
		74A6D9AB2A4C5C5C000D6581 /* PRDetailsViewModel.swift */ = {isa = PBXFileReference; lastKnownFileType = sourcecode.swift; path = PRDetailsViewModel.swift; sourceTree = "<group>"; };
		74A6D9AD2A4DAA4D000D6581 /* PRListingView.swift */ = {isa = PBXFileReference; lastKnownFileType = sourcecode.swift; path = PRListingView.swift; sourceTree = "<group>"; };
		74B922F8244FBB3600A6DD7A /* GitHubDataSource.swift */ = {isa = PBXFileReference; lastKnownFileType = sourcecode.swift; path = GitHubDataSource.swift; sourceTree = "<group>"; };
		74B922FA244FBB5500A6DD7A /* Agent.swift */ = {isa = PBXFileReference; lastKnownFileType = sourcecode.swift; path = Agent.swift; sourceTree = "<group>"; };
		74BE5B45245CB44700C9D75C /* DBManager.swift */ = {isa = PBXFileReference; fileEncoding = 4; lastKnownFileType = sourcecode.swift; path = DBManager.swift; sourceTree = "<group>"; };
		74D634502CD1868000107D63 /* GitHubFileDiffType+Extensions.swift */ = {isa = PBXFileReference; lastKnownFileType = sourcecode.swift; path = "GitHubFileDiffType+Extensions.swift"; sourceTree = "<group>"; };
		74D634592CD1A40100107D63 /* GitHubPullRequest.swift */ = {isa = PBXFileReference; lastKnownFileType = sourcecode.swift; path = GitHubPullRequest.swift; sourceTree = "<group>"; };
		74D6345B2CD1C37C00107D63 /* TextFieldObserver.swift */ = {isa = PBXFileReference; lastKnownFileType = sourcecode.swift; path = TextFieldObserver.swift; sourceTree = "<group>"; };
		74EA8F0B2459F72400A50A38 /* PRDiffTable.swift */ = {isa = PBXFileReference; lastKnownFileType = sourcecode.swift; path = PRDiffTable.swift; sourceTree = "<group>"; };
		74F95C802A68106A00A13BDE /* PRRowViewModel.swift */ = {isa = PBXFileReference; lastKnownFileType = sourcecode.swift; path = PRRowViewModel.swift; sourceTree = "<group>"; };
		74FADB682A49BAB600DDCF35 /* PRRowView.swift */ = {isa = PBXFileReference; lastKnownFileType = sourcecode.swift; path = PRRowView.swift; sourceTree = "<group>"; };
/* End PBXFileReference section */

/* Begin PBXFrameworksBuildPhase section */
		017A14381F13109D004E9EE6 /* Frameworks */ = {
			isa = PBXFrameworksBuildPhase;
			buildActionMask = 2147483647;
			files = (
			);
			runOnlyForDeploymentPostprocessing = 0;
		};
		017A144C1F13109E004E9EE6 /* Frameworks */ = {
			isa = PBXFrameworksBuildPhase;
			buildActionMask = 2147483647;
			files = (
			);
			runOnlyForDeploymentPostprocessing = 0;
		};
		017A14571F13109E004E9EE6 /* Frameworks */ = {
			isa = PBXFrameworksBuildPhase;
			buildActionMask = 2147483647;
			files = (
			);
			runOnlyForDeploymentPostprocessing = 0;
		};
/* End PBXFrameworksBuildPhase section */

/* Begin PBXGroup section */
		017A14321F13109D004E9EE6 = {
			isa = PBXGroup;
			children = (
				017A143D1F13109D004E9EE6 /* filediff */,
				017A14521F13109E004E9EE6 /* filediffTests */,
				017A145D1F13109E004E9EE6 /* filediffUITests */,
				017A143C1F13109D004E9EE6 /* Products */,
				0AD2340C8D9BCBAD998588A9 /* Frameworks */,
			);
			sourceTree = "<group>";
		};
		017A143C1F13109D004E9EE6 /* Products */ = {
			isa = PBXGroup;
			children = (
				017A143B1F13109D004E9EE6 /* PR Diff Tool.app */,
				017A144F1F13109E004E9EE6 /* PR Diff ToolTests.xctest */,
				017A145A1F13109E004E9EE6 /* PR Diff ToolUITests.xctest */,
			);
			name = Products;
			sourceTree = "<group>";
		};
		017A143D1F13109D004E9EE6 /* filediff */ = {
			isa = PBXGroup;
			children = (
				7436329F2CD040B300DF07E6 /* Data */,
				7436329D2CD0400800DF07E6 /* Domain */,
				745877D92457929E00E6E078 /* Presentation */,
				01C598491F156FD900B93E48 /* Resources */,
				745CCA6A2432538200183977 /* Utils */,
			);
			path = filediff;
			sourceTree = "<group>";
		};
		017A14521F13109E004E9EE6 /* filediffTests */ = {
			isa = PBXGroup;
			children = (
				7488B26B2CD4261C009E6A4D /* Domain */,
				7468C1062CD30F1600FDC12E /* Data */,
				7468C0F82CD303A700FDC12E /* Presentation */,
				017A14551F13109E004E9EE6 /* Info.plist */,
			);
			path = filediffTests;
			sourceTree = "<group>";
		};
		017A145D1F13109E004E9EE6 /* filediffUITests */ = {
			isa = PBXGroup;
			children = (
				017A145E1F13109E004E9EE6 /* PRDiffUITests.swift */,
				017A14601F13109E004E9EE6 /* Info.plist */,
			);
			path = filediffUITests;
			sourceTree = "<group>";
		};
		01C598491F156FD900B93E48 /* Resources */ = {
			isa = PBXGroup;
			children = (
				017A143E1F13109E004E9EE6 /* AppDelegate.swift */,
				017A14451F13109E004E9EE6 /* Assets.xcassets */,
				017A144A1F13109E004E9EE6 /* Info.plist */,
				017A14471F13109E004E9EE6 /* LaunchScreen.storyboard */,
				748F40F1245B617100B23E52 /* Localizable.strings */,
				745877CE24574C2B00E6E078 /* SceneDelegate.swift */,
			);
			name = Resources;
			sourceTree = "<group>";
		};
		0AD2340C8D9BCBAD998588A9 /* Frameworks */ = {
			isa = PBXGroup;
			children = (
			);
			name = Frameworks;
			sourceTree = "<group>";
		};
		7416F1EB24369B92004A344F /* CoreData */ = {
			isa = PBXGroup;
			children = (
				7499FCA4243671AD002B2AF4 /* CoreDataStorageContext.swift */,
				7499FCA824367306002B2AF4 /* CoreDataStoreCoordinator.swift */,
				745CCAB4243262AB00183977 /* DatastoreCoreData.swift */,
				745CCAC32432682900183977 /* filediff.xcdatamodeld */,
				745CCAC22432682900183977 /* GitHubPR+CoreDataClass.swift */,
				749C8C1B24380CDB006C570B /* GitHubPR+CoreDataProperties.swift */,
				745CCAC52432682900183977 /* GitHubUser+CoreDataClass.swift */,
				749C8C1C24380CDB006C570B /* GitHubUser+CoreDataProperties.swift */,
				7499FC9C24365A45002B2AF4 /* StorageContext.swift */,
			);
			path = CoreData;
			sourceTree = "<group>";
		};
		7436329D2CD0400800DF07E6 /* Domain */ = {
			isa = PBXGroup;
			children = (
				74D634572CD1980E00107D63 /* UseCases */,
				7436329E2CD0406200DF07E6 /* Models */,
				743632A02CD0570400DF07E6 /* Repository */,
			);
			path = Domain;
			sourceTree = "<group>";
		};
		7436329E2CD0406200DF07E6 /* Models */ = {
			isa = PBXGroup;
			children = (
				745CCABD243267F100183977 /* GitHubFile.swift */,
				7467B99C2A6FFE0500672C59 /* GitHubRepo.swift */,
				7467B99A2A6FFDF400672C59 /* GitHubRepoOwner.swift */,
				7467B9982A6FFDE000672C59 /* GitHubSearch.swift */,
				74D634592CD1A40100107D63 /* GitHubPullRequest.swift */,
			);
			path = Models;
			sourceTree = "<group>";
		};
		7436329F2CD040B300DF07E6 /* Data */ = {
			isa = PBXGroup;
			children = (
				745CCAB6243264F600183977 /* Models */,
				74A69A0824368766005A3E49 /* Networking */,
				743632A62CD05F2900DF07E6 /* Sources */,
			);
			path = Data;
			sourceTree = "<group>";
		};
		743632A02CD0570400DF07E6 /* Repository */ = {
			isa = PBXGroup;
			children = (
				743632A42CD05B4100DF07E6 /* GitHubPRRepository.swift */,
				743632A22CD059C100DF07E6 /* GitHubRepoRepository.swift */,
			);
			path = Repository;
			sourceTree = "<group>";
		};
		743632A12CD057B200DF07E6 /* Extensions */ = {
			isa = PBXGroup;
			children = (
				74D634502CD1868000107D63 /* GitHubFileDiffType+Extensions.swift */,
				745CCA402432519700183977 /* UIViewController+Extensions.swift */,
				745CCA3D2432519700183977 /* UIStackView+Extensions.swift */,
			);
			path = Extensions;
			sourceTree = "<group>";
		};
		743632A62CD05F2900DF07E6 /* Sources */ = {
			isa = PBXGroup;
			children = (
				74D634532CD1879600107D63 /* Local */,
				74D634522CD1878A00107D63 /* Remote */,
				74B922F8244FBB3600A6DD7A /* GitHubDataSource.swift */,
				743632A92CD0698600DF07E6 /* GitHubPRRepositoryImpl.swift */,
				743632AB2CD069D100DF07E6 /* GitHubRepoRepositoryImpl.swift */,
			);
			path = Sources;
			sourceTree = "<group>";
		};
		745877D224578CA000E6E078 /* List */ = {
			isa = PBXGroup;
			children = (
				74F95C822A68108B00A13BDE /* ViewModels */,
				745877DE245797D200E6E078 /* Views */,
			);
			path = List;
			sourceTree = "<group>";
		};
		745877D5245791FE00E6E078 /* Details */ = {
			isa = PBXGroup;
			children = (
				74F95C842A68111E00A13BDE /* ViewModels */,
				74F95C832A68111700A13BDE /* Views */,
			);
			path = Details;
			sourceTree = "<group>";
		};
		745877D82457921200E6E078 /* Diff */ = {
			isa = PBXGroup;
			children = (
				74F95C852A68113600A13BDE /* ViewModels */,
				74EA8F0D2459F89A00A50A38 /* Views */,
				745CCA582432532700183977 /* PRDiffDataSource.swift */,
				745CCA722432542300183977 /* PRDiffViewController.swift */,
				74EA8F0B2459F72400A50A38 /* PRDiffTable.swift */,
			);
			path = Diff;
			sourceTree = "<group>";
		};
		745877D92457929E00E6E078 /* Presentation */ = {
			isa = PBXGroup;
			children = (
				74D6345D2CD1C41D00107D63 /* Common */,
				745877D5245791FE00E6E078 /* Details */,
				745877D82457921200E6E078 /* Diff */,
				743632A12CD057B200DF07E6 /* Extensions */,
				745877D224578CA000E6E078 /* List */,
				74EA8F062458951100A50A38 /* Navigation */,
				7467B98D2A6F58AE00672C59 /* Search */,
			);
			path = Presentation;
			sourceTree = "<group>";
		};
		745877DE245797D200E6E078 /* Views */ = {
			isa = PBXGroup;
			children = (
				74A6D9AD2A4DAA4D000D6581 /* PRListingView.swift */,
				74FADB682A49BAB600DDCF35 /* PRRowView.swift */,
			);
			path = Views;
			sourceTree = "<group>";
		};
		745CCA3B2432519700183977 /* Extensions */ = {
			isa = PBXGroup;
			children = (
				745CCA3E2432519700183977 /* String+Extensions.swift */,
			);
			path = Extensions;
			sourceTree = "<group>";
		};
		745CCA6A2432538200183977 /* Utils */ = {
			isa = PBXGroup;
			children = (
				745CCA3B2432519700183977 /* Extensions */,
				745CCA5E2432534900183977 /* BaseOperation.swift */,
			);
			path = Utils;
			sourceTree = "<group>";
		};
		745CCAB6243264F600183977 /* Models */ = {
			isa = PBXGroup;
			children = (
				74D634562CD1881200107D63 /* Remote */,
				74D634542CD1880300107D63 /* Local */,
			);
			path = Models;
			sourceTree = "<group>";
		};
		7467B98D2A6F58AE00672C59 /* Search */ = {
			isa = PBXGroup;
			children = (
				7467B98F2A6F597900672C59 /* ViewModel */,
				7467B98E2A6F58CC00672C59 /* Views */,
			);
			path = Search;
			sourceTree = "<group>";
		};
		7467B98E2A6F58CC00672C59 /* Views */ = {
			isa = PBXGroup;
			children = (
				7436329A2CD03DE800DF07E6 /* RepoView.swift */,
				7467B99E2A70002900672C59 /* RepoSearchView.swift */,
			);
			path = Views;
			sourceTree = "<group>";
		};
		7467B98F2A6F597900672C59 /* ViewModel */ = {
			isa = PBXGroup;
			children = (
				7467B9962A6FFC4700672C59 /* RepoSearchViewModel.swift */,
			);
			path = ViewModel;
			sourceTree = "<group>";
		};
		7468C0F82CD303A700FDC12E /* Presentation */ = {
			isa = PBXGroup;
			children = (
				7468C0FC2CD3054B00FDC12E /* Details */,
				7468C1002CD3089E00FDC12E /* List */,
				7468C0F92CD303D300FDC12E /* Search */,
			);
			path = Presentation;
			sourceTree = "<group>";
		};
		7468C0F92CD303D300FDC12E /* Search */ = {
			isa = PBXGroup;
			children = (
				7468C0FA2CD303E700FDC12E /* ViewModel */,
			);
			path = Search;
			sourceTree = "<group>";
		};
		7468C0FA2CD303E700FDC12E /* ViewModel */ = {
			isa = PBXGroup;
			children = (
				7468C0FB2CD3040200FDC12E /* RepoSearchViewModelTests.swift */,
			);
			path = ViewModel;
			sourceTree = "<group>";
		};
		7468C0FC2CD3054B00FDC12E /* Details */ = {
			isa = PBXGroup;
			children = (
				7468C0FD2CD3055200FDC12E /* ViewModel */,
			);
			path = Details;
			sourceTree = "<group>";
		};
		7468C0FD2CD3055200FDC12E /* ViewModel */ = {
			isa = PBXGroup;
			children = (
				7468C0FE2CD3056000FDC12E /* PRDetailsViewModelTests.swift */,
			);
			path = ViewModel;
			sourceTree = "<group>";
		};
		7468C1002CD3089E00FDC12E /* List */ = {
			isa = PBXGroup;
			children = (
				7468C1012CD308A700FDC12E /* ViewModels */,
			);
			path = List;
			sourceTree = "<group>";
		};
		7468C1012CD308A700FDC12E /* ViewModels */ = {
			isa = PBXGroup;
			children = (
				7468C1042CD30DA300FDC12E /* PRListViewModelTests.swift */,
				7468C1022CD308B100FDC12E /* PRRowViewModelTests.swift */,
			);
			path = ViewModels;
			sourceTree = "<group>";
		};
		7468C1062CD30F1600FDC12E /* Data */ = {
			isa = PBXGroup;
			children = (
				7468C1072CD30F1D00FDC12E /* Sources */,
			);
			path = Data;
			sourceTree = "<group>";
		};
		7468C1072CD30F1D00FDC12E /* Sources */ = {
			isa = PBXGroup;
			children = (
				7488B26F2CD42AF3009E6A4D /* GitHubDataSourceMock.swift */,
				7488B26D2CD42997009E6A4D /* GitHubPRRepositoryImplTests.swift */,
				7488B2682CD423AD009E6A4D /* GitHubRepoRepositoryImplTests.swift */,
			);
			path = Sources;
			sourceTree = "<group>";
		};
		7488B26B2CD4261C009E6A4D /* Domain */ = {
			isa = PBXGroup;
			children = (
				7488B26C2CD42628009E6A4D /* Repository */,
			);
			path = Domain;
			sourceTree = "<group>";
		};
		7488B26C2CD42628009E6A4D /* Repository */ = {
			isa = PBXGroup;
			children = (
				7468C1092CD30F3300FDC12E /* GitHubPRRepositoryMock.swift */,
				7488B2632CD415C3009E6A4D /* GitHubRepoRepositoryMock.swift */,
			);
			path = Repository;
			sourceTree = "<group>";
		};
		74A69A0824368766005A3E49 /* Networking */ = {
			isa = PBXGroup;
			children = (
				74B922FA244FBB5500A6DD7A /* Agent.swift */,
				745CCA4F2432520800183977 /* HttpClient.swift */,
				745CCA4E2432520800183977 /* HTTPRequest.swift */,
			);
			path = Networking;
			sourceTree = "<group>";
		};
		74D634522CD1878A00107D63 /* Remote */ = {
			isa = PBXGroup;
			children = (
				743632AD2CD06AA200DF07E6 /* GitHubRemoteDataSource.swift */,
			);
			path = Remote;
			sourceTree = "<group>";
		};
		74D634532CD1879600107D63 /* Local */ = {
			isa = PBXGroup;
			children = (
				7416F1EB24369B92004A344F /* CoreData */,
				7499FCA024365AD3002B2AF4 /* ConfigurationType.swift */,
				745CCAB22432628100183977 /* Datastore.swift */,
				74BE5B45245CB44700C9D75C /* DBManager.swift */,
				7499FCB92436779C002B2AF4 /* GitHubPREntityLocalDataSourceImpl.swift */,
				7499FCBD24367BB3002B2AF4 /* GitHubPREntityRepository.swift */,
				749C8C1F2438F7CA006C570B /* GitHubUserEntityLocalDataSourceImpl.swift */,
				7499FCB224367591002B2AF4 /* LocalDataSource.swift */,
				7499FC9E24365A6D002B2AF4 /* Storable.swift */,
			);
			path = Local;
			sourceTree = "<group>";
		};
		74D634542CD1880300107D63 /* Local */ = {
			isa = PBXGroup;
			children = (
				7499FCB024367453002B2AF4 /* DomainBaseEntity.swift */,
				7499FCAC24367425002B2AF4 /* GitHubPREntity.swift */,
				7499FCAE24367431002B2AF4 /* GitHubUserEntity.swift */,
				7499FCAA243673AC002B2AF4 /* Mappable.swift */,
				7499FCA224365AF3002B2AF4 /* Sorted.swift */,
			);
			path = Local;
			sourceTree = "<group>";
		};
		74D634562CD1881200107D63 /* Remote */ = {
			isa = PBXGroup;
			children = (
				745CCAB72432652600183977 /* GitHubPRResponse.swift */,
				745CCAB92432673400183977 /* GitHubUserResponse.swift */,
				7467B9902A6FF96B00672C59 /* GitHubRepoResponse.swift */,
				7467B9922A6FF99B00672C59 /* GitRepoOwnerResponse.swift */,
				7467B9942A6FFB2900672C59 /* GitHubSearchResponse.swift */,
			);
			path = Remote;
			sourceTree = "<group>";
		};
		74D634572CD1980E00107D63 /* UseCases */ = {
			isa = PBXGroup;
			children = (
				74D634582CD19A0600107D63 /* Parsing */,
			);
			path = UseCases;
			sourceTree = "<group>";
		};
		74D634582CD19A0600107D63 /* Parsing */ = {
			isa = PBXGroup;
			children = (
				745CCA4B2432520800183977 /* FileDiffQueue.swift */,
				745CCA6C2432538200183977 /* GitHubParser.swift */,
				745CCA5C2432534900183977 /* GitHubParserOperation.swift */,
				745CCA5D2432534900183977 /* SyncPRDiffOperation.swift */,
			);
			path = Parsing;
			sourceTree = "<group>";
		};
		74D6345D2CD1C41D00107D63 /* Common */ = {
			isa = PBXGroup;
			children = (
				7468C0F62CD2F54E00FDC12E /* LoadingView.swift */,
				74D6345B2CD1C37C00107D63 /* TextFieldObserver.swift */,
				7488B25E2CD3F20E009E6A4D /* ViewState.swift */,
				7488B2602CD3F9E7009E6A4D /* ErrorView.swift */,
			);
			path = Common;
			sourceTree = "<group>";
		};
		74EA8F062458951100A50A38 /* Navigation */ = {
			isa = PBXGroup;
			children = (
				745877DA2457933A00E6E078 /* Coordinator.swift */,
				745877DC2457935600E6E078 /* MainCoordinator.swift */,
				7488C51A245D9C2600700F63 /* AppCoordinator.swift */,
				7488C51C245D9CF700700F63 /* MasterCoordinator.swift */,
			);
			path = Navigation;
			sourceTree = "<group>";
		};
		74EA8F0D2459F89A00A50A38 /* Views */ = {
			isa = PBXGroup;
			children = (
				745CCA682432538200183977 /* FileDiffTableViewCell.swift */,
			);
			path = Views;
			sourceTree = "<group>";
		};
		74F95C822A68108B00A13BDE /* ViewModels */ = {
			isa = PBXGroup;
			children = (
				745877D024578C9200E6E078 /* PRListViewModel.swift */,
				74F95C802A68106A00A13BDE /* PRRowViewModel.swift */,
			);
			path = ViewModels;
			sourceTree = "<group>";
		};
		74F95C832A68111700A13BDE /* Views */ = {
			isa = PBXGroup;
			children = (
				74A6D9A92A4C5BD9000D6581 /* PRDetailsView.swift */,
			);
			path = Views;
			sourceTree = "<group>";
		};
		74F95C842A68111E00A13BDE /* ViewModels */ = {
			isa = PBXGroup;
			children = (
				74A6D9AB2A4C5C5C000D6581 /* PRDetailsViewModel.swift */,
			);
			path = ViewModels;
			sourceTree = "<group>";
		};
		74F95C852A68113600A13BDE /* ViewModels */ = {
			isa = PBXGroup;
			children = (
				745877D62457920E00E6E078 /* PRDiffViewModel.swift */,
			);
			path = ViewModels;
			sourceTree = "<group>";
		};
/* End PBXGroup section */

/* Begin PBXNativeTarget section */
		017A143A1F13109D004E9EE6 /* PR Diff Tool */ = {
			isa = PBXNativeTarget;
			buildConfigurationList = 017A14631F13109E004E9EE6 /* Build configuration list for PBXNativeTarget "PR Diff Tool" */;
			buildPhases = (
				017A14371F13109D004E9EE6 /* Sources */,
				017A14381F13109D004E9EE6 /* Frameworks */,
				017A14391F13109D004E9EE6 /* Resources */,
			);
			buildRules = (
			);
			dependencies = (
			);
			name = "PR Diff Tool";
			packageProductDependencies = (
			);
			productName = filediff;
			productReference = 017A143B1F13109D004E9EE6 /* PR Diff Tool.app */;
			productType = "com.apple.product-type.application";
		};
		017A144E1F13109E004E9EE6 /* PR Diff ToolTests */ = {
			isa = PBXNativeTarget;
			buildConfigurationList = 017A14661F13109E004E9EE6 /* Build configuration list for PBXNativeTarget "PR Diff ToolTests" */;
			buildPhases = (
				017A144B1F13109E004E9EE6 /* Sources */,
				017A144C1F13109E004E9EE6 /* Frameworks */,
				017A144D1F13109E004E9EE6 /* Resources */,
			);
			buildRules = (
			);
			dependencies = (
				017A14511F13109E004E9EE6 /* PBXTargetDependency */,
			);
			name = "PR Diff ToolTests";
			productName = filediffTests;
			productReference = 017A144F1F13109E004E9EE6 /* PR Diff ToolTests.xctest */;
			productType = "com.apple.product-type.bundle.unit-test";
		};
		017A14591F13109E004E9EE6 /* PR Diff ToolUITests */ = {
			isa = PBXNativeTarget;
			buildConfigurationList = 017A14691F13109E004E9EE6 /* Build configuration list for PBXNativeTarget "PR Diff ToolUITests" */;
			buildPhases = (
				017A14561F13109E004E9EE6 /* Sources */,
				017A14571F13109E004E9EE6 /* Frameworks */,
				017A14581F13109E004E9EE6 /* Resources */,
			);
			buildRules = (
			);
			dependencies = (
				017A145C1F13109E004E9EE6 /* PBXTargetDependency */,
			);
			name = "PR Diff ToolUITests";
			productName = filediffUITests;
			productReference = 017A145A1F13109E004E9EE6 /* PR Diff ToolUITests.xctest */;
			productType = "com.apple.product-type.bundle.ui-testing";
		};
/* End PBXNativeTarget section */

/* Begin PBXProject section */
		017A14331F13109D004E9EE6 /* Project object */ = {
			isa = PBXProject;
			attributes = {
				BuildIndependentTargetsInParallel = YES;
				LastSwiftUpdateCheck = 0830;
				LastUpgradeCheck = 1600;
				ORGANIZATIONNAME = "Michael Ferro";
				TargetAttributes = {
					017A143A1F13109D004E9EE6 = {
						CreatedOnToolsVersion = 8.3.1;
						LastSwiftMigration = 1140;
						ProvisioningStyle = Automatic;
					};
					017A144E1F13109E004E9EE6 = {
						CreatedOnToolsVersion = 8.3.1;
						DevelopmentTeam = D3D8DSFWDT;
						LastSwiftMigration = 1140;
						ProvisioningStyle = Automatic;
						TestTargetID = 017A143A1F13109D004E9EE6;
					};
					017A14591F13109E004E9EE6 = {
						CreatedOnToolsVersion = 8.3.1;
						DevelopmentTeam = D3D8DSFWDT;
						LastSwiftMigration = 1140;
						ProvisioningStyle = Automatic;
						TestTargetID = 017A143A1F13109D004E9EE6;
					};
				};
			};
			buildConfigurationList = 017A14361F13109D004E9EE6 /* Build configuration list for PBXProject "PR Diff Tool" */;
			compatibilityVersion = "Xcode 3.2";
			developmentRegion = en;
			hasScannedForEncodings = 0;
			knownRegions = (
				en,
				Base,
				es,
			);
			mainGroup = 017A14321F13109D004E9EE6;
			packageReferences = (
			);
			productRefGroup = 017A143C1F13109D004E9EE6 /* Products */;
			projectDirPath = "";
			projectRoot = "";
			targets = (
				017A143A1F13109D004E9EE6 /* PR Diff Tool */,
				017A144E1F13109E004E9EE6 /* PR Diff ToolTests */,
				017A14591F13109E004E9EE6 /* PR Diff ToolUITests */,
			);
		};
/* End PBXProject section */

/* Begin PBXResourcesBuildPhase section */
		017A14391F13109D004E9EE6 /* Resources */ = {
			isa = PBXResourcesBuildPhase;
			buildActionMask = 2147483647;
			files = (
				017A14491F13109E004E9EE6 /* LaunchScreen.storyboard in Resources */,
				748F40EF245B617100B23E52 /* Localizable.strings in Resources */,
				017A14461F13109E004E9EE6 /* Assets.xcassets in Resources */,
			);
			runOnlyForDeploymentPostprocessing = 0;
		};
		017A144D1F13109E004E9EE6 /* Resources */ = {
			isa = PBXResourcesBuildPhase;
			buildActionMask = 2147483647;
			files = (
			);
			runOnlyForDeploymentPostprocessing = 0;
		};
		017A14581F13109E004E9EE6 /* Resources */ = {
			isa = PBXResourcesBuildPhase;
			buildActionMask = 2147483647;
			files = (
			);
			runOnlyForDeploymentPostprocessing = 0;
		};
/* End PBXResourcesBuildPhase section */

/* Begin PBXSourcesBuildPhase section */
		017A14371F13109D004E9EE6 /* Sources */ = {
			isa = PBXSourcesBuildPhase;
			buildActionMask = 2147483647;
			files = (
				74D634512CD1868000107D63 /* GitHubFileDiffType+Extensions.swift in Sources */,
				74A6D9AC2A4C5C5C000D6581 /* PRDetailsViewModel.swift in Sources */,
				7467B9972A6FFC4700672C59 /* RepoSearchViewModel.swift in Sources */,
				74F95C812A68106A00A13BDE /* PRRowViewModel.swift in Sources */,
				745CCABF243267F100183977 /* GitHubFile.swift in Sources */,
				7467B9932A6FF99B00672C59 /* GitRepoOwnerResponse.swift in Sources */,
				7467B9912A6FF96B00672C59 /* GitHubRepoResponse.swift in Sources */,
				745CCA612432534900183977 /* GitHubParserOperation.swift in Sources */,
				745CCA432432519700183977 /* String+Extensions.swift in Sources */,
				749C8C1D24380CDB006C570B /* GitHubPR+CoreDataProperties.swift in Sources */,
				7467B9992A6FFDE000672C59 /* GitHubSearch.swift in Sources */,
				7488C51D245D9CF700700F63 /* MasterCoordinator.swift in Sources */,
				743632A52CD05B4900DF07E6 /* GitHubPRRepository.swift in Sources */,
				7467B99B2A6FFDF400672C59 /* GitHubRepoOwner.swift in Sources */,
				74B922FB244FBB5500A6DD7A /* Agent.swift in Sources */,
				745CCA702432538200183977 /* GitHubParser.swift in Sources */,
				7499FCBE24367BB3002B2AF4 /* GitHubPREntityRepository.swift in Sources */,
				745CCA5A2432532700183977 /* PRDiffDataSource.swift in Sources */,
				7488C51B245D9C2600700F63 /* AppCoordinator.swift in Sources */,
				7499FCAF24367431002B2AF4 /* GitHubUserEntity.swift in Sources */,
				743632A32CD059C200DF07E6 /* GitHubRepoRepository.swift in Sources */,
				74B922F9244FBB3600A6DD7A /* GitHubDataSource.swift in Sources */,
				74D6345C2CD1C37C00107D63 /* TextFieldObserver.swift in Sources */,
				7499FCB324367591002B2AF4 /* LocalDataSource.swift in Sources */,
				7499FCAD24367425002B2AF4 /* GitHubPREntity.swift in Sources */,
				749C8C202438F7CA006C570B /* GitHubUserEntityLocalDataSourceImpl.swift in Sources */,
				7436329B2CD03DE800DF07E6 /* RepoView.swift in Sources */,
				7499FCA924367306002B2AF4 /* CoreDataStoreCoordinator.swift in Sources */,
				745CCABA2432673400183977 /* GitHubUserResponse.swift in Sources */,
				017A143F1F13109E004E9EE6 /* AppDelegate.swift in Sources */,
				745CCAB82432652600183977 /* GitHubPRResponse.swift in Sources */,
				7499FCBA2436779C002B2AF4 /* GitHubPREntityLocalDataSourceImpl.swift in Sources */,
				74A6D9AA2A4C5BD9000D6581 /* PRDetailsView.swift in Sources */,
				7499FCA324365AF3002B2AF4 /* Sorted.swift in Sources */,
				745877D124578C9200E6E078 /* PRListViewModel.swift in Sources */,
				7499FCAB243673AC002B2AF4 /* Mappable.swift in Sources */,
				749C8C1E24380CDB006C570B /* GitHubUser+CoreDataProperties.swift in Sources */,
				745CCA6D2432538200183977 /* FileDiffTableViewCell.swift in Sources */,
				7467B99F2A70002900672C59 /* RepoSearchView.swift in Sources */,
				7488B2612CD3F9E7009E6A4D /* ErrorView.swift in Sources */,
				745CCA632432534900183977 /* BaseOperation.swift in Sources */,
				745877CF24574C2B00E6E078 /* SceneDelegate.swift in Sources */,
				74D6345A2CD1A40100107D63 /* GitHubPullRequest.swift in Sources */,
				7499FC9D24365A45002B2AF4 /* StorageContext.swift in Sources */,
				745CCA422432519700183977 /* UIStackView+Extensions.swift in Sources */,
				74EA8F0C2459F72400A50A38 /* PRDiffTable.swift in Sources */,
				745CCAC92432682900183977 /* filediff.xcdatamodeld in Sources */,
				745CCAB32432628100183977 /* Datastore.swift in Sources */,
				745CCA522432520800183977 /* FileDiffQueue.swift in Sources */,
				745CCACA2432682900183977 /* GitHubUser+CoreDataClass.swift in Sources */,
				7499FC9F24365A6D002B2AF4 /* Storable.swift in Sources */,
				745CCA552432520800183977 /* HttpClient.swift in Sources */,
				743632AE2CD06AA400DF07E6 /* GitHubRemoteDataSource.swift in Sources */,
				743632AC2CD069D500DF07E6 /* GitHubRepoRepositoryImpl.swift in Sources */,
				7468C0F72CD2F55200FDC12E /* LoadingView.swift in Sources */,
				745CCAC82432682900183977 /* GitHubPR+CoreDataClass.swift in Sources */,
				745877DD2457935600E6E078 /* MainCoordinator.swift in Sources */,
				74A6D9AE2A4DAA4D000D6581 /* PRListingView.swift in Sources */,
				7499FCB124367453002B2AF4 /* DomainBaseEntity.swift in Sources */,
				7467B99D2A6FFE0500672C59 /* GitHubRepo.swift in Sources */,
				743632AA2CD0698800DF07E6 /* GitHubPRRepositoryImpl.swift in Sources */,
				7499FCA124365AD3002B2AF4 /* ConfigurationType.swift in Sources */,
				7488B25F2CD3F20E009E6A4D /* ViewState.swift in Sources */,
				745877DB2457933A00E6E078 /* Coordinator.swift in Sources */,
				745CCA622432534900183977 /* SyncPRDiffOperation.swift in Sources */,
				745877D72457920E00E6E078 /* PRDiffViewModel.swift in Sources */,
				745CCAB5243262AB00183977 /* DatastoreCoreData.swift in Sources */,
				7467B9952A6FFB2900672C59 /* GitHubSearchResponse.swift in Sources */,
				745CCA452432519700183977 /* UIViewController+Extensions.swift in Sources */,
				74FADB692A49BAB600DDCF35 /* PRRowView.swift in Sources */,
				745CCA542432520800183977 /* HTTPRequest.swift in Sources */,
				745CCA7A2432542300183977 /* PRDiffViewController.swift in Sources */,
				7499FCA5243671AD002B2AF4 /* CoreDataStorageContext.swift in Sources */,
				74BE5B46245CB45100C9D75C /* DBManager.swift in Sources */,
			);
			runOnlyForDeploymentPostprocessing = 0;
		};
		017A144B1F13109E004E9EE6 /* Sources */ = {
			isa = PBXSourcesBuildPhase;
			buildActionMask = 2147483647;
			files = (
				7488B2652CD41622009E6A4D /* GitHubRepoRepositoryMock.swift in Sources */,
				7468C10A2CD30F3300FDC12E /* GitHubPRRepositoryMock.swift in Sources */,
				7488B26E2CD42997009E6A4D /* GitHubPRRepositoryImplTests.swift in Sources */,
				7468C0FF2CD3075F00FDC12E /* PRDetailsViewModelTests.swift in Sources */,
				7488B2702CD42AF3009E6A4D /* GitHubDataSourceMock.swift in Sources */,
				7468C1052CD30DA800FDC12E /* PRListViewModelTests.swift in Sources */,
				7488B2622CD414EB009E6A4D /* RepoSearchViewModelTests.swift in Sources */,
				7488B26A2CD423C0009E6A4D /* GitHubRepoRepositoryImplTests.swift in Sources */,
				7468C1032CD308B400FDC12E /* PRRowViewModelTests.swift in Sources */,
			);
			runOnlyForDeploymentPostprocessing = 0;
		};
		017A14561F13109E004E9EE6 /* Sources */ = {
			isa = PBXSourcesBuildPhase;
			buildActionMask = 2147483647;
			files = (
				017A145F1F13109E004E9EE6 /* PRDiffUITests.swift in Sources */,
			);
			runOnlyForDeploymentPostprocessing = 0;
		};
/* End PBXSourcesBuildPhase section */

/* Begin PBXTargetDependency section */
		017A14511F13109E004E9EE6 /* PBXTargetDependency */ = {
			isa = PBXTargetDependency;
			target = 017A143A1F13109D004E9EE6 /* PR Diff Tool */;
			targetProxy = 017A14501F13109E004E9EE6 /* PBXContainerItemProxy */;
		};
		017A145C1F13109E004E9EE6 /* PBXTargetDependency */ = {
			isa = PBXTargetDependency;
			target = 017A143A1F13109D004E9EE6 /* PR Diff Tool */;
			targetProxy = 017A145B1F13109E004E9EE6 /* PBXContainerItemProxy */;
		};
/* End PBXTargetDependency section */

/* Begin PBXVariantGroup section */
		017A14471F13109E004E9EE6 /* LaunchScreen.storyboard */ = {
			isa = PBXVariantGroup;
			children = (
				017A14481F13109E004E9EE6 /* Base */,
				748F40EA245B610500B23E52 /* es */,
				748F40EC245B611B00B23E52 /* en */,
			);
			name = LaunchScreen.storyboard;
			sourceTree = "<group>";
		};
		748F40F1245B617100B23E52 /* Localizable.strings */ = {
			isa = PBXVariantGroup;
			children = (
				748F40F0245B617100B23E52 /* en */,
				748F40F2245B617300B23E52 /* es */,
			);
			name = Localizable.strings;
			sourceTree = "<group>";
		};
/* End PBXVariantGroup section */

/* Begin XCBuildConfiguration section */
		017A14611F13109E004E9EE6 /* Debug */ = {
			isa = XCBuildConfiguration;
			buildSettings = {
				ALWAYS_SEARCH_USER_PATHS = NO;
				ASSETCATALOG_COMPILER_GENERATE_SWIFT_ASSET_SYMBOL_EXTENSIONS = YES;
				CLANG_ANALYZER_LOCALIZABILITY_NONLOCALIZED = YES;
				CLANG_ANALYZER_NONNULL = YES;
				CLANG_ANALYZER_NUMBER_OBJECT_CONVERSION = YES_AGGRESSIVE;
				CLANG_CXX_LANGUAGE_STANDARD = "gnu++0x";
				CLANG_CXX_LIBRARY = "libc++";
				CLANG_ENABLE_MODULES = YES;
				CLANG_ENABLE_OBJC_ARC = YES;
				CLANG_WARN_BLOCK_CAPTURE_AUTORELEASING = YES;
				CLANG_WARN_BOOL_CONVERSION = YES;
				CLANG_WARN_COMMA = YES;
				CLANG_WARN_CONSTANT_CONVERSION = YES;
				CLANG_WARN_DEPRECATED_OBJC_IMPLEMENTATIONS = YES;
				CLANG_WARN_DIRECT_OBJC_ISA_USAGE = YES_ERROR;
				CLANG_WARN_DOCUMENTATION_COMMENTS = YES;
				CLANG_WARN_EMPTY_BODY = YES;
				CLANG_WARN_ENUM_CONVERSION = YES;
				CLANG_WARN_INFINITE_RECURSION = YES;
				CLANG_WARN_INT_CONVERSION = YES;
				CLANG_WARN_NON_LITERAL_NULL_CONVERSION = YES;
				CLANG_WARN_OBJC_IMPLICIT_RETAIN_SELF = YES;
				CLANG_WARN_OBJC_LITERAL_CONVERSION = YES;
				CLANG_WARN_OBJC_ROOT_CLASS = YES_ERROR;
				CLANG_WARN_QUOTED_INCLUDE_IN_FRAMEWORK_HEADER = YES;
				CLANG_WARN_RANGE_LOOP_ANALYSIS = YES;
				CLANG_WARN_STRICT_PROTOTYPES = YES;
				CLANG_WARN_SUSPICIOUS_MOVE = YES;
				CLANG_WARN_UNREACHABLE_CODE = YES;
				CLANG_WARN__DUPLICATE_METHOD_MATCH = YES;
				"CODE_SIGN_IDENTITY[sdk=iphoneos*]" = "iPhone Developer";
				COPY_PHASE_STRIP = NO;
				DEBUG_INFORMATION_FORMAT = dwarf;
				ENABLE_STRICT_OBJC_MSGSEND = YES;
				ENABLE_TESTABILITY = YES;
				ENABLE_USER_SCRIPT_SANDBOXING = YES;
				GCC_C_LANGUAGE_STANDARD = gnu99;
				GCC_DYNAMIC_NO_PIC = NO;
				GCC_NO_COMMON_BLOCKS = YES;
				GCC_OPTIMIZATION_LEVEL = 0;
				GCC_PREPROCESSOR_DEFINITIONS = (
					"DEBUG=1",
					"$(inherited)",
				);
				GCC_WARN_64_TO_32_BIT_CONVERSION = YES;
				GCC_WARN_ABOUT_RETURN_TYPE = YES_ERROR;
				GCC_WARN_UNDECLARED_SELECTOR = YES;
				GCC_WARN_UNINITIALIZED_AUTOS = YES_AGGRESSIVE;
				GCC_WARN_UNUSED_FUNCTION = YES;
				GCC_WARN_UNUSED_VARIABLE = YES;
				IPHONEOS_DEPLOYMENT_TARGET = 13.0;
				MTL_ENABLE_DEBUG_INFO = YES;
				ONLY_ACTIVE_ARCH = YES;
				SDKROOT = iphoneos;
				SWIFT_ACTIVE_COMPILATION_CONDITIONS = DEBUG;
				SWIFT_OPTIMIZATION_LEVEL = "-Onone";
				SWIFT_STRICT_CONCURRENCY = complete;
				TARGETED_DEVICE_FAMILY = "1,2";
			};
			name = Debug;
		};
		017A14621F13109E004E9EE6 /* Release */ = {
			isa = XCBuildConfiguration;
			buildSettings = {
				ALWAYS_SEARCH_USER_PATHS = NO;
				ASSETCATALOG_COMPILER_GENERATE_SWIFT_ASSET_SYMBOL_EXTENSIONS = YES;
				CLANG_ANALYZER_LOCALIZABILITY_NONLOCALIZED = YES;
				CLANG_ANALYZER_NONNULL = YES;
				CLANG_ANALYZER_NUMBER_OBJECT_CONVERSION = YES_AGGRESSIVE;
				CLANG_CXX_LANGUAGE_STANDARD = "gnu++0x";
				CLANG_CXX_LIBRARY = "libc++";
				CLANG_ENABLE_MODULES = YES;
				CLANG_ENABLE_OBJC_ARC = YES;
				CLANG_WARN_BLOCK_CAPTURE_AUTORELEASING = YES;
				CLANG_WARN_BOOL_CONVERSION = YES;
				CLANG_WARN_COMMA = YES;
				CLANG_WARN_CONSTANT_CONVERSION = YES;
				CLANG_WARN_DEPRECATED_OBJC_IMPLEMENTATIONS = YES;
				CLANG_WARN_DIRECT_OBJC_ISA_USAGE = YES_ERROR;
				CLANG_WARN_DOCUMENTATION_COMMENTS = YES;
				CLANG_WARN_EMPTY_BODY = YES;
				CLANG_WARN_ENUM_CONVERSION = YES;
				CLANG_WARN_INFINITE_RECURSION = YES;
				CLANG_WARN_INT_CONVERSION = YES;
				CLANG_WARN_NON_LITERAL_NULL_CONVERSION = YES;
				CLANG_WARN_OBJC_IMPLICIT_RETAIN_SELF = YES;
				CLANG_WARN_OBJC_LITERAL_CONVERSION = YES;
				CLANG_WARN_OBJC_ROOT_CLASS = YES_ERROR;
				CLANG_WARN_QUOTED_INCLUDE_IN_FRAMEWORK_HEADER = YES;
				CLANG_WARN_RANGE_LOOP_ANALYSIS = YES;
				CLANG_WARN_STRICT_PROTOTYPES = YES;
				CLANG_WARN_SUSPICIOUS_MOVE = YES;
				CLANG_WARN_UNREACHABLE_CODE = YES;
				CLANG_WARN__DUPLICATE_METHOD_MATCH = YES;
				"CODE_SIGN_IDENTITY[sdk=iphoneos*]" = "iPhone Developer";
				COPY_PHASE_STRIP = NO;
				DEBUG_INFORMATION_FORMAT = "dwarf-with-dsym";
				ENABLE_NS_ASSERTIONS = NO;
				ENABLE_STRICT_OBJC_MSGSEND = YES;
				ENABLE_USER_SCRIPT_SANDBOXING = YES;
				GCC_C_LANGUAGE_STANDARD = gnu99;
				GCC_NO_COMMON_BLOCKS = YES;
				GCC_WARN_64_TO_32_BIT_CONVERSION = YES;
				GCC_WARN_ABOUT_RETURN_TYPE = YES_ERROR;
				GCC_WARN_UNDECLARED_SELECTOR = YES;
				GCC_WARN_UNINITIALIZED_AUTOS = YES_AGGRESSIVE;
				GCC_WARN_UNUSED_FUNCTION = YES;
				GCC_WARN_UNUSED_VARIABLE = YES;
				IPHONEOS_DEPLOYMENT_TARGET = 13.0;
				MTL_ENABLE_DEBUG_INFO = NO;
				SDKROOT = iphoneos;
				SWIFT_COMPILATION_MODE = wholemodule;
				SWIFT_OPTIMIZATION_LEVEL = "-O";
				SWIFT_STRICT_CONCURRENCY = complete;
				TARGETED_DEVICE_FAMILY = "1,2";
				VALIDATE_PRODUCT = YES;
			};
			name = Release;
		};
		017A14641F13109E004E9EE6 /* Debug */ = {
			isa = XCBuildConfiguration;
			buildSettings = {
				ASSETCATALOG_COMPILER_APPICON_NAME = AppIcon;
				CODE_SIGN_IDENTITY = "Apple Development";
				CODE_SIGN_STYLE = Automatic;
				CURRENT_PROJECT_VERSION = 2;
				DEVELOPMENT_TEAM = D3D8DSFWDT;
				INFOPLIST_FILE = filediff/Info.plist;
				IPHONEOS_DEPLOYMENT_TARGET = 17.0;
				LD_RUNPATH_SEARCH_PATHS = (
					"$(inherited)",
					"@executable_path/Frameworks",
				);
				MARKETING_VERSION = 1.1.0;
				PRODUCT_BUNDLE_IDENTIFIER = com.mferrojr.prdifftool;
				PRODUCT_NAME = "PR Diff Tool";
				PROVISIONING_PROFILE_SPECIFIER = "";
				SWIFT_STRICT_CONCURRENCY = minimal;
				SWIFT_VERSION = 5.0;
			};
			name = Debug;
		};
		017A14651F13109E004E9EE6 /* Release */ = {
			isa = XCBuildConfiguration;
			buildSettings = {
				ASSETCATALOG_COMPILER_APPICON_NAME = AppIcon;
				CODE_SIGN_IDENTITY = "Apple Development";
				CODE_SIGN_STYLE = Automatic;
				CURRENT_PROJECT_VERSION = 2;
				DEVELOPMENT_TEAM = D3D8DSFWDT;
				INFOPLIST_FILE = filediff/Info.plist;
				IPHONEOS_DEPLOYMENT_TARGET = 17.0;
				LD_RUNPATH_SEARCH_PATHS = (
					"$(inherited)",
					"@executable_path/Frameworks",
				);
				MARKETING_VERSION = 1.1.0;
				PRODUCT_BUNDLE_IDENTIFIER = com.mferrojr.prdifftool;
				PRODUCT_NAME = "PR Diff Tool";
				PROVISIONING_PROFILE_SPECIFIER = "";
				SWIFT_STRICT_CONCURRENCY = minimal;
				SWIFT_VERSION = 5.0;
			};
			name = Release;
		};
		017A14671F13109E004E9EE6 /* Debug */ = {
			isa = XCBuildConfiguration;
			buildSettings = {
				BUNDLE_LOADER = "$(TEST_HOST)";
				DEVELOPMENT_TEAM = D3D8DSFWDT;
				INFOPLIST_FILE = filediffTests/Info.plist;
				IPHONEOS_DEPLOYMENT_TARGET = 17.0;
				LD_RUNPATH_SEARCH_PATHS = (
					"$(inherited)",
					"@executable_path/Frameworks",
					"@loader_path/Frameworks",
				);
				PRODUCT_BUNDLE_IDENTIFIER = com.procore.challenge.filediffTests;
				PRODUCT_NAME = "$(TARGET_NAME)";
				SWIFT_VERSION = 5.0;
				TEST_HOST = "$(BUILT_PRODUCTS_DIR)/PR Diff Tool.app/PR Diff Tool";
			};
			name = Debug;
		};
		017A14681F13109E004E9EE6 /* Release */ = {
			isa = XCBuildConfiguration;
			buildSettings = {
				BUNDLE_LOADER = "$(TEST_HOST)";
				DEVELOPMENT_TEAM = D3D8DSFWDT;
				INFOPLIST_FILE = filediffTests/Info.plist;
				IPHONEOS_DEPLOYMENT_TARGET = 17.0;
				LD_RUNPATH_SEARCH_PATHS = (
					"$(inherited)",
					"@executable_path/Frameworks",
					"@loader_path/Frameworks",
				);
				PRODUCT_BUNDLE_IDENTIFIER = com.procore.challenge.filediffTests;
				PRODUCT_NAME = "$(TARGET_NAME)";
				SWIFT_VERSION = 5.0;
				TEST_HOST = "$(BUILT_PRODUCTS_DIR)/PR Diff Tool.app/PR Diff Tool";
			};
			name = Release;
		};
		017A146A1F13109E004E9EE6 /* Debug */ = {
			isa = XCBuildConfiguration;
			buildSettings = {
				DEVELOPMENT_TEAM = D3D8DSFWDT;
				INFOPLIST_FILE = filediffUITests/Info.plist;
				IPHONEOS_DEPLOYMENT_TARGET = 17.0;
				LD_RUNPATH_SEARCH_PATHS = (
					"$(inherited)",
					"@executable_path/Frameworks",
					"@loader_path/Frameworks",
				);
				PRODUCT_BUNDLE_IDENTIFIER = com.procore.challenge.filediffUITests;
				PRODUCT_NAME = "$(TARGET_NAME)";
				PROVISIONING_PROFILE = "";
				SWIFT_VERSION = 5.0;
				TEST_TARGET_NAME = "PR Diff Tool";
			};
			name = Debug;
		};
		017A146B1F13109E004E9EE6 /* Release */ = {
			isa = XCBuildConfiguration;
			buildSettings = {
				DEVELOPMENT_TEAM = D3D8DSFWDT;
				INFOPLIST_FILE = filediffUITests/Info.plist;
				IPHONEOS_DEPLOYMENT_TARGET = 17.0;
				LD_RUNPATH_SEARCH_PATHS = (
					"$(inherited)",
					"@executable_path/Frameworks",
					"@loader_path/Frameworks",
				);
				PRODUCT_BUNDLE_IDENTIFIER = com.procore.challenge.filediffUITests;
				PRODUCT_NAME = "$(TARGET_NAME)";
				PROVISIONING_PROFILE = "";
				SWIFT_VERSION = 5.0;
				TEST_TARGET_NAME = "PR Diff Tool";
			};
			name = Release;
		};
/* End XCBuildConfiguration section */

/* Begin XCConfigurationList section */
		017A14361F13109D004E9EE6 /* Build configuration list for PBXProject "PR Diff Tool" */ = {
			isa = XCConfigurationList;
			buildConfigurations = (
				017A14611F13109E004E9EE6 /* Debug */,
				017A14621F13109E004E9EE6 /* Release */,
			);
			defaultConfigurationIsVisible = 0;
			defaultConfigurationName = Release;
		};
		017A14631F13109E004E9EE6 /* Build configuration list for PBXNativeTarget "PR Diff Tool" */ = {
			isa = XCConfigurationList;
			buildConfigurations = (
				017A14641F13109E004E9EE6 /* Debug */,
				017A14651F13109E004E9EE6 /* Release */,
			);
			defaultConfigurationIsVisible = 0;
			defaultConfigurationName = Release;
		};
		017A14661F13109E004E9EE6 /* Build configuration list for PBXNativeTarget "PR Diff ToolTests" */ = {
			isa = XCConfigurationList;
			buildConfigurations = (
				017A14671F13109E004E9EE6 /* Debug */,
				017A14681F13109E004E9EE6 /* Release */,
			);
			defaultConfigurationIsVisible = 0;
			defaultConfigurationName = Release;
		};
		017A14691F13109E004E9EE6 /* Build configuration list for PBXNativeTarget "PR Diff ToolUITests" */ = {
			isa = XCConfigurationList;
			buildConfigurations = (
				017A146A1F13109E004E9EE6 /* Debug */,
				017A146B1F13109E004E9EE6 /* Release */,
			);
			defaultConfigurationIsVisible = 0;
			defaultConfigurationName = Release;
		};
/* End XCConfigurationList section */

/* Begin XCVersionGroup section */
		745CCAC32432682900183977 /* filediff.xcdatamodeld */ = {
			isa = XCVersionGroup;
			children = (
				745CCAC42432682900183977 /* filediff.xcdatamodel */,
			);
			currentVersion = 745CCAC42432682900183977 /* filediff.xcdatamodel */;
			path = filediff.xcdatamodeld;
			sourceTree = "<group>";
			versionGroupType = wrapper.xcdatamodel;
		};
/* End XCVersionGroup section */
	};
	rootObject = 017A14331F13109D004E9EE6 /* Project object */;
}
