// !$*UTF8*$!
{
	archiveVersion = 1;
	classes = {
	};
	objectVersion = 46;
	objects = {

/* Begin PBXBuildFile section */
		017A143F1F13109E004E9EE6 /* AppDelegate.swift in Sources */ = {isa = PBXBuildFile; fileRef = 017A143E1F13109E004E9EE6 /* AppDelegate.swift */; };
		017A14461F13109E004E9EE6 /* Assets.xcassets in Resources */ = {isa = PBXBuildFile; fileRef = 017A14451F13109E004E9EE6 /* Assets.xcassets */; };
		017A14491F13109E004E9EE6 /* LaunchScreen.storyboard in Resources */ = {isa = PBXBuildFile; fileRef = 017A14471F13109E004E9EE6 /* LaunchScreen.storyboard */; };
		017A145F1F13109E004E9EE6 /* filediffUITests.swift in Sources */ = {isa = PBXBuildFile; fileRef = 017A145E1F13109E004E9EE6 /* filediffUITests.swift */; };
		745877CF24574C2B00E6E078 /* SceneDelegate.swift in Sources */ = {isa = PBXBuildFile; fileRef = 745877CE24574C2B00E6E078 /* SceneDelegate.swift */; };
		745877D124578C9200E6E078 /* PRListViewModel.swift in Sources */ = {isa = PBXBuildFile; fileRef = 745877D024578C9200E6E078 /* PRListViewModel.swift */; };
		745877D72457920E00E6E078 /* PRDiffViewModel.swift in Sources */ = {isa = PBXBuildFile; fileRef = 745877D62457920E00E6E078 /* PRDiffViewModel.swift */; };
		745877DB2457933A00E6E078 /* Coordinator.swift in Sources */ = {isa = PBXBuildFile; fileRef = 745877DA2457933A00E6E078 /* Coordinator.swift */; };
		745877DD2457935600E6E078 /* MainCoordinator.swift in Sources */ = {isa = PBXBuildFile; fileRef = 745877DC2457935600E6E078 /* MainCoordinator.swift */; };
		745CCA412432519700183977 /* Array+Extensions.swift in Sources */ = {isa = PBXBuildFile; fileRef = 745CCA3C2432519700183977 /* Array+Extensions.swift */; };
		745CCA422432519700183977 /* UIStackView+Extensions.swift in Sources */ = {isa = PBXBuildFile; fileRef = 745CCA3D2432519700183977 /* UIStackView+Extensions.swift */; };
		745CCA432432519700183977 /* String+Extensions.swift in Sources */ = {isa = PBXBuildFile; fileRef = 745CCA3E2432519700183977 /* String+Extensions.swift */; };
		745CCA452432519700183977 /* UIViewController+Extensions.swift in Sources */ = {isa = PBXBuildFile; fileRef = 745CCA402432519700183977 /* UIViewController+Extensions.swift */; };
		745CCA522432520800183977 /* FileDiffQueue.swift in Sources */ = {isa = PBXBuildFile; fileRef = 745CCA4B2432520800183977 /* FileDiffQueue.swift */; };
		745CCA532432520800183977 /* GitHubService.swift in Sources */ = {isa = PBXBuildFile; fileRef = 745CCA4D2432520800183977 /* GitHubService.swift */; };
		745CCA542432520800183977 /* HTTPRequest.swift in Sources */ = {isa = PBXBuildFile; fileRef = 745CCA4E2432520800183977 /* HTTPRequest.swift */; };
		745CCA552432520800183977 /* HttpClient.swift in Sources */ = {isa = PBXBuildFile; fileRef = 745CCA4F2432520800183977 /* HttpClient.swift */; };
		745CCA5A2432532700183977 /* PRDiffDataSource.swift in Sources */ = {isa = PBXBuildFile; fileRef = 745CCA582432532700183977 /* PRDiffDataSource.swift */; };
		745CCA5B2432532700183977 /* PRListDataSource.swift in Sources */ = {isa = PBXBuildFile; fileRef = 745CCA592432532700183977 /* PRListDataSource.swift */; };
		745CCA612432534900183977 /* GitHubParserOperation.swift in Sources */ = {isa = PBXBuildFile; fileRef = 745CCA5C2432534900183977 /* GitHubParserOperation.swift */; };
		745CCA622432534900183977 /* SyncPRDiffOperation.swift in Sources */ = {isa = PBXBuildFile; fileRef = 745CCA5D2432534900183977 /* SyncPRDiffOperation.swift */; };
		745CCA632432534900183977 /* BaseOperation.swift in Sources */ = {isa = PBXBuildFile; fileRef = 745CCA5E2432534900183977 /* BaseOperation.swift */; };
		745CCA642432534900183977 /* SyncPRsOperation.swift in Sources */ = {isa = PBXBuildFile; fileRef = 745CCA5F2432534900183977 /* SyncPRsOperation.swift */; };
		745CCA6D2432538200183977 /* FileDiffTableViewCell.swift in Sources */ = {isa = PBXBuildFile; fileRef = 745CCA682432538200183977 /* FileDiffTableViewCell.swift */; };
		745CCA6E2432538200183977 /* PRTableViewCell.swift in Sources */ = {isa = PBXBuildFile; fileRef = 745CCA692432538200183977 /* PRTableViewCell.swift */; };
		745CCA6F2432538200183977 /* AppUtility.swift in Sources */ = {isa = PBXBuildFile; fileRef = 745CCA6B2432538200183977 /* AppUtility.swift */; };
		745CCA702432538200183977 /* GitHubParser.swift in Sources */ = {isa = PBXBuildFile; fileRef = 745CCA6C2432538200183977 /* GitHubParser.swift */; };
		745CCA7A2432542300183977 /* PRDiffViewController.swift in Sources */ = {isa = PBXBuildFile; fileRef = 745CCA722432542300183977 /* PRDiffViewController.swift */; };
		745CCA7B2432542300183977 /* PRListViewController.swift in Sources */ = {isa = PBXBuildFile; fileRef = 745CCA732432542300183977 /* PRListViewController.swift */; };
		745CCA7C2432542300183977 /* PRDetailsViewController.swift in Sources */ = {isa = PBXBuildFile; fileRef = 745CCA742432542300183977 /* PRDetailsViewController.swift */; };
		745CCAB32432628100183977 /* Datastore.swift in Sources */ = {isa = PBXBuildFile; fileRef = 745CCAB22432628100183977 /* Datastore.swift */; };
		745CCAB5243262AB00183977 /* DatastoreCoreData.swift in Sources */ = {isa = PBXBuildFile; fileRef = 745CCAB4243262AB00183977 /* DatastoreCoreData.swift */; };
		745CCAB82432652600183977 /* GitHubPRResponse.swift in Sources */ = {isa = PBXBuildFile; fileRef = 745CCAB72432652600183977 /* GitHubPRResponse.swift */; };
		745CCABA2432673400183977 /* GitHubUserResponse.swift in Sources */ = {isa = PBXBuildFile; fileRef = 745CCAB92432673400183977 /* GitHubUserResponse.swift */; };
		745CCABE243267F100183977 /* GitHubIdentifible.swift in Sources */ = {isa = PBXBuildFile; fileRef = 745CCABC243267F100183977 /* GitHubIdentifible.swift */; };
		745CCABF243267F100183977 /* GitHubFile.swift in Sources */ = {isa = PBXBuildFile; fileRef = 745CCABD243267F100183977 /* GitHubFile.swift */; };
		745CCAC82432682900183977 /* GitHubPR+CoreDataClass.swift in Sources */ = {isa = PBXBuildFile; fileRef = 745CCAC22432682900183977 /* GitHubPR+CoreDataClass.swift */; };
		745CCAC92432682900183977 /* filediff.xcdatamodeld in Sources */ = {isa = PBXBuildFile; fileRef = 745CCAC32432682900183977 /* filediff.xcdatamodeld */; };
		745CCACA2432682900183977 /* GitHubUser+CoreDataClass.swift in Sources */ = {isa = PBXBuildFile; fileRef = 745CCAC52432682900183977 /* GitHubUser+CoreDataClass.swift */; };
		7488C51B245D9C2600700F63 /* AppCoordinator.swift in Sources */ = {isa = PBXBuildFile; fileRef = 7488C51A245D9C2600700F63 /* AppCoordinator.swift */; };
		7488C51D245D9CF700700F63 /* MasterCoordinator.swift in Sources */ = {isa = PBXBuildFile; fileRef = 7488C51C245D9CF700700F63 /* MasterCoordinator.swift */; };
		7488C51F245DECF800700F63 /* Services.swift in Sources */ = {isa = PBXBuildFile; fileRef = 7488C51E245DECF800700F63 /* Services.swift */; };
		7488C525245DFAE600700F63 /* PRListDataSourceTests.swift in Sources */ = {isa = PBXBuildFile; fileRef = 7488C524245DFAE600700F63 /* PRListDataSourceTests.swift */; };
		7488C527245DFB3A00700F63 /* MockGitHubPREntityServicable.swift in Sources */ = {isa = PBXBuildFile; fileRef = 7488C526245DFB3A00700F63 /* MockGitHubPREntityServicable.swift */; };
		748F40EF245B617100B23E52 /* Localizable.strings in Resources */ = {isa = PBXBuildFile; fileRef = 748F40F1245B617100B23E52 /* Localizable.strings */; };
		7499FC9D24365A45002B2AF4 /* StorageContext.swift in Sources */ = {isa = PBXBuildFile; fileRef = 7499FC9C24365A45002B2AF4 /* StorageContext.swift */; };
		7499FC9F24365A6D002B2AF4 /* Storable.swift in Sources */ = {isa = PBXBuildFile; fileRef = 7499FC9E24365A6D002B2AF4 /* Storable.swift */; };
		7499FCA124365AD3002B2AF4 /* ConfigurationType.swift in Sources */ = {isa = PBXBuildFile; fileRef = 7499FCA024365AD3002B2AF4 /* ConfigurationType.swift */; };
		7499FCA324365AF3002B2AF4 /* Sorted.swift in Sources */ = {isa = PBXBuildFile; fileRef = 7499FCA224365AF3002B2AF4 /* Sorted.swift */; };
		7499FCA5243671AD002B2AF4 /* CoreDataStorageContext.swift in Sources */ = {isa = PBXBuildFile; fileRef = 7499FCA4243671AD002B2AF4 /* CoreDataStorageContext.swift */; };
		7499FCA924367306002B2AF4 /* CoreDataStoreCoordinator.swift in Sources */ = {isa = PBXBuildFile; fileRef = 7499FCA824367306002B2AF4 /* CoreDataStoreCoordinator.swift */; };
		7499FCAB243673AC002B2AF4 /* Mappable.swift in Sources */ = {isa = PBXBuildFile; fileRef = 7499FCAA243673AC002B2AF4 /* Mappable.swift */; };
		7499FCAD24367425002B2AF4 /* GitHubPREntity.swift in Sources */ = {isa = PBXBuildFile; fileRef = 7499FCAC24367425002B2AF4 /* GitHubPREntity.swift */; };
		7499FCAF24367431002B2AF4 /* GitHubUserEntity.swift in Sources */ = {isa = PBXBuildFile; fileRef = 7499FCAE24367431002B2AF4 /* GitHubUserEntity.swift */; };
		7499FCB124367453002B2AF4 /* DomainBaseEntity.swift in Sources */ = {isa = PBXBuildFile; fileRef = 7499FCB024367453002B2AF4 /* DomainBaseEntity.swift */; };
		7499FCB324367591002B2AF4 /* BaseDaoService.swift in Sources */ = {isa = PBXBuildFile; fileRef = 7499FCB224367591002B2AF4 /* BaseDaoService.swift */; };
		7499FCBA2436779C002B2AF4 /* GitHubPREntityDaoService.swift in Sources */ = {isa = PBXBuildFile; fileRef = 7499FCB92436779C002B2AF4 /* GitHubPREntityDaoService.swift */; };
		7499FCBE24367BB3002B2AF4 /* GitHubPREntityService.swift in Sources */ = {isa = PBXBuildFile; fileRef = 7499FCBD24367BB3002B2AF4 /* GitHubPREntityService.swift */; };
		749C8C1D24380CDB006C570B /* GitHubPR+CoreDataProperties.swift in Sources */ = {isa = PBXBuildFile; fileRef = 749C8C1B24380CDB006C570B /* GitHubPR+CoreDataProperties.swift */; };
		749C8C1E24380CDB006C570B /* GitHubUser+CoreDataProperties.swift in Sources */ = {isa = PBXBuildFile; fileRef = 749C8C1C24380CDB006C570B /* GitHubUser+CoreDataProperties.swift */; };
		749C8C202438F7CA006C570B /* GitHubUserEntityDaoService.swift in Sources */ = {isa = PBXBuildFile; fileRef = 749C8C1F2438F7CA006C570B /* GitHubUserEntityDaoService.swift */; };
		74B922F9244FBB3600A6DD7A /* GithubAPI.swift in Sources */ = {isa = PBXBuildFile; fileRef = 74B922F8244FBB3600A6DD7A /* GithubAPI.swift */; };
		74B922FB244FBB5500A6DD7A /* Agent.swift in Sources */ = {isa = PBXBuildFile; fileRef = 74B922FA244FBB5500A6DD7A /* Agent.swift */; };
		74BE5B46245CB45100C9D75C /* DBManager.swift in Sources */ = {isa = PBXBuildFile; fileRef = 74BE5B45245CB44700C9D75C /* DBManager.swift */; };
		74EA8F052458721B00A50A38 /* PRListTable.swift in Sources */ = {isa = PBXBuildFile; fileRef = 74EA8F042458721B00A50A38 /* PRListTable.swift */; };
		74EA8F0C2459F72400A50A38 /* PRDiffTable.swift in Sources */ = {isa = PBXBuildFile; fileRef = 74EA8F0B2459F72400A50A38 /* PRDiffTable.swift */; };
/* End PBXBuildFile section */

/* Begin PBXContainerItemProxy section */
		017A14501F13109E004E9EE6 /* PBXContainerItemProxy */ = {
			isa = PBXContainerItemProxy;
			containerPortal = 017A14331F13109D004E9EE6 /* Project object */;
			proxyType = 1;
			remoteGlobalIDString = 017A143A1F13109D004E9EE6;
			remoteInfo = filediff;
		};
		017A145B1F13109E004E9EE6 /* PBXContainerItemProxy */ = {
			isa = PBXContainerItemProxy;
			containerPortal = 017A14331F13109D004E9EE6 /* Project object */;
			proxyType = 1;
			remoteGlobalIDString = 017A143A1F13109D004E9EE6;
			remoteInfo = filediff;
		};
/* End PBXContainerItemProxy section */

/* Begin PBXFileReference section */
		017A143B1F13109D004E9EE6 /* PR Diff Tool.app */ = {isa = PBXFileReference; explicitFileType = wrapper.application; includeInIndex = 0; path = "PR Diff Tool.app"; sourceTree = BUILT_PRODUCTS_DIR; };
		017A143E1F13109E004E9EE6 /* AppDelegate.swift */ = {isa = PBXFileReference; lastKnownFileType = sourcecode.swift; path = AppDelegate.swift; sourceTree = "<group>"; };
		017A14451F13109E004E9EE6 /* Assets.xcassets */ = {isa = PBXFileReference; lastKnownFileType = folder.assetcatalog; path = Assets.xcassets; sourceTree = "<group>"; };
		017A14481F13109E004E9EE6 /* Base */ = {isa = PBXFileReference; lastKnownFileType = file.storyboard; name = Base; path = Base.lproj/LaunchScreen.storyboard; sourceTree = "<group>"; };
		017A144A1F13109E004E9EE6 /* Info.plist */ = {isa = PBXFileReference; lastKnownFileType = text.plist.xml; path = Info.plist; sourceTree = "<group>"; };
		017A144F1F13109E004E9EE6 /* PR Diff ToolTests.xctest */ = {isa = PBXFileReference; explicitFileType = wrapper.cfbundle; includeInIndex = 0; path = "PR Diff ToolTests.xctest"; sourceTree = BUILT_PRODUCTS_DIR; };
		017A14551F13109E004E9EE6 /* Info.plist */ = {isa = PBXFileReference; lastKnownFileType = text.plist.xml; path = Info.plist; sourceTree = "<group>"; };
		017A145A1F13109E004E9EE6 /* PR Diff ToolUITests.xctest */ = {isa = PBXFileReference; explicitFileType = wrapper.cfbundle; includeInIndex = 0; path = "PR Diff ToolUITests.xctest"; sourceTree = BUILT_PRODUCTS_DIR; };
		017A145E1F13109E004E9EE6 /* filediffUITests.swift */ = {isa = PBXFileReference; lastKnownFileType = sourcecode.swift; path = filediffUITests.swift; sourceTree = "<group>"; };
		017A14601F13109E004E9EE6 /* Info.plist */ = {isa = PBXFileReference; lastKnownFileType = text.plist.xml; path = Info.plist; sourceTree = "<group>"; };
		745877CE24574C2B00E6E078 /* SceneDelegate.swift */ = {isa = PBXFileReference; lastKnownFileType = sourcecode.swift; path = SceneDelegate.swift; sourceTree = "<group>"; };
		745877D024578C9200E6E078 /* PRListViewModel.swift */ = {isa = PBXFileReference; lastKnownFileType = sourcecode.swift; path = PRListViewModel.swift; sourceTree = "<group>"; };
		745877D62457920E00E6E078 /* PRDiffViewModel.swift */ = {isa = PBXFileReference; lastKnownFileType = sourcecode.swift; path = PRDiffViewModel.swift; sourceTree = "<group>"; };
		745877DA2457933A00E6E078 /* Coordinator.swift */ = {isa = PBXFileReference; lastKnownFileType = sourcecode.swift; path = Coordinator.swift; sourceTree = "<group>"; };
		745877DC2457935600E6E078 /* MainCoordinator.swift */ = {isa = PBXFileReference; lastKnownFileType = sourcecode.swift; path = MainCoordinator.swift; sourceTree = "<group>"; };
		745CCA3C2432519700183977 /* Array+Extensions.swift */ = {isa = PBXFileReference; fileEncoding = 4; lastKnownFileType = sourcecode.swift; path = "Array+Extensions.swift"; sourceTree = "<group>"; };
		745CCA3D2432519700183977 /* UIStackView+Extensions.swift */ = {isa = PBXFileReference; fileEncoding = 4; lastKnownFileType = sourcecode.swift; path = "UIStackView+Extensions.swift"; sourceTree = "<group>"; };
		745CCA3E2432519700183977 /* String+Extensions.swift */ = {isa = PBXFileReference; fileEncoding = 4; lastKnownFileType = sourcecode.swift; path = "String+Extensions.swift"; sourceTree = "<group>"; };
		745CCA402432519700183977 /* UIViewController+Extensions.swift */ = {isa = PBXFileReference; fileEncoding = 4; lastKnownFileType = sourcecode.swift; path = "UIViewController+Extensions.swift"; sourceTree = "<group>"; };
		745CCA4B2432520800183977 /* FileDiffQueue.swift */ = {isa = PBXFileReference; fileEncoding = 4; lastKnownFileType = sourcecode.swift; path = FileDiffQueue.swift; sourceTree = "<group>"; };
		745CCA4D2432520800183977 /* GitHubService.swift */ = {isa = PBXFileReference; fileEncoding = 4; lastKnownFileType = sourcecode.swift; path = GitHubService.swift; sourceTree = "<group>"; };
		745CCA4E2432520800183977 /* HTTPRequest.swift */ = {isa = PBXFileReference; fileEncoding = 4; lastKnownFileType = sourcecode.swift; path = HTTPRequest.swift; sourceTree = "<group>"; };
		745CCA4F2432520800183977 /* HttpClient.swift */ = {isa = PBXFileReference; fileEncoding = 4; lastKnownFileType = sourcecode.swift; path = HttpClient.swift; sourceTree = "<group>"; };
		745CCA582432532700183977 /* PRDiffDataSource.swift */ = {isa = PBXFileReference; fileEncoding = 4; lastKnownFileType = sourcecode.swift; path = PRDiffDataSource.swift; sourceTree = "<group>"; };
		745CCA592432532700183977 /* PRListDataSource.swift */ = {isa = PBXFileReference; fileEncoding = 4; lastKnownFileType = sourcecode.swift; path = PRListDataSource.swift; sourceTree = "<group>"; };
		745CCA5C2432534900183977 /* GitHubParserOperation.swift */ = {isa = PBXFileReference; fileEncoding = 4; lastKnownFileType = sourcecode.swift; path = GitHubParserOperation.swift; sourceTree = "<group>"; };
		745CCA5D2432534900183977 /* SyncPRDiffOperation.swift */ = {isa = PBXFileReference; fileEncoding = 4; lastKnownFileType = sourcecode.swift; path = SyncPRDiffOperation.swift; sourceTree = "<group>"; };
		745CCA5E2432534900183977 /* BaseOperation.swift */ = {isa = PBXFileReference; fileEncoding = 4; lastKnownFileType = sourcecode.swift; path = BaseOperation.swift; sourceTree = "<group>"; };
		745CCA5F2432534900183977 /* SyncPRsOperation.swift */ = {isa = PBXFileReference; fileEncoding = 4; lastKnownFileType = sourcecode.swift; path = SyncPRsOperation.swift; sourceTree = "<group>"; };
		745CCA682432538200183977 /* FileDiffTableViewCell.swift */ = {isa = PBXFileReference; fileEncoding = 4; lastKnownFileType = sourcecode.swift; path = FileDiffTableViewCell.swift; sourceTree = "<group>"; };
		745CCA692432538200183977 /* PRTableViewCell.swift */ = {isa = PBXFileReference; fileEncoding = 4; lastKnownFileType = sourcecode.swift; path = PRTableViewCell.swift; sourceTree = "<group>"; };
		745CCA6B2432538200183977 /* AppUtility.swift */ = {isa = PBXFileReference; fileEncoding = 4; lastKnownFileType = sourcecode.swift; path = AppUtility.swift; sourceTree = "<group>"; };
		745CCA6C2432538200183977 /* GitHubParser.swift */ = {isa = PBXFileReference; fileEncoding = 4; lastKnownFileType = sourcecode.swift; path = GitHubParser.swift; sourceTree = "<group>"; };
		745CCA722432542300183977 /* PRDiffViewController.swift */ = {isa = PBXFileReference; fileEncoding = 4; lastKnownFileType = sourcecode.swift; path = PRDiffViewController.swift; sourceTree = "<group>"; };
		745CCA732432542300183977 /* PRListViewController.swift */ = {isa = PBXFileReference; fileEncoding = 4; lastKnownFileType = sourcecode.swift; path = PRListViewController.swift; sourceTree = "<group>"; };
		745CCA742432542300183977 /* PRDetailsViewController.swift */ = {isa = PBXFileReference; fileEncoding = 4; lastKnownFileType = sourcecode.swift; path = PRDetailsViewController.swift; sourceTree = "<group>"; };
		745CCAB22432628100183977 /* Datastore.swift */ = {isa = PBXFileReference; lastKnownFileType = sourcecode.swift; path = Datastore.swift; sourceTree = "<group>"; };
		745CCAB4243262AB00183977 /* DatastoreCoreData.swift */ = {isa = PBXFileReference; lastKnownFileType = sourcecode.swift; path = DatastoreCoreData.swift; sourceTree = "<group>"; };
		745CCAB72432652600183977 /* GitHubPRResponse.swift */ = {isa = PBXFileReference; lastKnownFileType = sourcecode.swift; path = GitHubPRResponse.swift; sourceTree = "<group>"; };
		745CCAB92432673400183977 /* GitHubUserResponse.swift */ = {isa = PBXFileReference; lastKnownFileType = sourcecode.swift; path = GitHubUserResponse.swift; sourceTree = "<group>"; };
		745CCABC243267F100183977 /* GitHubIdentifible.swift */ = {isa = PBXFileReference; fileEncoding = 4; lastKnownFileType = sourcecode.swift; path = GitHubIdentifible.swift; sourceTree = "<group>"; };
		745CCABD243267F100183977 /* GitHubFile.swift */ = {isa = PBXFileReference; fileEncoding = 4; lastKnownFileType = sourcecode.swift; path = GitHubFile.swift; sourceTree = "<group>"; };
		745CCAC22432682900183977 /* GitHubPR+CoreDataClass.swift */ = {isa = PBXFileReference; fileEncoding = 4; lastKnownFileType = sourcecode.swift; path = "GitHubPR+CoreDataClass.swift"; sourceTree = "<group>"; };
		745CCAC42432682900183977 /* filediff.xcdatamodel */ = {isa = PBXFileReference; lastKnownFileType = wrapper.xcdatamodel; path = filediff.xcdatamodel; sourceTree = "<group>"; };
		745CCAC52432682900183977 /* GitHubUser+CoreDataClass.swift */ = {isa = PBXFileReference; fileEncoding = 4; lastKnownFileType = sourcecode.swift; path = "GitHubUser+CoreDataClass.swift"; sourceTree = "<group>"; };
		7488C51A245D9C2600700F63 /* AppCoordinator.swift */ = {isa = PBXFileReference; lastKnownFileType = sourcecode.swift; path = AppCoordinator.swift; sourceTree = "<group>"; };
		7488C51C245D9CF700700F63 /* MasterCoordinator.swift */ = {isa = PBXFileReference; lastKnownFileType = sourcecode.swift; path = MasterCoordinator.swift; sourceTree = "<group>"; };
		7488C51E245DECF800700F63 /* Services.swift */ = {isa = PBXFileReference; lastKnownFileType = sourcecode.swift; path = Services.swift; sourceTree = "<group>"; };
		7488C524245DFAE600700F63 /* PRListDataSourceTests.swift */ = {isa = PBXFileReference; lastKnownFileType = sourcecode.swift; path = PRListDataSourceTests.swift; sourceTree = "<group>"; };
		7488C526245DFB3A00700F63 /* MockGitHubPREntityServicable.swift */ = {isa = PBXFileReference; lastKnownFileType = sourcecode.swift; path = MockGitHubPREntityServicable.swift; sourceTree = "<group>"; };
		748F40EA245B610500B23E52 /* es */ = {isa = PBXFileReference; lastKnownFileType = text.plist.strings; name = es; path = es.lproj/LaunchScreen.strings; sourceTree = "<group>"; };
		748F40EC245B611B00B23E52 /* en */ = {isa = PBXFileReference; lastKnownFileType = text.plist.strings; name = en; path = en.lproj/LaunchScreen.strings; sourceTree = "<group>"; };
		748F40F0245B617100B23E52 /* en */ = {isa = PBXFileReference; lastKnownFileType = text.plist.strings; name = en; path = en.lproj/Localizable.strings; sourceTree = "<group>"; };
		748F40F2245B617300B23E52 /* es */ = {isa = PBXFileReference; lastKnownFileType = text.plist.strings; name = es; path = es.lproj/Localizable.strings; sourceTree = "<group>"; };
		7499FC9C24365A45002B2AF4 /* StorageContext.swift */ = {isa = PBXFileReference; lastKnownFileType = sourcecode.swift; path = StorageContext.swift; sourceTree = "<group>"; };
		7499FC9E24365A6D002B2AF4 /* Storable.swift */ = {isa = PBXFileReference; lastKnownFileType = sourcecode.swift; path = Storable.swift; sourceTree = "<group>"; };
		7499FCA024365AD3002B2AF4 /* ConfigurationType.swift */ = {isa = PBXFileReference; lastKnownFileType = sourcecode.swift; path = ConfigurationType.swift; sourceTree = "<group>"; };
		7499FCA224365AF3002B2AF4 /* Sorted.swift */ = {isa = PBXFileReference; lastKnownFileType = sourcecode.swift; path = Sorted.swift; sourceTree = "<group>"; };
		7499FCA4243671AD002B2AF4 /* CoreDataStorageContext.swift */ = {isa = PBXFileReference; lastKnownFileType = sourcecode.swift; path = CoreDataStorageContext.swift; sourceTree = "<group>"; };
		7499FCA824367306002B2AF4 /* CoreDataStoreCoordinator.swift */ = {isa = PBXFileReference; lastKnownFileType = sourcecode.swift; path = CoreDataStoreCoordinator.swift; sourceTree = "<group>"; };
		7499FCAA243673AC002B2AF4 /* Mappable.swift */ = {isa = PBXFileReference; lastKnownFileType = sourcecode.swift; path = Mappable.swift; sourceTree = "<group>"; };
		7499FCAC24367425002B2AF4 /* GitHubPREntity.swift */ = {isa = PBXFileReference; lastKnownFileType = sourcecode.swift; path = GitHubPREntity.swift; sourceTree = "<group>"; };
		7499FCAE24367431002B2AF4 /* GitHubUserEntity.swift */ = {isa = PBXFileReference; lastKnownFileType = sourcecode.swift; path = GitHubUserEntity.swift; sourceTree = "<group>"; };
		7499FCB024367453002B2AF4 /* DomainBaseEntity.swift */ = {isa = PBXFileReference; lastKnownFileType = sourcecode.swift; path = DomainBaseEntity.swift; sourceTree = "<group>"; };
		7499FCB224367591002B2AF4 /* BaseDaoService.swift */ = {isa = PBXFileReference; lastKnownFileType = sourcecode.swift; path = BaseDaoService.swift; sourceTree = "<group>"; };
		7499FCB92436779C002B2AF4 /* GitHubPREntityDaoService.swift */ = {isa = PBXFileReference; lastKnownFileType = sourcecode.swift; path = GitHubPREntityDaoService.swift; sourceTree = "<group>"; };
		7499FCBD24367BB3002B2AF4 /* GitHubPREntityService.swift */ = {isa = PBXFileReference; lastKnownFileType = sourcecode.swift; path = GitHubPREntityService.swift; sourceTree = "<group>"; };
		749C8C1B24380CDB006C570B /* GitHubPR+CoreDataProperties.swift */ = {isa = PBXFileReference; lastKnownFileType = sourcecode.swift; path = "GitHubPR+CoreDataProperties.swift"; sourceTree = "<group>"; };
		749C8C1C24380CDB006C570B /* GitHubUser+CoreDataProperties.swift */ = {isa = PBXFileReference; lastKnownFileType = sourcecode.swift; path = "GitHubUser+CoreDataProperties.swift"; sourceTree = "<group>"; };
		749C8C1F2438F7CA006C570B /* GitHubUserEntityDaoService.swift */ = {isa = PBXFileReference; lastKnownFileType = sourcecode.swift; path = GitHubUserEntityDaoService.swift; sourceTree = "<group>"; };
		74B922F8244FBB3600A6DD7A /* GithubAPI.swift */ = {isa = PBXFileReference; lastKnownFileType = sourcecode.swift; path = GithubAPI.swift; sourceTree = "<group>"; };
		74B922FA244FBB5500A6DD7A /* Agent.swift */ = {isa = PBXFileReference; lastKnownFileType = sourcecode.swift; path = Agent.swift; sourceTree = "<group>"; };
		74BE5B45245CB44700C9D75C /* DBManager.swift */ = {isa = PBXFileReference; fileEncoding = 4; lastKnownFileType = sourcecode.swift; path = DBManager.swift; sourceTree = "<group>"; };
		74EA8F042458721B00A50A38 /* PRListTable.swift */ = {isa = PBXFileReference; lastKnownFileType = sourcecode.swift; path = PRListTable.swift; sourceTree = "<group>"; };
		74EA8F0B2459F72400A50A38 /* PRDiffTable.swift */ = {isa = PBXFileReference; lastKnownFileType = sourcecode.swift; path = PRDiffTable.swift; sourceTree = "<group>"; };
/* End PBXFileReference section */

/* Begin PBXFrameworksBuildPhase section */
		017A14381F13109D004E9EE6 /* Frameworks */ = {
			isa = PBXFrameworksBuildPhase;
			buildActionMask = 2147483647;
			files = (
			);
			runOnlyForDeploymentPostprocessing = 0;
		};
		017A144C1F13109E004E9EE6 /* Frameworks */ = {
			isa = PBXFrameworksBuildPhase;
			buildActionMask = 2147483647;
			files = (
			);
			runOnlyForDeploymentPostprocessing = 0;
		};
		017A14571F13109E004E9EE6 /* Frameworks */ = {
			isa = PBXFrameworksBuildPhase;
			buildActionMask = 2147483647;
			files = (
			);
			runOnlyForDeploymentPostprocessing = 0;
		};
/* End PBXFrameworksBuildPhase section */

/* Begin PBXGroup section */
		017A14321F13109D004E9EE6 = {
			isa = PBXGroup;
			children = (
				017A143D1F13109D004E9EE6 /* filediff */,
				017A14521F13109E004E9EE6 /* filediffTests */,
				017A145D1F13109E004E9EE6 /* filediffUITests */,
				017A143C1F13109D004E9EE6 /* Products */,
				0AD2340C8D9BCBAD998588A9 /* Frameworks */,
			);
			sourceTree = "<group>";
		};
		017A143C1F13109D004E9EE6 /* Products */ = {
			isa = PBXGroup;
			children = (
				017A143B1F13109D004E9EE6 /* PR Diff Tool.app */,
				017A144F1F13109E004E9EE6 /* PR Diff ToolTests.xctest */,
				017A145A1F13109E004E9EE6 /* PR Diff ToolUITests.xctest */,
			);
			name = Products;
			sourceTree = "<group>";
		};
		017A143D1F13109D004E9EE6 /* filediff */ = {
			isa = PBXGroup;
			children = (
				745CCA3B2432519700183977 /* Extensions */,
				745CCA752432542300183977 /* Models */,
				74A69A0824368766005A3E49 /* Networking */,
				745CCA462432520800183977 /* Persistence */,
				01C598491F156FD900B93E48 /* Resources */,
				745877D92457929E00E6E078 /* UI */,
				745CCA6A2432538200183977 /* Utils */,
			);
			path = filediff;
			sourceTree = "<group>";
		};
		017A14521F13109E004E9EE6 /* filediffTests */ = {
			isa = PBXGroup;
			children = (
				7488C520245DFAAD00700F63 /* Persistence */,
				7488C522245DFAAD00700F63 /* UI */,
				017A14551F13109E004E9EE6 /* Info.plist */,
			);
			path = filediffTests;
			sourceTree = "<group>";
		};
		017A145D1F13109E004E9EE6 /* filediffUITests */ = {
			isa = PBXGroup;
			children = (
				017A145E1F13109E004E9EE6 /* filediffUITests.swift */,
				017A14601F13109E004E9EE6 /* Info.plist */,
			);
			path = filediffUITests;
			sourceTree = "<group>";
		};
		01C598491F156FD900B93E48 /* Resources */ = {
			isa = PBXGroup;
			children = (
				017A143E1F13109E004E9EE6 /* AppDelegate.swift */,
				017A14451F13109E004E9EE6 /* Assets.xcassets */,
				017A144A1F13109E004E9EE6 /* Info.plist */,
				017A14471F13109E004E9EE6 /* LaunchScreen.storyboard */,
				748F40F1245B617100B23E52 /* Localizable.strings */,
				745877CE24574C2B00E6E078 /* SceneDelegate.swift */,
			);
			name = Resources;
			sourceTree = "<group>";
		};
		0AD2340C8D9BCBAD998588A9 /* Frameworks */ = {
			isa = PBXGroup;
			children = (
			);
			name = Frameworks;
			sourceTree = "<group>";
		};
		7416F1EB24369B92004A344F /* CoreData */ = {
			isa = PBXGroup;
			children = (
				7499FCA4243671AD002B2AF4 /* CoreDataStorageContext.swift */,
				7499FCA824367306002B2AF4 /* CoreDataStoreCoordinator.swift */,
				745CCAB4243262AB00183977 /* DatastoreCoreData.swift */,
			);
			path = CoreData;
			sourceTree = "<group>";
		};
		745877D224578CA000E6E078 /* List */ = {
			isa = PBXGroup;
			children = (
				745CCA592432532700183977 /* PRListDataSource.swift */,
				74EA8F042458721B00A50A38 /* PRListTable.swift */,
				745CCA732432542300183977 /* PRListViewController.swift */,
				745877D024578C9200E6E078 /* PRListViewModel.swift */,
				745877DE245797D200E6E078 /* Views */,
			);
			path = List;
			sourceTree = "<group>";
		};
		745877D5245791FE00E6E078 /* Details */ = {
			isa = PBXGroup;
			children = (
				745CCA742432542300183977 /* PRDetailsViewController.swift */,
			);
			path = Details;
			sourceTree = "<group>";
		};
		745877D82457921200E6E078 /* Diff */ = {
			isa = PBXGroup;
			children = (
				745CCA582432532700183977 /* PRDiffDataSource.swift */,
				745CCA722432542300183977 /* PRDiffViewController.swift */,
				745877D62457920E00E6E078 /* PRDiffViewModel.swift */,
				74EA8F0B2459F72400A50A38 /* PRDiffTable.swift */,
				74EA8F0D2459F89A00A50A38 /* Views */,
			);
			path = Diff;
			sourceTree = "<group>";
		};
		745877D92457929E00E6E078 /* UI */ = {
			isa = PBXGroup;
			children = (
				745877D5245791FE00E6E078 /* Details */,
				745877D82457921200E6E078 /* Diff */,
				745877D224578CA000E6E078 /* List */,
				74EA8F062458951100A50A38 /* Navigation */,
			);
			path = UI;
			sourceTree = "<group>";
		};
		745877DE245797D200E6E078 /* Views */ = {
			isa = PBXGroup;
			children = (
				745CCA692432538200183977 /* PRTableViewCell.swift */,
			);
			path = Views;
			sourceTree = "<group>";
		};
		745CCA3B2432519700183977 /* Extensions */ = {
			isa = PBXGroup;
			children = (
				745CCA3C2432519700183977 /* Array+Extensions.swift */,
				745CCA3E2432519700183977 /* String+Extensions.swift */,
				745CCA3D2432519700183977 /* UIStackView+Extensions.swift */,
				745CCA402432519700183977 /* UIViewController+Extensions.swift */,
			);
			path = Extensions;
			sourceTree = "<group>";
		};
		745CCA462432520800183977 /* Persistence */ = {
			isa = PBXGroup;
			children = (
				745CCA572432523400183977 /* Operations */,
				745CCA4A2432520800183977 /* Queues */,
				745CCA4C2432520800183977 /* Services */,
				745CCA472432520800183977 /* Storage */,
			);
			path = Persistence;
			sourceTree = "<group>";
		};
		745CCA472432520800183977 /* Storage */ = {
			isa = PBXGroup;
			children = (
				7416F1EB24369B92004A344F /* CoreData */,
				749C8C2224390EDE006C570B /* Dao */,
				7499FCA024365AD3002B2AF4 /* ConfigurationType.swift */,
				745CCAB22432628100183977 /* Datastore.swift */,
				74BE5B45245CB44700C9D75C /* DBManager.swift */,
				7499FC9E24365A6D002B2AF4 /* Storable.swift */,
				7499FC9C24365A45002B2AF4 /* StorageContext.swift */,
			);
			path = Storage;
			sourceTree = "<group>";
		};
		745CCA4A2432520800183977 /* Queues */ = {
			isa = PBXGroup;
			children = (
				745CCA4B2432520800183977 /* FileDiffQueue.swift */,
			);
			path = Queues;
			sourceTree = "<group>";
		};
		745CCA4C2432520800183977 /* Services */ = {
			isa = PBXGroup;
			children = (
				7499FCBD24367BB3002B2AF4 /* GitHubPREntityService.swift */,
			);
			path = Services;
			sourceTree = "<group>";
		};
		745CCA572432523400183977 /* Operations */ = {
			isa = PBXGroup;
			children = (
				745CCA5E2432534900183977 /* BaseOperation.swift */,
				745CCA5C2432534900183977 /* GitHubParserOperation.swift */,
				745CCA5D2432534900183977 /* SyncPRDiffOperation.swift */,
				745CCA5F2432534900183977 /* SyncPRsOperation.swift */,
			);
			path = Operations;
			sourceTree = "<group>";
		};
		745CCA6A2432538200183977 /* Utils */ = {
			isa = PBXGroup;
			children = (
				745CCA6B2432538200183977 /* AppUtility.swift */,
				745CCA6C2432538200183977 /* GitHubParser.swift */,
				7488C51E245DECF800700F63 /* Services.swift */,
			);
			path = Utils;
			sourceTree = "<group>";
		};
		745CCA752432542300183977 /* Models */ = {
			isa = PBXGroup;
			children = (
				745CCABB243267F100183977 /* Domain */,
				745CCAC02432682900183977 /* Persistence */,
				745CCAB6243264F600183977 /* Remote */,
			);
			path = Models;
			sourceTree = "<group>";
		};
		745CCAB6243264F600183977 /* Remote */ = {
			isa = PBXGroup;
			children = (
				745CCAB72432652600183977 /* GitHubPRResponse.swift */,
				745CCAB92432673400183977 /* GitHubUserResponse.swift */,
			);
			path = Remote;
			sourceTree = "<group>";
		};
		745CCABB243267F100183977 /* Domain */ = {
			isa = PBXGroup;
			children = (
				7499FCB024367453002B2AF4 /* DomainBaseEntity.swift */,
				745CCABD243267F100183977 /* GitHubFile.swift */,
				745CCABC243267F100183977 /* GitHubIdentifible.swift */,
				7499FCAC24367425002B2AF4 /* GitHubPREntity.swift */,
				7499FCAE24367431002B2AF4 /* GitHubUserEntity.swift */,
				7499FCAA243673AC002B2AF4 /* Mappable.swift */,
				7499FCA224365AF3002B2AF4 /* Sorted.swift */,
			);
			path = Domain;
			sourceTree = "<group>";
		};
		745CCAC02432682900183977 /* Persistence */ = {
			isa = PBXGroup;
			children = (
				745CCAC32432682900183977 /* filediff.xcdatamodeld */,
				745CCAC22432682900183977 /* GitHubPR+CoreDataClass.swift */,
				749C8C1B24380CDB006C570B /* GitHubPR+CoreDataProperties.swift */,
				745CCAC52432682900183977 /* GitHubUser+CoreDataClass.swift */,
				749C8C1C24380CDB006C570B /* GitHubUser+CoreDataProperties.swift */,
			);
			path = Persistence;
			sourceTree = "<group>";
		};
		7488C520245DFAAD00700F63 /* Persistence */ = {
			isa = PBXGroup;
			children = (
				7488C521245DFAAD00700F63 /* Services */,
			);
			path = Persistence;
			sourceTree = "<group>";
		};
		7488C521245DFAAD00700F63 /* Services */ = {
			isa = PBXGroup;
			children = (
				7488C526245DFB3A00700F63 /* MockGitHubPREntityServicable.swift */,
			);
			path = Services;
			sourceTree = "<group>";
		};
		7488C522245DFAAD00700F63 /* UI */ = {
			isa = PBXGroup;
			children = (
				7488C523245DFAAD00700F63 /* List */,
			);
			path = UI;
			sourceTree = "<group>";
		};
		7488C523245DFAAD00700F63 /* List */ = {
			isa = PBXGroup;
			children = (
				7488C524245DFAE600700F63 /* PRListDataSourceTests.swift */,
			);
			path = List;
			sourceTree = "<group>";
		};
		749C8C2224390EDE006C570B /* Dao */ = {
			isa = PBXGroup;
			children = (
				7499FCB224367591002B2AF4 /* BaseDaoService.swift */,
				7499FCB92436779C002B2AF4 /* GitHubPREntityDaoService.swift */,
				749C8C1F2438F7CA006C570B /* GitHubUserEntityDaoService.swift */,
			);
			path = Dao;
			sourceTree = "<group>";
		};
		74A69A0824368766005A3E49 /* Networking */ = {
			isa = PBXGroup;
			children = (
				74B922FA244FBB5500A6DD7A /* Agent.swift */,
				74B922F8244FBB3600A6DD7A /* GithubAPI.swift */,
				745CCA4D2432520800183977 /* GitHubService.swift */,
				745CCA4F2432520800183977 /* HttpClient.swift */,
				745CCA4E2432520800183977 /* HTTPRequest.swift */,
			);
			path = Networking;
			sourceTree = "<group>";
		};
		74EA8F062458951100A50A38 /* Navigation */ = {
			isa = PBXGroup;
			children = (
				745877DA2457933A00E6E078 /* Coordinator.swift */,
				745877DC2457935600E6E078 /* MainCoordinator.swift */,
				7488C51A245D9C2600700F63 /* AppCoordinator.swift */,
				7488C51C245D9CF700700F63 /* MasterCoordinator.swift */,
			);
			path = Navigation;
			sourceTree = "<group>";
		};
		74EA8F0D2459F89A00A50A38 /* Views */ = {
			isa = PBXGroup;
			children = (
				745CCA682432538200183977 /* FileDiffTableViewCell.swift */,
			);
			path = Views;
			sourceTree = "<group>";
		};
/* End PBXGroup section */

/* Begin PBXNativeTarget section */
		017A143A1F13109D004E9EE6 /* PR Diff Tool */ = {
			isa = PBXNativeTarget;
			buildConfigurationList = 017A14631F13109E004E9EE6 /* Build configuration list for PBXNativeTarget "PR Diff Tool" */;
			buildPhases = (
				017A14371F13109D004E9EE6 /* Sources */,
				017A14381F13109D004E9EE6 /* Frameworks */,
				017A14391F13109D004E9EE6 /* Resources */,
			);
			buildRules = (
			);
			dependencies = (
			);
			name = "PR Diff Tool";
			packageProductDependencies = (
			);
			productName = filediff;
			productReference = 017A143B1F13109D004E9EE6 /* PR Diff Tool.app */;
			productType = "com.apple.product-type.application";
		};
		017A144E1F13109E004E9EE6 /* PR Diff ToolTests */ = {
			isa = PBXNativeTarget;
			buildConfigurationList = 017A14661F13109E004E9EE6 /* Build configuration list for PBXNativeTarget "PR Diff ToolTests" */;
			buildPhases = (
				017A144B1F13109E004E9EE6 /* Sources */,
				017A144C1F13109E004E9EE6 /* Frameworks */,
				017A144D1F13109E004E9EE6 /* Resources */,
			);
			buildRules = (
			);
			dependencies = (
				017A14511F13109E004E9EE6 /* PBXTargetDependency */,
			);
			name = "PR Diff ToolTests";
			productName = filediffTests;
			productReference = 017A144F1F13109E004E9EE6 /* PR Diff ToolTests.xctest */;
			productType = "com.apple.product-type.bundle.unit-test";
		};
		017A14591F13109E004E9EE6 /* PR Diff ToolUITests */ = {
			isa = PBXNativeTarget;
			buildConfigurationList = 017A14691F13109E004E9EE6 /* Build configuration list for PBXNativeTarget "PR Diff ToolUITests" */;
			buildPhases = (
				017A14561F13109E004E9EE6 /* Sources */,
				017A14571F13109E004E9EE6 /* Frameworks */,
				017A14581F13109E004E9EE6 /* Resources */,
			);
			buildRules = (
			);
			dependencies = (
				017A145C1F13109E004E9EE6 /* PBXTargetDependency */,
			);
			name = "PR Diff ToolUITests";
			productName = filediffUITests;
			productReference = 017A145A1F13109E004E9EE6 /* PR Diff ToolUITests.xctest */;
			productType = "com.apple.product-type.bundle.ui-testing";
		};
/* End PBXNativeTarget section */

/* Begin PBXProject section */
		017A14331F13109D004E9EE6 /* Project object */ = {
			isa = PBXProject;
			attributes = {
				LastSwiftUpdateCheck = 0830;
				LastUpgradeCheck = 1140;
				ORGANIZATIONNAME = "Michael Ferro";
				TargetAttributes = {
					017A143A1F13109D004E9EE6 = {
						CreatedOnToolsVersion = 8.3.1;
						DevelopmentTeam = D3D8DSFWDT;
						LastSwiftMigration = 1140;
						ProvisioningStyle = Automatic;
					};
					017A144E1F13109E004E9EE6 = {
						CreatedOnToolsVersion = 8.3.1;
						DevelopmentTeam = D3D8DSFWDT;
						LastSwiftMigration = 1140;
						ProvisioningStyle = Automatic;
						TestTargetID = 017A143A1F13109D004E9EE6;
					};
					017A14591F13109E004E9EE6 = {
						CreatedOnToolsVersion = 8.3.1;
						DevelopmentTeam = D3D8DSFWDT;
						LastSwiftMigration = 1140;
						ProvisioningStyle = Automatic;
						TestTargetID = 017A143A1F13109D004E9EE6;
					};
				};
			};
			buildConfigurationList = 017A14361F13109D004E9EE6 /* Build configuration list for PBXProject "PR Diff Tool" */;
			compatibilityVersion = "Xcode 3.2";
			developmentRegion = en;
			hasScannedForEncodings = 0;
			knownRegions = (
				en,
				Base,
				es,
			);
			mainGroup = 017A14321F13109D004E9EE6;
			packageReferences = (
			);
			productRefGroup = 017A143C1F13109D004E9EE6 /* Products */;
			projectDirPath = "";
			projectRoot = "";
			targets = (
				017A143A1F13109D004E9EE6 /* PR Diff Tool */,
				017A144E1F13109E004E9EE6 /* PR Diff ToolTests */,
				017A14591F13109E004E9EE6 /* PR Diff ToolUITests */,
			);
		};
/* End PBXProject section */

/* Begin PBXResourcesBuildPhase section */
		017A14391F13109D004E9EE6 /* Resources */ = {
			isa = PBXResourcesBuildPhase;
			buildActionMask = 2147483647;
			files = (
				017A14491F13109E004E9EE6 /* LaunchScreen.storyboard in Resources */,
				748F40EF245B617100B23E52 /* Localizable.strings in Resources */,
				017A14461F13109E004E9EE6 /* Assets.xcassets in Resources */,
			);
			runOnlyForDeploymentPostprocessing = 0;
		};
		017A144D1F13109E004E9EE6 /* Resources */ = {
			isa = PBXResourcesBuildPhase;
			buildActionMask = 2147483647;
			files = (
			);
			runOnlyForDeploymentPostprocessing = 0;
		};
		017A14581F13109E004E9EE6 /* Resources */ = {
			isa = PBXResourcesBuildPhase;
			buildActionMask = 2147483647;
			files = (
			);
			runOnlyForDeploymentPostprocessing = 0;
		};
/* End PBXResourcesBuildPhase section */

/* Begin PBXSourcesBuildPhase section */
		017A14371F13109D004E9EE6 /* Sources */ = {
			isa = PBXSourcesBuildPhase;
			buildActionMask = 2147483647;
			files = (
				745CCABF243267F100183977 /* GitHubFile.swift in Sources */,
				745CCA612432534900183977 /* GitHubParserOperation.swift in Sources */,
				745CCA432432519700183977 /* String+Extensions.swift in Sources */,
				749C8C1D24380CDB006C570B /* GitHubPR+CoreDataProperties.swift in Sources */,
				7488C51D245D9CF700700F63 /* MasterCoordinator.swift in Sources */,
				74B922FB244FBB5500A6DD7A /* Agent.swift in Sources */,
				745CCA702432538200183977 /* GitHubParser.swift in Sources */,
				7499FCBE24367BB3002B2AF4 /* GitHubPREntityService.swift in Sources */,
				745CCA5A2432532700183977 /* PRDiffDataSource.swift in Sources */,
				7488C51B245D9C2600700F63 /* AppCoordinator.swift in Sources */,
				7499FCAF24367431002B2AF4 /* GitHubUserEntity.swift in Sources */,
				74B922F9244FBB3600A6DD7A /* GithubAPI.swift in Sources */,
				7499FCB324367591002B2AF4 /* BaseDaoService.swift in Sources */,
				7499FCAD24367425002B2AF4 /* GitHubPREntity.swift in Sources */,
				749C8C202438F7CA006C570B /* GitHubUserEntityDaoService.swift in Sources */,
				74EA8F052458721B00A50A38 /* PRListTable.swift in Sources */,
				7499FCA924367306002B2AF4 /* CoreDataStoreCoordinator.swift in Sources */,
				745CCABA2432673400183977 /* GitHubUserResponse.swift in Sources */,
				017A143F1F13109E004E9EE6 /* AppDelegate.swift in Sources */,
				745CCAB82432652600183977 /* GitHubPRResponse.swift in Sources */,
				7499FCBA2436779C002B2AF4 /* GitHubPREntityDaoService.swift in Sources */,
				745CCA6F2432538200183977 /* AppUtility.swift in Sources */,
				7499FCA324365AF3002B2AF4 /* Sorted.swift in Sources */,
				745CCA5B2432532700183977 /* PRListDataSource.swift in Sources */,
				745877D124578C9200E6E078 /* PRListViewModel.swift in Sources */,
				7488C51F245DECF800700F63 /* Services.swift in Sources */,
				7499FCAB243673AC002B2AF4 /* Mappable.swift in Sources */,
				749C8C1E24380CDB006C570B /* GitHubUser+CoreDataProperties.swift in Sources */,
				745CCA6D2432538200183977 /* FileDiffTableViewCell.swift in Sources */,
				745CCA632432534900183977 /* BaseOperation.swift in Sources */,
				745877CF24574C2B00E6E078 /* SceneDelegate.swift in Sources */,
				7499FC9D24365A45002B2AF4 /* StorageContext.swift in Sources */,
				745CCA422432519700183977 /* UIStackView+Extensions.swift in Sources */,
				745CCA7B2432542300183977 /* PRListViewController.swift in Sources */,
				74EA8F0C2459F72400A50A38 /* PRDiffTable.swift in Sources */,
				745CCAC92432682900183977 /* filediff.xcdatamodeld in Sources */,
				745CCAB32432628100183977 /* Datastore.swift in Sources */,
				745CCA522432520800183977 /* FileDiffQueue.swift in Sources */,
				745CCACA2432682900183977 /* GitHubUser+CoreDataClass.swift in Sources */,
				7499FC9F24365A6D002B2AF4 /* Storable.swift in Sources */,
				745CCA552432520800183977 /* HttpClient.swift in Sources */,
				745CCAC82432682900183977 /* GitHubPR+CoreDataClass.swift in Sources */,
				745877DD2457935600E6E078 /* MainCoordinator.swift in Sources */,
				745CCA6E2432538200183977 /* PRTableViewCell.swift in Sources */,
				7499FCB124367453002B2AF4 /* DomainBaseEntity.swift in Sources */,
				7499FCA124365AD3002B2AF4 /* ConfigurationType.swift in Sources */,
				745877DB2457933A00E6E078 /* Coordinator.swift in Sources */,
				745CCA412432519700183977 /* Array+Extensions.swift in Sources */,
				745CCABE243267F100183977 /* GitHubIdentifible.swift in Sources */,
				745CCA622432534900183977 /* SyncPRDiffOperation.swift in Sources */,
				745877D72457920E00E6E078 /* PRDiffViewModel.swift in Sources */,
				745CCAB5243262AB00183977 /* DatastoreCoreData.swift in Sources */,
				745CCA452432519700183977 /* UIViewController+Extensions.swift in Sources */,
				745CCA642432534900183977 /* SyncPRsOperation.swift in Sources */,
				745CCA542432520800183977 /* HTTPRequest.swift in Sources */,
				745CCA7A2432542300183977 /* PRDiffViewController.swift in Sources */,
				745CCA532432520800183977 /* GitHubService.swift in Sources */,
				7499FCA5243671AD002B2AF4 /* CoreDataStorageContext.swift in Sources */,
				74BE5B46245CB45100C9D75C /* DBManager.swift in Sources */,
				745CCA7C2432542300183977 /* PRDetailsViewController.swift in Sources */,
			);
			runOnlyForDeploymentPostprocessing = 0;
		};
		017A144B1F13109E004E9EE6 /* Sources */ = {
			isa = PBXSourcesBuildPhase;
			buildActionMask = 2147483647;
			files = (
				7488C525245DFAE600700F63 /* PRListDataSourceTests.swift in Sources */,
				7488C527245DFB3A00700F63 /* MockGitHubPREntityServicable.swift in Sources */,
			);
			runOnlyForDeploymentPostprocessing = 0;
		};
		017A14561F13109E004E9EE6 /* Sources */ = {
			isa = PBXSourcesBuildPhase;
			buildActionMask = 2147483647;
			files = (
				017A145F1F13109E004E9EE6 /* filediffUITests.swift in Sources */,
			);
			runOnlyForDeploymentPostprocessing = 0;
		};
/* End PBXSourcesBuildPhase section */

/* Begin PBXTargetDependency section */
		017A14511F13109E004E9EE6 /* PBXTargetDependency */ = {
			isa = PBXTargetDependency;
			target = 017A143A1F13109D004E9EE6 /* PR Diff Tool */;
			targetProxy = 017A14501F13109E004E9EE6 /* PBXContainerItemProxy */;
		};
		017A145C1F13109E004E9EE6 /* PBXTargetDependency */ = {
			isa = PBXTargetDependency;
			target = 017A143A1F13109D004E9EE6 /* PR Diff Tool */;
			targetProxy = 017A145B1F13109E004E9EE6 /* PBXContainerItemProxy */;
		};
/* End PBXTargetDependency section */

/* Begin PBXVariantGroup section */
		017A14471F13109E004E9EE6 /* LaunchScreen.storyboard */ = {
			isa = PBXVariantGroup;
			children = (
				017A14481F13109E004E9EE6 /* Base */,
				748F40EA245B610500B23E52 /* es */,
				748F40EC245B611B00B23E52 /* en */,
			);
			name = LaunchScreen.storyboard;
			sourceTree = "<group>";
		};
		748F40F1245B617100B23E52 /* Localizable.strings */ = {
			isa = PBXVariantGroup;
			children = (
				748F40F0245B617100B23E52 /* en */,
				748F40F2245B617300B23E52 /* es */,
			);
			name = Localizable.strings;
			sourceTree = "<group>";
		};
/* End PBXVariantGroup section */

/* Begin XCBuildConfiguration section */
		017A14611F13109E004E9EE6 /* Debug */ = {
			isa = XCBuildConfiguration;
			buildSettings = {
				ALWAYS_SEARCH_USER_PATHS = NO;
				CLANG_ANALYZER_LOCALIZABILITY_NONLOCALIZED = YES;
				CLANG_ANALYZER_NONNULL = YES;
				CLANG_ANALYZER_NUMBER_OBJECT_CONVERSION = YES_AGGRESSIVE;
				CLANG_CXX_LANGUAGE_STANDARD = "gnu++0x";
				CLANG_CXX_LIBRARY = "libc++";
				CLANG_ENABLE_MODULES = YES;
				CLANG_ENABLE_OBJC_ARC = YES;
				CLANG_WARN_BLOCK_CAPTURE_AUTORELEASING = YES;
				CLANG_WARN_BOOL_CONVERSION = YES;
				CLANG_WARN_COMMA = YES;
				CLANG_WARN_CONSTANT_CONVERSION = YES;
				CLANG_WARN_DEPRECATED_OBJC_IMPLEMENTATIONS = YES;
				CLANG_WARN_DIRECT_OBJC_ISA_USAGE = YES_ERROR;
				CLANG_WARN_DOCUMENTATION_COMMENTS = YES;
				CLANG_WARN_EMPTY_BODY = YES;
				CLANG_WARN_ENUM_CONVERSION = YES;
				CLANG_WARN_INFINITE_RECURSION = YES;
				CLANG_WARN_INT_CONVERSION = YES;
				CLANG_WARN_NON_LITERAL_NULL_CONVERSION = YES;
				CLANG_WARN_OBJC_IMPLICIT_RETAIN_SELF = YES;
				CLANG_WARN_OBJC_LITERAL_CONVERSION = YES;
				CLANG_WARN_OBJC_ROOT_CLASS = YES_ERROR;
				CLANG_WARN_RANGE_LOOP_ANALYSIS = YES;
				CLANG_WARN_STRICT_PROTOTYPES = YES;
				CLANG_WARN_SUSPICIOUS_MOVE = YES;
				CLANG_WARN_UNREACHABLE_CODE = YES;
				CLANG_WARN__DUPLICATE_METHOD_MATCH = YES;
				"CODE_SIGN_IDENTITY[sdk=iphoneos*]" = "iPhone Developer";
				COPY_PHASE_STRIP = NO;
				DEBUG_INFORMATION_FORMAT = dwarf;
				ENABLE_STRICT_OBJC_MSGSEND = YES;
				ENABLE_TESTABILITY = YES;
				GCC_C_LANGUAGE_STANDARD = gnu99;
				GCC_DYNAMIC_NO_PIC = NO;
				GCC_NO_COMMON_BLOCKS = YES;
				GCC_OPTIMIZATION_LEVEL = 0;
				GCC_PREPROCESSOR_DEFINITIONS = (
					"DEBUG=1",
					"$(inherited)",
				);
				GCC_WARN_64_TO_32_BIT_CONVERSION = YES;
				GCC_WARN_ABOUT_RETURN_TYPE = YES_ERROR;
				GCC_WARN_UNDECLARED_SELECTOR = YES;
				GCC_WARN_UNINITIALIZED_AUTOS = YES_AGGRESSIVE;
				GCC_WARN_UNUSED_FUNCTION = YES;
				GCC_WARN_UNUSED_VARIABLE = YES;
				IPHONEOS_DEPLOYMENT_TARGET = 13.0;
				MTL_ENABLE_DEBUG_INFO = YES;
				ONLY_ACTIVE_ARCH = YES;
				SDKROOT = iphoneos;
				SWIFT_ACTIVE_COMPILATION_CONDITIONS = DEBUG;
				SWIFT_OPTIMIZATION_LEVEL = "-Onone";
				TARGETED_DEVICE_FAMILY = "1,2";
			};
			name = Debug;
		};
		017A14621F13109E004E9EE6 /* Release */ = {
			isa = XCBuildConfiguration;
			buildSettings = {
				ALWAYS_SEARCH_USER_PATHS = NO;
				CLANG_ANALYZER_LOCALIZABILITY_NONLOCALIZED = YES;
				CLANG_ANALYZER_NONNULL = YES;
				CLANG_ANALYZER_NUMBER_OBJECT_CONVERSION = YES_AGGRESSIVE;
				CLANG_CXX_LANGUAGE_STANDARD = "gnu++0x";
				CLANG_CXX_LIBRARY = "libc++";
				CLANG_ENABLE_MODULES = YES;
				CLANG_ENABLE_OBJC_ARC = YES;
				CLANG_WARN_BLOCK_CAPTURE_AUTORELEASING = YES;
				CLANG_WARN_BOOL_CONVERSION = YES;
				CLANG_WARN_COMMA = YES;
				CLANG_WARN_CONSTANT_CONVERSION = YES;
				CLANG_WARN_DEPRECATED_OBJC_IMPLEMENTATIONS = YES;
				CLANG_WARN_DIRECT_OBJC_ISA_USAGE = YES_ERROR;
				CLANG_WARN_DOCUMENTATION_COMMENTS = YES;
				CLANG_WARN_EMPTY_BODY = YES;
				CLANG_WARN_ENUM_CONVERSION = YES;
				CLANG_WARN_INFINITE_RECURSION = YES;
				CLANG_WARN_INT_CONVERSION = YES;
				CLANG_WARN_NON_LITERAL_NULL_CONVERSION = YES;
				CLANG_WARN_OBJC_IMPLICIT_RETAIN_SELF = YES;
				CLANG_WARN_OBJC_LITERAL_CONVERSION = YES;
				CLANG_WARN_OBJC_ROOT_CLASS = YES_ERROR;
				CLANG_WARN_RANGE_LOOP_ANALYSIS = YES;
				CLANG_WARN_STRICT_PROTOTYPES = YES;
				CLANG_WARN_SUSPICIOUS_MOVE = YES;
				CLANG_WARN_UNREACHABLE_CODE = YES;
				CLANG_WARN__DUPLICATE_METHOD_MATCH = YES;
				"CODE_SIGN_IDENTITY[sdk=iphoneos*]" = "iPhone Developer";
				COPY_PHASE_STRIP = NO;
				DEBUG_INFORMATION_FORMAT = "dwarf-with-dsym";
				ENABLE_NS_ASSERTIONS = NO;
				ENABLE_STRICT_OBJC_MSGSEND = YES;
				GCC_C_LANGUAGE_STANDARD = gnu99;
				GCC_NO_COMMON_BLOCKS = YES;
				GCC_WARN_64_TO_32_BIT_CONVERSION = YES;
				GCC_WARN_ABOUT_RETURN_TYPE = YES_ERROR;
				GCC_WARN_UNDECLARED_SELECTOR = YES;
				GCC_WARN_UNINITIALIZED_AUTOS = YES_AGGRESSIVE;
				GCC_WARN_UNUSED_FUNCTION = YES;
				GCC_WARN_UNUSED_VARIABLE = YES;
				IPHONEOS_DEPLOYMENT_TARGET = 13.0;
				MTL_ENABLE_DEBUG_INFO = NO;
				SDKROOT = iphoneos;
				SWIFT_OPTIMIZATION_LEVEL = "-Owholemodule";
				TARGETED_DEVICE_FAMILY = "1,2";
				VALIDATE_PRODUCT = YES;
			};
			name = Release;
		};
		017A14641F13109E004E9EE6 /* Debug */ = {
			isa = XCBuildConfiguration;
			buildSettings = {
				ASSETCATALOG_COMPILER_APPICON_NAME = AppIcon;
				CODE_SIGN_IDENTITY = "Apple Development";
				CODE_SIGN_STYLE = Automatic;
				CURRENT_PROJECT_VERSION = 2;
				DEVELOPMENT_TEAM = D3D8DSFWDT;
				INFOPLIST_FILE = filediff/Info.plist;
				LD_RUNPATH_SEARCH_PATHS = "$(inherited) @executable_path/Frameworks";
				MARKETING_VERSION = 1.1.0;
				PRODUCT_BUNDLE_IDENTIFIER = com.mferrojr.samples.filediff;
				PRODUCT_NAME = "PR Diff Tool";
				PROVISIONING_PROFILE_SPECIFIER = "";
				SWIFT_VERSION = 5.0;
			};
			name = Debug;
		};
		017A14651F13109E004E9EE6 /* Release */ = {
			isa = XCBuildConfiguration;
			buildSettings = {
				ASSETCATALOG_COMPILER_APPICON_NAME = AppIcon;
				CODE_SIGN_IDENTITY = "Apple Development";
				CODE_SIGN_STYLE = Automatic;
				CURRENT_PROJECT_VERSION = 2;
				DEVELOPMENT_TEAM = D3D8DSFWDT;
				INFOPLIST_FILE = filediff/Info.plist;
				LD_RUNPATH_SEARCH_PATHS = "$(inherited) @executable_path/Frameworks";
				MARKETING_VERSION = 1.1.0;
				PRODUCT_BUNDLE_IDENTIFIER = com.mferrojr.samples.filediff;
				PRODUCT_NAME = "PR Diff Tool";
				PROVISIONING_PROFILE_SPECIFIER = "";
				SWIFT_VERSION = 5.0;
			};
			name = Release;
		};
		017A14671F13109E004E9EE6 /* Debug */ = {
			isa = XCBuildConfiguration;
			buildSettings = {
				ALWAYS_EMBED_SWIFT_STANDARD_LIBRARIES = YES;
				BUNDLE_LOADER = "$(TEST_HOST)";
				DEVELOPMENT_TEAM = D3D8DSFWDT;
				INFOPLIST_FILE = filediffTests/Info.plist;
				LD_RUNPATH_SEARCH_PATHS = "$(inherited) @executable_path/Frameworks @loader_path/Frameworks";
				PRODUCT_BUNDLE_IDENTIFIER = com.procore.challenge.filediffTests;
				PRODUCT_NAME = "$(TARGET_NAME)";
				SWIFT_VERSION = 5.0;
				TEST_HOST = "$(BUILT_PRODUCTS_DIR)/PR Diff Tool.app/PR Diff Tool";
			};
			name = Debug;
		};
		017A14681F13109E004E9EE6 /* Release */ = {
			isa = XCBuildConfiguration;
			buildSettings = {
				ALWAYS_EMBED_SWIFT_STANDARD_LIBRARIES = YES;
				BUNDLE_LOADER = "$(TEST_HOST)";
				DEVELOPMENT_TEAM = D3D8DSFWDT;
				INFOPLIST_FILE = filediffTests/Info.plist;
				LD_RUNPATH_SEARCH_PATHS = "$(inherited) @executable_path/Frameworks @loader_path/Frameworks";
				PRODUCT_BUNDLE_IDENTIFIER = com.procore.challenge.filediffTests;
				PRODUCT_NAME = "$(TARGET_NAME)";
				SWIFT_VERSION = 5.0;
				TEST_HOST = "$(BUILT_PRODUCTS_DIR)/PR Diff Tool.app/PR Diff Tool";
			};
			name = Release;
		};
		017A146A1F13109E004E9EE6 /* Debug */ = {
			isa = XCBuildConfiguration;
			buildSettings = {
				ALWAYS_EMBED_SWIFT_STANDARD_LIBRARIES = YES;
				DEVELOPMENT_TEAM = D3D8DSFWDT;
				INFOPLIST_FILE = filediffUITests/Info.plist;
				LD_RUNPATH_SEARCH_PATHS = "$(inherited) @executable_path/Frameworks @loader_path/Frameworks";
				PRODUCT_BUNDLE_IDENTIFIER = com.procore.challenge.filediffUITests;
				PRODUCT_NAME = "$(TARGET_NAME)";
				PROVISIONING_PROFILE = "";
				SWIFT_VERSION = 5.0;
				TEST_TARGET_NAME = "PR Diff Tool";
			};
			name = Debug;
		};
		017A146B1F13109E004E9EE6 /* Release */ = {
			isa = XCBuildConfiguration;
			buildSettings = {
				ALWAYS_EMBED_SWIFT_STANDARD_LIBRARIES = YES;
				DEVELOPMENT_TEAM = D3D8DSFWDT;
				INFOPLIST_FILE = filediffUITests/Info.plist;
				LD_RUNPATH_SEARCH_PATHS = "$(inherited) @executable_path/Frameworks @loader_path/Frameworks";
				PRODUCT_BUNDLE_IDENTIFIER = com.procore.challenge.filediffUITests;
				PRODUCT_NAME = "$(TARGET_NAME)";
				PROVISIONING_PROFILE = "";
				SWIFT_VERSION = 5.0;
				TEST_TARGET_NAME = "PR Diff Tool";
			};
			name = Release;
		};
/* End XCBuildConfiguration section */

/* Begin XCConfigurationList section */
		017A14361F13109D004E9EE6 /* Build configuration list for PBXProject "PR Diff Tool" */ = {
			isa = XCConfigurationList;
			buildConfigurations = (
				017A14611F13109E004E9EE6 /* Debug */,
				017A14621F13109E004E9EE6 /* Release */,
			);
			defaultConfigurationIsVisible = 0;
			defaultConfigurationName = Release;
		};
		017A14631F13109E004E9EE6 /* Build configuration list for PBXNativeTarget "PR Diff Tool" */ = {
			isa = XCConfigurationList;
			buildConfigurations = (
				017A14641F13109E004E9EE6 /* Debug */,
				017A14651F13109E004E9EE6 /* Release */,
			);
			defaultConfigurationIsVisible = 0;
			defaultConfigurationName = Release;
		};
		017A14661F13109E004E9EE6 /* Build configuration list for PBXNativeTarget "PR Diff ToolTests" */ = {
			isa = XCConfigurationList;
			buildConfigurations = (
				017A14671F13109E004E9EE6 /* Debug */,
				017A14681F13109E004E9EE6 /* Release */,
			);
			defaultConfigurationIsVisible = 0;
			defaultConfigurationName = Release;
		};
		017A14691F13109E004E9EE6 /* Build configuration list for PBXNativeTarget "PR Diff ToolUITests" */ = {
			isa = XCConfigurationList;
			buildConfigurations = (
				017A146A1F13109E004E9EE6 /* Debug */,
				017A146B1F13109E004E9EE6 /* Release */,
			);
			defaultConfigurationIsVisible = 0;
			defaultConfigurationName = Release;
		};
/* End XCConfigurationList section */

/* Begin XCVersionGroup section */
		745CCAC32432682900183977 /* filediff.xcdatamodeld */ = {
			isa = XCVersionGroup;
			children = (
				745CCAC42432682900183977 /* filediff.xcdatamodel */,
			);
			currentVersion = 745CCAC42432682900183977 /* filediff.xcdatamodel */;
			path = filediff.xcdatamodeld;
			sourceTree = "<group>";
			versionGroupType = wrapper.xcdatamodel;
		};
/* End XCVersionGroup section */
	};
	rootObject = 017A14331F13109D004E9EE6 /* Project object */;
}
